// !$*UTF8*$!
{
	archiveVersion = 1;
	classes = {
	};
	objectVersion = 55;
	objects = {

/* Begin PBXBuildFile section */
		352D7A402787B211008FB939 /* LookAtBlockComponent.swift in Sources */ = {isa = PBXBuildFile; fileRef = 352D7A3F2787B211008FB939 /* LookAtBlockComponent.swift */; };
		352D7A422787B89B008FB939 /* SpriteNodeComponent.swift in Sources */ = {isa = PBXBuildFile; fileRef = 352D7A412787B89B008FB939 /* SpriteNodeComponent.swift */; };
		352D7A442787B90A008FB939 /* CrosshairHUDEntity.swift in Sources */ = {isa = PBXBuildFile; fileRef = 352D7A432787B90A008FB939 /* CrosshairHUDEntity.swift */; };
		352D7A462787BD70008FB939 /* CoreGraphicsUtils.swift in Sources */ = {isa = PBXBuildFile; fileRef = 352D7A452787BD70008FB939 /* CoreGraphicsUtils.swift */; };
		352D7A482787BF1C008FB939 /* MiniBlocksSceneView.swift in Sources */ = {isa = PBXBuildFile; fileRef = 352D7A472787BF1C008FB939 /* MiniBlocksSceneView.swift */; };
		35391BA7278BBAA400B22954 /* TextureBedrock.png in Resources */ = {isa = PBXBuildFile; fileRef = 35391BA6278BBAA400B22954 /* TextureBedrock.png */; };
		35391BAF278BC5A800B22954 /* AppDelegate.swift in Sources */ = {isa = PBXBuildFile; fileRef = 35391BAE278BC5A800B22954 /* AppDelegate.swift */; };
		35391BB8278BC5A900B22954 /* Assets.xcassets in Resources */ = {isa = PBXBuildFile; fileRef = 35391BB7278BC5A900B22954 /* Assets.xcassets */; };
		35391BBB278BC5A900B22954 /* LaunchScreen.storyboard in Resources */ = {isa = PBXBuildFile; fileRef = 35391BB9278BC5A900B22954 /* LaunchScreen.storyboard */; };
		35391BBF278BC5D800B22954 /* ChunkRegion.swift in Sources */ = {isa = PBXBuildFile; fileRef = 35EA35492788A8B00066DD82 /* ChunkRegion.swift */; };
		35391BC0278BC5D800B22954 /* BlockPos3.swift in Sources */ = {isa = PBXBuildFile; fileRef = 35A0C28527873D1100FA8570 /* BlockPos3.swift */; };
		35391BC1278BC5D800B22954 /* Vec3Protocol.swift in Sources */ = {isa = PBXBuildFile; fileRef = 35EA354D2788B3870066DD82 /* Vec3Protocol.swift */; };
		35391BC2278BC5D800B22954 /* GridIterator2.swift in Sources */ = {isa = PBXBuildFile; fileRef = 35EA352527889CBE0066DD82 /* GridIterator2.swift */; };
		35391BC3278BC5D800B22954 /* MathUtils.swift in Sources */ = {isa = PBXBuildFile; fileRef = 35EA35372788A09E0066DD82 /* MathUtils.swift */; };
		35391BC4278BC5D800B22954 /* BlockPos2.swift in Sources */ = {isa = PBXBuildFile; fileRef = 35A0C2A2278757A700FA8570 /* BlockPos2.swift */; };
		35391BC5278BC5D800B22954 /* Box.swift in Sources */ = {isa = PBXBuildFile; fileRef = 35A0C28727873D2900FA8570 /* Box.swift */; };
		35391BC6278BC5D800B22954 /* Throttler.swift in Sources */ = {isa = PBXBuildFile; fileRef = 35A0C297278753AE00FA8570 /* Throttler.swift */; };
		35391BC7278BC5D800B22954 /* SceneKitUtils.swift in Sources */ = {isa = PBXBuildFile; fileRef = 3546255727878798000489E8 /* SceneKitUtils.swift */; };
		35391BC8278BC5D800B22954 /* ChunkConstants.swift in Sources */ = {isa = PBXBuildFile; fileRef = 35EA352327889B560066DD82 /* ChunkConstants.swift */; };
		35391BC9278BC5D800B22954 /* ChunkPos.swift in Sources */ = {isa = PBXBuildFile; fileRef = 35EA352127889B200066DD82 /* ChunkPos.swift */; };
		35391BCA278BC5D800B22954 /* Vec2Protocol.swift in Sources */ = {isa = PBXBuildFile; fileRef = 35EA354B2788B1D30066DD82 /* Vec2Protocol.swift */; };
		35391BCB278BC5D800B22954 /* CoreGraphicsUtils.swift in Sources */ = {isa = PBXBuildFile; fileRef = 352D7A452787BD70008FB939 /* CoreGraphicsUtils.swift */; };
		35391BD7278BC5EE00B22954 /* LookAtBlockComponent.swift in Sources */ = {isa = PBXBuildFile; fileRef = 352D7A3F2787B211008FB939 /* LookAtBlockComponent.swift */; };
		35391BD8278BC5EE00B22954 /* PlayerGravityComponent.swift in Sources */ = {isa = PBXBuildFile; fileRef = 35A0C295278752E900FA8570 /* PlayerGravityComponent.swift */; };
		35391BD9278BC5EE00B22954 /* SceneNodeComponent.swift in Sources */ = {isa = PBXBuildFile; fileRef = 35A0C28B27873F1400FA8570 /* SceneNodeComponent.swift */; };
		35391BDA278BC5EE00B22954 /* SpriteNodeComponent.swift in Sources */ = {isa = PBXBuildFile; fileRef = 352D7A412787B89B008FB939 /* SpriteNodeComponent.swift */; };
		35391BDB278BC5EE00B22954 /* HeightAboveGroundComponent.swift in Sources */ = {isa = PBXBuildFile; fileRef = 35A0C2A827875EC400FA8570 /* HeightAboveGroundComponent.swift */; };
		35391BDC278BC5EE00B22954 /* WorldComponent.swift in Sources */ = {isa = PBXBuildFile; fileRef = 35A0C2A627875C7300FA8570 /* WorldComponent.swift */; };
		35391BDD278BC5EE00B22954 /* PlayerControlComponent.swift in Sources */ = {isa = PBXBuildFile; fileRef = 35A0C293278748EA00FA8570 /* PlayerControlComponent.swift */; };
		35391BDE278BC5EE00B22954 /* WorldLoadComponent.swift in Sources */ = {isa = PBXBuildFile; fileRef = 35EA3517278895750066DD82 /* WorldLoadComponent.swift */; };
		35391BDF278BC5EE00B22954 /* WorldAssociationComponent.swift in Sources */ = {isa = PBXBuildFile; fileRef = 35EA353D2788A57B0066DD82 /* WorldAssociationComponent.swift */; };
		35391BE0278BC5EE00B22954 /* WorldRetainComponent.swift in Sources */ = {isa = PBXBuildFile; fileRef = 35EA351B278895D60066DD82 /* WorldRetainComponent.swift */; };
		35391BE1278BC5F400B22954 /* WorldEntity.swift in Sources */ = {isa = PBXBuildFile; fileRef = 35A0C28927873DB300FA8570 /* WorldEntity.swift */; };
		35391BE2278BC5F400B22954 /* AmbientLightEntity.swift in Sources */ = {isa = PBXBuildFile; fileRef = 35D9E8A2278888190058F0E6 /* AmbientLightEntity.swift */; };
		35391BE3278BC5F400B22954 /* PlayerEntity.swift in Sources */ = {isa = PBXBuildFile; fileRef = 35A0C28F2787475600FA8570 /* PlayerEntity.swift */; };
		35391BE4278BC5F400B22954 /* SunEntity.swift in Sources */ = {isa = PBXBuildFile; fileRef = 35D9E8A0278887960058F0E6 /* SunEntity.swift */; };
		35391BE5278BC5F400B22954 /* CrosshairHUDEntity.swift in Sources */ = {isa = PBXBuildFile; fileRef = 352D7A432787B90A008FB939 /* CrosshairHUDEntity.swift */; };
		35391BE6278BC5F700B22954 /* MiniBlocksSceneView.swift in Sources */ = {isa = PBXBuildFile; fileRef = 352D7A472787BF1C008FB939 /* MiniBlocksSceneView.swift */; };
		35391BE7278BC5F700B22954 /* KeyCode.swift in Sources */ = {isa = PBXBuildFile; fileRef = 35E7F415278688180067F0F7 /* KeyCode.swift */; };
		35391BE8278BC5F700B22954 /* MiniBlocksViewController.swift in Sources */ = {isa = PBXBuildFile; fileRef = 35E7F40F278682D40067F0F7 /* MiniBlocksViewController.swift */; };
		35391BE9278BC5FB00B22954 /* MiniBlocksScene.scn in Resources */ = {isa = PBXBuildFile; fileRef = 35E7F40A278682C60067F0F7 /* MiniBlocksScene.scn */; };
		35391BEA278BC5FB00B22954 /* TextureLeaves.png in Resources */ = {isa = PBXBuildFile; fileRef = 35D8D9ED278B3F470056ACAA /* TextureLeaves.png */; };
		35391BEB278BC5FB00B22954 /* TextureStone.png in Resources */ = {isa = PBXBuildFile; fileRef = 3584BE272789BFE40037D0E0 /* TextureStone.png */; };
		35391BEC278BC5FB00B22954 /* TextureWater.png in Resources */ = {isa = PBXBuildFile; fileRef = 3584BE2A2789C1330037D0E0 /* TextureWater.png */; };
		35391BED278BC5FB00B22954 /* TextureGrass.png in Resources */ = {isa = PBXBuildFile; fileRef = 35E7F40B278682C60067F0F7 /* TextureGrass.png */; };
		35391BEE278BC5FB00B22954 /* TextureSand.png in Resources */ = {isa = PBXBuildFile; fileRef = 3584BE262789BFE40037D0E0 /* TextureSand.png */; };
		35391BEF278BC5FB00B22954 /* TextureWood.png in Resources */ = {isa = PBXBuildFile; fileRef = 35D8D9EB278B3D5A0056ACAA /* TextureWood.png */; };
		35391BF0278BC5FB00B22954 /* TextureBedrock.png in Resources */ = {isa = PBXBuildFile; fileRef = 35391BA6278BBAA400B22954 /* TextureBedrock.png */; };
		35391BF2278BC79A00B22954 /* SceneDelegate.swift in Sources */ = {isa = PBXBuildFile; fileRef = 35391BF1278BC79A00B22954 /* SceneDelegate.swift */; };
		35391BF4278BC8ED00B22954 /* CompatibilityLayer.swift in Sources */ = {isa = PBXBuildFile; fileRef = 35391BF3278BC8ED00B22954 /* CompatibilityLayer.swift */; };
		35391BF5278BC8ED00B22954 /* CompatibilityLayer.swift in Sources */ = {isa = PBXBuildFile; fileRef = 35391BF3278BC8ED00B22954 /* CompatibilityLayer.swift */; };
		3540751927F2A06300887E01 /* PauseHUDEntity.swift in Sources */ = {isa = PBXBuildFile; fileRef = 3540751827F2A06300887E01 /* PauseHUDEntity.swift */; };
		3540751A27F2A06300887E01 /* PauseHUDEntity.swift in Sources */ = {isa = PBXBuildFile; fileRef = 3540751827F2A06300887E01 /* PauseHUDEntity.swift */; };
		3540751C27F2A10A00887E01 /* PauseHUDNode.swift in Sources */ = {isa = PBXBuildFile; fileRef = 3540751B27F2A10A00887E01 /* PauseHUDNode.swift */; };
		3540751D27F2A10A00887E01 /* PauseHUDNode.swift in Sources */ = {isa = PBXBuildFile; fileRef = 3540751B27F2A10A00887E01 /* PauseHUDNode.swift */; };
		3540751F27F2A47D00887E01 /* NodeConstants.swift in Sources */ = {isa = PBXBuildFile; fileRef = 3540751E27F2A47D00887E01 /* NodeConstants.swift */; };
		3540752027F2A47D00887E01 /* NodeConstants.swift in Sources */ = {isa = PBXBuildFile; fileRef = 3540751E27F2A47D00887E01 /* NodeConstants.swift */; };
		3540752227F2A6EE00887E01 /* MouseCaptureVisibilityComponent.swift in Sources */ = {isa = PBXBuildFile; fileRef = 3540752127F2A6EE00887E01 /* MouseCaptureVisibilityComponent.swift */; };
		3540752327F2A6EE00887E01 /* MouseCaptureVisibilityComponent.swift in Sources */ = {isa = PBXBuildFile; fileRef = 3540752127F2A6EE00887E01 /* MouseCaptureVisibilityComponent.swift */; };
		3546255827878798000489E8 /* SceneKitUtils.swift in Sources */ = {isa = PBXBuildFile; fileRef = 3546255727878798000489E8 /* SceneKitUtils.swift */; };
		355006CB27A0BECD0021A0BE /* DebugHUDEntity.swift in Sources */ = {isa = PBXBuildFile; fileRef = 355006CA27A0BECD0021A0BE /* DebugHUDEntity.swift */; };
		355006CC27A0BECD0021A0BE /* DebugHUDEntity.swift in Sources */ = {isa = PBXBuildFile; fileRef = 355006CA27A0BECD0021A0BE /* DebugHUDEntity.swift */; };
		355006CE27A0C0710021A0BE /* DebugHUDLoadComponent.swift in Sources */ = {isa = PBXBuildFile; fileRef = 355006CD27A0C0710021A0BE /* DebugHUDLoadComponent.swift */; };
		355006CF27A0C0710021A0BE /* DebugHUDLoadComponent.swift in Sources */ = {isa = PBXBuildFile; fileRef = 355006CD27A0C0710021A0BE /* DebugHUDLoadComponent.swift */; };
		3554CAF927F50578000EE620 /* Achievements.swift in Sources */ = {isa = PBXBuildFile; fileRef = 3554CAF827F50578000EE620 /* Achievements.swift */; };
		3554CAFA27F50578000EE620 /* Achievements.swift in Sources */ = {isa = PBXBuildFile; fileRef = 3554CAF827F50578000EE620 /* Achievements.swift */; };
		3554CAFD27F5096A000EE620 /* AchievementsTests.swift in Sources */ = {isa = PBXBuildFile; fileRef = 3554CAFC27F5096A000EE620 /* AchievementsTests.swift */; };
		3554CAFF27F51B36000EE620 /* AchievementHUDNode.swift in Sources */ = {isa = PBXBuildFile; fileRef = 3554CAFE27F51B36000EE620 /* AchievementHUDNode.swift */; };
		3554CB0027F51B36000EE620 /* AchievementHUDNode.swift in Sources */ = {isa = PBXBuildFile; fileRef = 3554CAFE27F51B36000EE620 /* AchievementHUDNode.swift */; };
		3554CB0227F51D84000EE620 /* AchievementHUDEntity.swift in Sources */ = {isa = PBXBuildFile; fileRef = 3554CB0127F51D84000EE620 /* AchievementHUDEntity.swift */; };
		3554CB0327F51D84000EE620 /* AchievementHUDEntity.swift in Sources */ = {isa = PBXBuildFile; fileRef = 3554CB0127F51D84000EE620 /* AchievementHUDEntity.swift */; };
		3554CB0527F51F0E000EE620 /* AchievementHUDLoadComponent.swift in Sources */ = {isa = PBXBuildFile; fileRef = 3554CB0427F51F0E000EE620 /* AchievementHUDLoadComponent.swift */; };
		3554CB0627F51F0E000EE620 /* AchievementHUDLoadComponent.swift in Sources */ = {isa = PBXBuildFile; fileRef = 3554CB0427F51F0E000EE620 /* AchievementHUDLoadComponent.swift */; };
		357214412795747A003C640F /* GameMode.swift in Sources */ = {isa = PBXBuildFile; fileRef = 357214402795747A003C640F /* GameMode.swift */; };
		35721442279577C7003C640F /* GameMode.swift in Sources */ = {isa = PBXBuildFile; fileRef = 357214402795747A003C640F /* GameMode.swift */; };
		3572144727957961003C640F /* Vec2.swift in Sources */ = {isa = PBXBuildFile; fileRef = 3572144627957961003C640F /* Vec2.swift */; };
		3572144827957961003C640F /* Vec2.swift in Sources */ = {isa = PBXBuildFile; fileRef = 3572144627957961003C640F /* Vec2.swift */; };
		3572144A27957970003C640F /* Vec3.swift in Sources */ = {isa = PBXBuildFile; fileRef = 3572144927957970003C640F /* Vec3.swift */; };
		3572144B27957970003C640F /* Vec3.swift in Sources */ = {isa = PBXBuildFile; fileRef = 3572144927957970003C640F /* Vec3.swift */; };
		3572144D27957B11003C640F /* Vec2Convertible.swift in Sources */ = {isa = PBXBuildFile; fileRef = 3572144C27957B11003C640F /* Vec2Convertible.swift */; };
		3572144E27957B11003C640F /* Vec2Convertible.swift in Sources */ = {isa = PBXBuildFile; fileRef = 3572144C27957B11003C640F /* Vec2Convertible.swift */; };
		3572145027957B56003C640F /* Vec3Convertible.swift in Sources */ = {isa = PBXBuildFile; fileRef = 3572144F27957B56003C640F /* Vec3Convertible.swift */; };
		3572145127957B56003C640F /* Vec3Convertible.swift in Sources */ = {isa = PBXBuildFile; fileRef = 3572144F27957B56003C640F /* Vec3Convertible.swift */; };
		3572145327958172003C640F /* PlayerPositioningComponent.swift in Sources */ = {isa = PBXBuildFile; fileRef = 3572145227958172003C640F /* PlayerPositioningComponent.swift */; };
		3572145427958172003C640F /* PlayerPositioningComponent.swift in Sources */ = {isa = PBXBuildFile; fileRef = 3572145227958172003C640F /* PlayerPositioningComponent.swift */; };
		357EB0CC279640B00004CA6E /* Debouncer.swift in Sources */ = {isa = PBXBuildFile; fileRef = 357EB0CB279640B00004CA6E /* Debouncer.swift */; };
		357EB0CD279640B00004CA6E /* Debouncer.swift in Sources */ = {isa = PBXBuildFile; fileRef = 357EB0CB279640B00004CA6E /* Debouncer.swift */; };
		357EB0CF279643720004CA6E /* ThrottlerTests.swift in Sources */ = {isa = PBXBuildFile; fileRef = 357EB0CE279643720004CA6E /* ThrottlerTests.swift */; };
		357EB0D1279644820004CA6E /* DebouncerTests.swift in Sources */ = {isa = PBXBuildFile; fileRef = 357EB0D0279644820004CA6E /* DebouncerTests.swift */; };
		3584BE282789BFE40037D0E0 /* TextureSand.png in Resources */ = {isa = PBXBuildFile; fileRef = 3584BE262789BFE40037D0E0 /* TextureSand.png */; };
		3584BE292789BFE40037D0E0 /* TextureStone.png in Resources */ = {isa = PBXBuildFile; fileRef = 3584BE272789BFE40037D0E0 /* TextureStone.png */; };
		3584BE2B2789C1330037D0E0 /* TextureWater.png in Resources */ = {isa = PBXBuildFile; fileRef = 3584BE2A2789C1330037D0E0 /* TextureWater.png */; };
		35A0C28627873D1100FA8570 /* BlockPos3.swift in Sources */ = {isa = PBXBuildFile; fileRef = 35A0C28527873D1100FA8570 /* BlockPos3.swift */; };
		35A0C28827873D2900FA8570 /* Box.swift in Sources */ = {isa = PBXBuildFile; fileRef = 35A0C28727873D2900FA8570 /* Box.swift */; };
		35A0C28A27873DB300FA8570 /* WorldEntity.swift in Sources */ = {isa = PBXBuildFile; fileRef = 35A0C28927873DB300FA8570 /* WorldEntity.swift */; };
		35A0C28C27873F1400FA8570 /* SceneNodeComponent.swift in Sources */ = {isa = PBXBuildFile; fileRef = 35A0C28B27873F1400FA8570 /* SceneNodeComponent.swift */; };
		35A0C2902787475600FA8570 /* PlayerEntity.swift in Sources */ = {isa = PBXBuildFile; fileRef = 35A0C28F2787475600FA8570 /* PlayerEntity.swift */; };
		35A0C294278748EA00FA8570 /* PlayerControlComponent.swift in Sources */ = {isa = PBXBuildFile; fileRef = 35A0C293278748EA00FA8570 /* PlayerControlComponent.swift */; };
		35A0C296278752E900FA8570 /* PlayerGravityComponent.swift in Sources */ = {isa = PBXBuildFile; fileRef = 35A0C295278752E900FA8570 /* PlayerGravityComponent.swift */; };
		35A0C298278753AE00FA8570 /* Throttler.swift in Sources */ = {isa = PBXBuildFile; fileRef = 35A0C297278753AE00FA8570 /* Throttler.swift */; };
		35A0C2A3278757A700FA8570 /* BlockPos2.swift in Sources */ = {isa = PBXBuildFile; fileRef = 35A0C2A2278757A700FA8570 /* BlockPos2.swift */; };
		35A0C2A727875C7300FA8570 /* WorldComponent.swift in Sources */ = {isa = PBXBuildFile; fileRef = 35A0C2A627875C7300FA8570 /* WorldComponent.swift */; };
		35A0C2A927875EC400FA8570 /* HeightAboveGroundComponent.swift in Sources */ = {isa = PBXBuildFile; fileRef = 35A0C2A827875EC400FA8570 /* HeightAboveGroundComponent.swift */; };
		35A1C69D27FD399300A2EF76 /* GameControllerUtils.swift in Sources */ = {isa = PBXBuildFile; fileRef = 35A1C69C27FD399300A2EF76 /* GameControllerUtils.swift */; };
		35A1C69E27FD399300A2EF76 /* GameControllerUtils.swift in Sources */ = {isa = PBXBuildFile; fileRef = 35A1C69C27FD399300A2EF76 /* GameControllerUtils.swift */; };
		35A5551C278C3AE0006FA70D /* World.swift in Sources */ = {isa = PBXBuildFile; fileRef = 35A5550F278C3AE0006FA70D /* World.swift */; };
		35A5551D278C3AE0006FA70D /* World.swift in Sources */ = {isa = PBXBuildFile; fileRef = 35A5550F278C3AE0006FA70D /* World.swift */; };
		35A5551E278C3AE0006FA70D /* Strip.swift in Sources */ = {isa = PBXBuildFile; fileRef = 35A55510278C3AE0006FA70D /* Strip.swift */; };
		35A5551F278C3AE0006FA70D /* Strip.swift in Sources */ = {isa = PBXBuildFile; fileRef = 35A55510278C3AE0006FA70D /* Strip.swift */; };
		35A55520278C3AE0006FA70D /* Block.swift in Sources */ = {isa = PBXBuildFile; fileRef = 35A55511278C3AE0006FA70D /* Block.swift */; };
		35A55521278C3AE0006FA70D /* Block.swift in Sources */ = {isa = PBXBuildFile; fileRef = 35A55511278C3AE0006FA70D /* Block.swift */; };
		35A55522278C3AE0006FA70D /* BlockType.swift in Sources */ = {isa = PBXBuildFile; fileRef = 35A55512278C3AE0006FA70D /* BlockType.swift */; };
		35A55523278C3AE0006FA70D /* BlockType.swift in Sources */ = {isa = PBXBuildFile; fileRef = 35A55512278C3AE0006FA70D /* BlockType.swift */; };
		35A55524278C3AE0006FA70D /* WorldGenerator.swift in Sources */ = {isa = PBXBuildFile; fileRef = 35A55513278C3AE0006FA70D /* WorldGenerator.swift */; };
		35A55525278C3AE0006FA70D /* WorldGenerator.swift in Sources */ = {isa = PBXBuildFile; fileRef = 35A55513278C3AE0006FA70D /* WorldGenerator.swift */; };
		35A55526278C3AE0006FA70D /* NatureWorldGenerator.swift in Sources */ = {isa = PBXBuildFile; fileRef = 35A55514278C3AE0006FA70D /* NatureWorldGenerator.swift */; };
		35A55527278C3AE0006FA70D /* NatureWorldGenerator.swift in Sources */ = {isa = PBXBuildFile; fileRef = 35A55514278C3AE0006FA70D /* NatureWorldGenerator.swift */; };
		35A55528278C3AE0006FA70D /* EmptyWorldGenerator.swift in Sources */ = {isa = PBXBuildFile; fileRef = 35A55515278C3AE0006FA70D /* EmptyWorldGenerator.swift */; };
		35A55529278C3AE0006FA70D /* EmptyWorldGenerator.swift in Sources */ = {isa = PBXBuildFile; fileRef = 35A55515278C3AE0006FA70D /* EmptyWorldGenerator.swift */; };
		35A5552A278C3AE0006FA70D /* WavyHillsWorldGenerator.swift in Sources */ = {isa = PBXBuildFile; fileRef = 35A55516278C3AE0006FA70D /* WavyHillsWorldGenerator.swift */; };
		35A5552B278C3AE0006FA70D /* WavyHillsWorldGenerator.swift in Sources */ = {isa = PBXBuildFile; fileRef = 35A55516278C3AE0006FA70D /* WavyHillsWorldGenerator.swift */; };
		35A5552C278C3AE0006FA70D /* Item.swift in Sources */ = {isa = PBXBuildFile; fileRef = 35A55517278C3AE0006FA70D /* Item.swift */; };
		35A5552D278C3AE0006FA70D /* Item.swift in Sources */ = {isa = PBXBuildFile; fileRef = 35A55517278C3AE0006FA70D /* Item.swift */; };
		35A5552E278C3AE0006FA70D /* FlatWorldGenerator.swift in Sources */ = {isa = PBXBuildFile; fileRef = 35A55518278C3AE0006FA70D /* FlatWorldGenerator.swift */; };
		35A5552F278C3AE0006FA70D /* FlatWorldGenerator.swift in Sources */ = {isa = PBXBuildFile; fileRef = 35A55518278C3AE0006FA70D /* FlatWorldGenerator.swift */; };
		35A55530278C3AE0006FA70D /* WorldGeneratorType.swift in Sources */ = {isa = PBXBuildFile; fileRef = 35A55519278C3AE0006FA70D /* WorldGeneratorType.swift */; };
		35A55531278C3AE0006FA70D /* WorldGeneratorType.swift in Sources */ = {isa = PBXBuildFile; fileRef = 35A55519278C3AE0006FA70D /* WorldGeneratorType.swift */; };
		35A55532278C3AE0006FA70D /* ItemType.swift in Sources */ = {isa = PBXBuildFile; fileRef = 35A5551A278C3AE0006FA70D /* ItemType.swift */; };
		35A55533278C3AE0006FA70D /* ItemType.swift in Sources */ = {isa = PBXBuildFile; fileRef = 35A5551A278C3AE0006FA70D /* ItemType.swift */; };
		35A55534278C3AE0006FA70D /* OceanWorldGenerator.swift in Sources */ = {isa = PBXBuildFile; fileRef = 35A5551B278C3AE0006FA70D /* OceanWorldGenerator.swift */; };
		35A55535278C3AE0006FA70D /* OceanWorldGenerator.swift in Sources */ = {isa = PBXBuildFile; fileRef = 35A5551B278C3AE0006FA70D /* OceanWorldGenerator.swift */; };
		35A55537278C3B42006FA70D /* Inventory.swift in Sources */ = {isa = PBXBuildFile; fileRef = 35A55536278C3B42006FA70D /* Inventory.swift */; };
		35A55538278C3B42006FA70D /* Inventory.swift in Sources */ = {isa = PBXBuildFile; fileRef = 35A55536278C3B42006FA70D /* Inventory.swift */; };
		35A5553A278C3CA5006FA70D /* PlayerInfo.swift in Sources */ = {isa = PBXBuildFile; fileRef = 35A55539278C3CA5006FA70D /* PlayerInfo.swift */; };
		35A5553B278C3CA5006FA70D /* PlayerInfo.swift in Sources */ = {isa = PBXBuildFile; fileRef = 35A55539278C3CA5006FA70D /* PlayerInfo.swift */; };
		35A5553D278C3DB6006FA70D /* NameComponent.swift in Sources */ = {isa = PBXBuildFile; fileRef = 35A5553C278C3DB6006FA70D /* NameComponent.swift */; };
		35A5553E278C3DB6006FA70D /* NameComponent.swift in Sources */ = {isa = PBXBuildFile; fileRef = 35A5553C278C3DB6006FA70D /* NameComponent.swift */; };
		35A55540278C3EBF006FA70D /* HotbarHUDEntity.swift in Sources */ = {isa = PBXBuildFile; fileRef = 35A5553F278C3EBF006FA70D /* HotbarHUDEntity.swift */; };
		35A55541278C3EBF006FA70D /* HotbarHUDEntity.swift in Sources */ = {isa = PBXBuildFile; fileRef = 35A5553F278C3EBF006FA70D /* HotbarHUDEntity.swift */; };
		35A55546278C408C006FA70D /* ItemStack.swift in Sources */ = {isa = PBXBuildFile; fileRef = 35A55545278C408C006FA70D /* ItemStack.swift */; };
		35A55547278C408C006FA70D /* ItemStack.swift in Sources */ = {isa = PBXBuildFile; fileRef = 35A55545278C408C006FA70D /* ItemStack.swift */; };
		35A55549278C421C006FA70D /* PlayerAssocationComponent.swift in Sources */ = {isa = PBXBuildFile; fileRef = 35A55548278C421C006FA70D /* PlayerAssocationComponent.swift */; };
		35A5554A278C421C006FA70D /* PlayerAssocationComponent.swift in Sources */ = {isa = PBXBuildFile; fileRef = 35A55548278C421C006FA70D /* PlayerAssocationComponent.swift */; };
		35A55556278C4806006FA70D /* CrosshairHUDNode.swift in Sources */ = {isa = PBXBuildFile; fileRef = 35A55555278C4806006FA70D /* CrosshairHUDNode.swift */; };
		35A55557278C4806006FA70D /* CrosshairHUDNode.swift in Sources */ = {isa = PBXBuildFile; fileRef = 35A55555278C4806006FA70D /* CrosshairHUDNode.swift */; };
		35A55559278C4868006FA70D /* BlockNode.swift in Sources */ = {isa = PBXBuildFile; fileRef = 35A55558278C4868006FA70D /* BlockNode.swift */; };
		35A5555A278C4868006FA70D /* BlockNode.swift in Sources */ = {isa = PBXBuildFile; fileRef = 35A55558278C4868006FA70D /* BlockNode.swift */; };
		35A5555C278C497F006FA70D /* ItemNode.swift in Sources */ = {isa = PBXBuildFile; fileRef = 35A5555B278C497F006FA70D /* ItemNode.swift */; };
		35A5555D278C497F006FA70D /* ItemNode.swift in Sources */ = {isa = PBXBuildFile; fileRef = 35A5555B278C497F006FA70D /* ItemNode.swift */; };
		35A5555F278C4BEA006FA70D /* HotbarHUDSlotNode.swift in Sources */ = {isa = PBXBuildFile; fileRef = 35A5555E278C4BEA006FA70D /* HotbarHUDSlotNode.swift */; };
		35A55560278C4BEA006FA70D /* HotbarHUDSlotNode.swift in Sources */ = {isa = PBXBuildFile; fileRef = 35A5555E278C4BEA006FA70D /* HotbarHUDSlotNode.swift */; };
		35A55562278C4C2D006FA70D /* HotbarHUDLoadComponent.swift in Sources */ = {isa = PBXBuildFile; fileRef = 35A55561278C4C2D006FA70D /* HotbarHUDLoadComponent.swift */; };
		35A55563278C4C2D006FA70D /* HotbarHUDLoadComponent.swift in Sources */ = {isa = PBXBuildFile; fileRef = 35A55561278C4C2D006FA70D /* HotbarHUDLoadComponent.swift */; };
		35A55568278C5760006FA70D /* Wraparound.swift in Sources */ = {isa = PBXBuildFile; fileRef = 35A55567278C5760006FA70D /* Wraparound.swift */; };
		35A55569278C5760006FA70D /* Wraparound.swift in Sources */ = {isa = PBXBuildFile; fileRef = 35A55567278C5760006FA70D /* Wraparound.swift */; };
		35A5556B278C5829006FA70D /* InventoryConstants.swift in Sources */ = {isa = PBXBuildFile; fileRef = 35A5556A278C5829006FA70D /* InventoryConstants.swift */; };
		35A5556C278C5829006FA70D /* InventoryConstants.swift in Sources */ = {isa = PBXBuildFile; fileRef = 35A5556A278C5829006FA70D /* InventoryConstants.swift */; };
		35D8D9EC278B3D5A0056ACAA /* TextureWood.png in Resources */ = {isa = PBXBuildFile; fileRef = 35D8D9EB278B3D5A0056ACAA /* TextureWood.png */; };
		35D8D9EE278B3F470056ACAA /* TextureLeaves.png in Resources */ = {isa = PBXBuildFile; fileRef = 35D8D9ED278B3F470056ACAA /* TextureLeaves.png */; };
		35D9E8A1278887960058F0E6 /* SunEntity.swift in Sources */ = {isa = PBXBuildFile; fileRef = 35D9E8A0278887960058F0E6 /* SunEntity.swift */; };
		35D9E8A3278888190058F0E6 /* AmbientLightEntity.swift in Sources */ = {isa = PBXBuildFile; fileRef = 35D9E8A2278888190058F0E6 /* AmbientLightEntity.swift */; };
		35E7F3EA27867ED10067F0F7 /* AppDelegate.swift in Sources */ = {isa = PBXBuildFile; fileRef = 35E7F3E927867ED10067F0F7 /* AppDelegate.swift */; };
		35E7F3F027867ED20067F0F7 /* Assets.xcassets in Resources */ = {isa = PBXBuildFile; fileRef = 35E7F3EF27867ED20067F0F7 /* Assets.xcassets */; };
		35E7F40C278682C60067F0F7 /* MiniBlocksScene.scn in Resources */ = {isa = PBXBuildFile; fileRef = 35E7F40A278682C60067F0F7 /* MiniBlocksScene.scn */; };
		35E7F40D278682C60067F0F7 /* TextureGrass.png in Resources */ = {isa = PBXBuildFile; fileRef = 35E7F40B278682C60067F0F7 /* TextureGrass.png */; };
		35E7F410278682D40067F0F7 /* MiniBlocksViewController.swift in Sources */ = {isa = PBXBuildFile; fileRef = 35E7F40F278682D40067F0F7 /* MiniBlocksViewController.swift */; };
		35E7F412278683950067F0F7 /* main.swift in Sources */ = {isa = PBXBuildFile; fileRef = 35E7F411278683950067F0F7 /* main.swift */; };
		35E7F416278688180067F0F7 /* KeyCode.swift in Sources */ = {isa = PBXBuildFile; fileRef = 35E7F415278688180067F0F7 /* KeyCode.swift */; };
		35EA3518278895750066DD82 /* WorldLoadComponent.swift in Sources */ = {isa = PBXBuildFile; fileRef = 35EA3517278895750066DD82 /* WorldLoadComponent.swift */; };
		35EA351C278895D60066DD82 /* WorldRetainComponent.swift in Sources */ = {isa = PBXBuildFile; fileRef = 35EA351B278895D60066DD82 /* WorldRetainComponent.swift */; };
		35EA352227889B200066DD82 /* ChunkPos.swift in Sources */ = {isa = PBXBuildFile; fileRef = 35EA352127889B200066DD82 /* ChunkPos.swift */; };
		35EA352427889B560066DD82 /* ChunkConstants.swift in Sources */ = {isa = PBXBuildFile; fileRef = 35EA352327889B560066DD82 /* ChunkConstants.swift */; };
		35EA352627889CBE0066DD82 /* GridIterator2.swift in Sources */ = {isa = PBXBuildFile; fileRef = 35EA352527889CBE0066DD82 /* GridIterator2.swift */; };
		35EA353627889DD30066DD82 /* GridIterator2Tests.swift in Sources */ = {isa = PBXBuildFile; fileRef = 35EA353527889DD30066DD82 /* GridIterator2Tests.swift */; };
		35EA35382788A09E0066DD82 /* MathUtils.swift in Sources */ = {isa = PBXBuildFile; fileRef = 35EA35372788A09E0066DD82 /* MathUtils.swift */; };
		35EA353A2788A1BF0066DD82 /* MathUtilsTests.swift in Sources */ = {isa = PBXBuildFile; fileRef = 35EA35392788A1BF0066DD82 /* MathUtilsTests.swift */; };
		35EA353C2788A2520066DD82 /* ChunkPosTests.swift in Sources */ = {isa = PBXBuildFile; fileRef = 35EA353B2788A2520066DD82 /* ChunkPosTests.swift */; };
		35EA353E2788A57C0066DD82 /* WorldAssociationComponent.swift in Sources */ = {isa = PBXBuildFile; fileRef = 35EA353D2788A57B0066DD82 /* WorldAssociationComponent.swift */; };
		35EA354A2788A8B00066DD82 /* ChunkRegion.swift in Sources */ = {isa = PBXBuildFile; fileRef = 35EA35492788A8B00066DD82 /* ChunkRegion.swift */; };
		35EA354C2788B1D30066DD82 /* Vec2Protocol.swift in Sources */ = {isa = PBXBuildFile; fileRef = 35EA354B2788B1D30066DD82 /* Vec2Protocol.swift */; };
		35EA354E2788B3870066DD82 /* Vec3Protocol.swift in Sources */ = {isa = PBXBuildFile; fileRef = 35EA354D2788B3870066DD82 /* Vec3Protocol.swift */; };
		35F2680027F76AAC00CC458C /* HandLoadComponent.swift in Sources */ = {isa = PBXBuildFile; fileRef = 35F267FF27F76AAC00CC458C /* HandLoadComponent.swift */; };
		35F2680127F76AAC00CC458C /* HandLoadComponent.swift in Sources */ = {isa = PBXBuildFile; fileRef = 35F267FF27F76AAC00CC458C /* HandLoadComponent.swift */; };
		35F2680327F76C7D00CC458C /* HandNodeComponent.swift in Sources */ = {isa = PBXBuildFile; fileRef = 35F2680227F76C7D00CC458C /* HandNodeComponent.swift */; };
		35F2680427F76C7D00CC458C /* HandNodeComponent.swift in Sources */ = {isa = PBXBuildFile; fileRef = 35F2680227F76C7D00CC458C /* HandNodeComponent.swift */; };
		35FEC153278E6B1B00E2000E /* Deque.swift in Sources */ = {isa = PBXBuildFile; fileRef = 35FEC152278E6B1B00E2000E /* Deque.swift */; };
		35FEC154278E6B1B00E2000E /* Deque.swift in Sources */ = {isa = PBXBuildFile; fileRef = 35FEC152278E6B1B00E2000E /* Deque.swift */; };
		35FEC156278E6BD900E2000E /* CyclicDeque.swift in Sources */ = {isa = PBXBuildFile; fileRef = 35FEC155278E6BD900E2000E /* CyclicDeque.swift */; };
		35FEC157278E6BD900E2000E /* CyclicDeque.swift in Sources */ = {isa = PBXBuildFile; fileRef = 35FEC155278E6BD900E2000E /* CyclicDeque.swift */; };
		35FEC159278E700D00E2000E /* CyclicDequeTests.swift in Sources */ = {isa = PBXBuildFile; fileRef = 35FEC158278E700D00E2000E /* CyclicDequeTests.swift */; };
		35FEC15B278E76D900E2000E /* FIFOCache.swift in Sources */ = {isa = PBXBuildFile; fileRef = 35FEC15A278E76D900E2000E /* FIFOCache.swift */; };
		35FEC15C278E76D900E2000E /* FIFOCache.swift in Sources */ = {isa = PBXBuildFile; fileRef = 35FEC15A278E76D900E2000E /* FIFOCache.swift */; };
/* End PBXBuildFile section */

/* Begin PBXContainerItemProxy section */
		35EA352F27889DA10066DD82 /* PBXContainerItemProxy */ = {
			isa = PBXContainerItemProxy;
			containerPortal = 35E7F3DE27867ED10067F0F7 /* Project object */;
			proxyType = 1;
			remoteGlobalIDString = 35E7F3E527867ED10067F0F7;
			remoteInfo = MiniBlocks;
		};
/* End PBXContainerItemProxy section */

/* Begin PBXFileReference section */
		352D7A3F2787B211008FB939 /* LookAtBlockComponent.swift */ = {isa = PBXFileReference; lastKnownFileType = sourcecode.swift; name = LookAtBlockComponent.swift; path = ../../MiniBlocks.swiftpm/Sources/Component/LookAtBlockComponent.swift; sourceTree = "<group>"; };
		352D7A412787B89B008FB939 /* SpriteNodeComponent.swift */ = {isa = PBXFileReference; lastKnownFileType = sourcecode.swift; name = SpriteNodeComponent.swift; path = ../../MiniBlocks.swiftpm/Sources/Component/SpriteNodeComponent.swift; sourceTree = "<group>"; };
		352D7A432787B90A008FB939 /* CrosshairHUDEntity.swift */ = {isa = PBXFileReference; lastKnownFileType = sourcecode.swift; name = CrosshairHUDEntity.swift; path = ../../MiniBlocks.swiftpm/Sources/Entity/CrosshairHUDEntity.swift; sourceTree = "<group>"; };
		352D7A452787BD70008FB939 /* CoreGraphicsUtils.swift */ = {isa = PBXFileReference; lastKnownFileType = sourcecode.swift; name = CoreGraphicsUtils.swift; path = ../../MiniBlocks.swiftpm/Sources/Utils/CoreGraphicsUtils.swift; sourceTree = "<group>"; };
		352D7A472787BF1C008FB939 /* MiniBlocksSceneView.swift */ = {isa = PBXFileReference; lastKnownFileType = sourcecode.swift; name = MiniBlocksSceneView.swift; path = ../../MiniBlocks.swiftpm/Sources/View/MiniBlocksSceneView.swift; sourceTree = "<group>"; };
		35391BA6278BBAA400B22954 /* TextureBedrock.png */ = {isa = PBXFileReference; lastKnownFileType = image.png; name = TextureBedrock.png; path = ../../MiniBlocks.swiftpm/Resources/TextureBedrock.png; sourceTree = "<group>"; };
		35391BAC278BC5A800B22954 /* MiniBlocks.app */ = {isa = PBXFileReference; explicitFileType = wrapper.application; includeInIndex = 0; path = MiniBlocks.app; sourceTree = BUILT_PRODUCTS_DIR; };
		35391BAE278BC5A800B22954 /* AppDelegate.swift */ = {isa = PBXFileReference; lastKnownFileType = sourcecode.swift; path = AppDelegate.swift; sourceTree = "<group>"; };
		35391BB7278BC5A900B22954 /* Assets.xcassets */ = {isa = PBXFileReference; lastKnownFileType = folder.assetcatalog; path = Assets.xcassets; sourceTree = "<group>"; };
		35391BBA278BC5A900B22954 /* Base */ = {isa = PBXFileReference; lastKnownFileType = file.storyboard; name = Base; path = Base.lproj/LaunchScreen.storyboard; sourceTree = "<group>"; };
		35391BF1278BC79A00B22954 /* SceneDelegate.swift */ = {isa = PBXFileReference; lastKnownFileType = sourcecode.swift; path = SceneDelegate.swift; sourceTree = "<group>"; };
		35391BF3278BC8ED00B22954 /* CompatibilityLayer.swift */ = {isa = PBXFileReference; lastKnownFileType = sourcecode.swift; name = CompatibilityLayer.swift; path = ../../MiniBlocks.swiftpm/Sources/Utils/CompatibilityLayer.swift; sourceTree = "<group>"; };
		35391BF6278BCDBC00B22954 /* Info.plist */ = {isa = PBXFileReference; lastKnownFileType = text.plist; path = Info.plist; sourceTree = "<group>"; };
		3540751827F2A06300887E01 /* PauseHUDEntity.swift */ = {isa = PBXFileReference; lastKnownFileType = sourcecode.swift; name = PauseHUDEntity.swift; path = ../../MiniBlocks.swiftpm/Sources/Entity/PauseHUDEntity.swift; sourceTree = "<group>"; };
		3540751B27F2A10A00887E01 /* PauseHUDNode.swift */ = {isa = PBXFileReference; lastKnownFileType = sourcecode.swift; name = PauseHUDNode.swift; path = ../../MiniBlocks.swiftpm/Sources/Node/PauseHUDNode.swift; sourceTree = "<group>"; };
		3540751E27F2A47D00887E01 /* NodeConstants.swift */ = {isa = PBXFileReference; lastKnownFileType = sourcecode.swift; name = NodeConstants.swift; path = ../../MiniBlocks.swiftpm/Sources/Node/NodeConstants.swift; sourceTree = "<group>"; };
		3540752127F2A6EE00887E01 /* MouseCaptureVisibilityComponent.swift */ = {isa = PBXFileReference; lastKnownFileType = sourcecode.swift; name = MouseCaptureVisibilityComponent.swift; path = ../../MiniBlocks.swiftpm/Sources/Component/MouseCaptureVisibilityComponent.swift; sourceTree = "<group>"; };
		3546255727878798000489E8 /* SceneKitUtils.swift */ = {isa = PBXFileReference; lastKnownFileType = sourcecode.swift; name = SceneKitUtils.swift; path = ../../MiniBlocks.swiftpm/Sources/Utils/SceneKitUtils.swift; sourceTree = "<group>"; };
		355006CA27A0BECD0021A0BE /* DebugHUDEntity.swift */ = {isa = PBXFileReference; lastKnownFileType = sourcecode.swift; name = DebugHUDEntity.swift; path = ../../MiniBlocks.swiftpm/Sources/Entity/DebugHUDEntity.swift; sourceTree = "<group>"; };
		355006CD27A0C0710021A0BE /* DebugHUDLoadComponent.swift */ = {isa = PBXFileReference; lastKnownFileType = sourcecode.swift; name = DebugHUDLoadComponent.swift; path = ../../MiniBlocks.swiftpm/Sources/Component/DebugHUDLoadComponent.swift; sourceTree = "<group>"; };
		3554CAF827F50578000EE620 /* Achievements.swift */ = {isa = PBXFileReference; lastKnownFileType = sourcecode.swift; name = Achievements.swift; path = ../../MiniBlocks.swiftpm/Sources/Model/Achievements.swift; sourceTree = "<group>"; };
		3554CAFC27F5096A000EE620 /* AchievementsTests.swift */ = {isa = PBXFileReference; lastKnownFileType = sourcecode.swift; path = AchievementsTests.swift; sourceTree = "<group>"; };
		3554CAFE27F51B36000EE620 /* AchievementHUDNode.swift */ = {isa = PBXFileReference; lastKnownFileType = sourcecode.swift; name = AchievementHUDNode.swift; path = ../../MiniBlocks.swiftpm/Sources/Node/AchievementHUDNode.swift; sourceTree = "<group>"; };
		3554CB0127F51D84000EE620 /* AchievementHUDEntity.swift */ = {isa = PBXFileReference; lastKnownFileType = sourcecode.swift; name = AchievementHUDEntity.swift; path = ../../MiniBlocks.swiftpm/Sources/Component/AchievementHUDEntity.swift; sourceTree = "<group>"; };
		3554CB0427F51F0E000EE620 /* AchievementHUDLoadComponent.swift */ = {isa = PBXFileReference; lastKnownFileType = sourcecode.swift; name = AchievementHUDLoadComponent.swift; path = ../../MiniBlocks.swiftpm/Sources/Component/AchievementHUDLoadComponent.swift; sourceTree = "<group>"; };
		357214402795747A003C640F /* GameMode.swift */ = {isa = PBXFileReference; lastKnownFileType = sourcecode.swift; name = GameMode.swift; path = ../../MiniBlocks.swiftpm/Sources/Model/GameMode.swift; sourceTree = "<group>"; };
		3572144627957961003C640F /* Vec2.swift */ = {isa = PBXFileReference; lastKnownFileType = sourcecode.swift; name = Vec2.swift; path = ../../MiniBlocks.swiftpm/Sources/Utils/Vec2.swift; sourceTree = "<group>"; };
		3572144927957970003C640F /* Vec3.swift */ = {isa = PBXFileReference; lastKnownFileType = sourcecode.swift; name = Vec3.swift; path = ../../MiniBlocks.swiftpm/Sources/Utils/Vec3.swift; sourceTree = "<group>"; };
		3572144C27957B11003C640F /* Vec2Convertible.swift */ = {isa = PBXFileReference; lastKnownFileType = sourcecode.swift; name = Vec2Convertible.swift; path = ../../MiniBlocks.swiftpm/Sources/Utils/Vec2Convertible.swift; sourceTree = "<group>"; };
		3572144F27957B56003C640F /* Vec3Convertible.swift */ = {isa = PBXFileReference; lastKnownFileType = sourcecode.swift; name = Vec3Convertible.swift; path = ../../MiniBlocks.swiftpm/Sources/Utils/Vec3Convertible.swift; sourceTree = "<group>"; };
		3572145227958172003C640F /* PlayerPositioningComponent.swift */ = {isa = PBXFileReference; lastKnownFileType = sourcecode.swift; name = PlayerPositioningComponent.swift; path = ../../MiniBlocks.swiftpm/Sources/Component/PlayerPositioningComponent.swift; sourceTree = "<group>"; };
		357EB0CB279640B00004CA6E /* Debouncer.swift */ = {isa = PBXFileReference; lastKnownFileType = sourcecode.swift; name = Debouncer.swift; path = ../../MiniBlocks.swiftpm/Sources/Utils/Debouncer.swift; sourceTree = "<group>"; };
		357EB0CE279643720004CA6E /* ThrottlerTests.swift */ = {isa = PBXFileReference; lastKnownFileType = sourcecode.swift; path = ThrottlerTests.swift; sourceTree = "<group>"; };
		357EB0D0279644820004CA6E /* DebouncerTests.swift */ = {isa = PBXFileReference; lastKnownFileType = sourcecode.swift; path = DebouncerTests.swift; sourceTree = "<group>"; };
		3584BE262789BFE40037D0E0 /* TextureSand.png */ = {isa = PBXFileReference; lastKnownFileType = image.png; name = TextureSand.png; path = ../../MiniBlocks.swiftpm/Resources/TextureSand.png; sourceTree = "<group>"; };
		3584BE272789BFE40037D0E0 /* TextureStone.png */ = {isa = PBXFileReference; lastKnownFileType = image.png; name = TextureStone.png; path = ../../MiniBlocks.swiftpm/Resources/TextureStone.png; sourceTree = "<group>"; };
		3584BE2A2789C1330037D0E0 /* TextureWater.png */ = {isa = PBXFileReference; lastKnownFileType = image.png; name = TextureWater.png; path = ../../MiniBlocks.swiftpm/Resources/TextureWater.png; sourceTree = "<group>"; };
		35A0C28527873D1100FA8570 /* BlockPos3.swift */ = {isa = PBXFileReference; fileEncoding = 4; lastKnownFileType = sourcecode.swift; name = BlockPos3.swift; path = ../../MiniBlocks.swiftpm/Sources/Utils/BlockPos3.swift; sourceTree = "<group>"; };
		35A0C28727873D2900FA8570 /* Box.swift */ = {isa = PBXFileReference; lastKnownFileType = sourcecode.swift; name = Box.swift; path = ../../MiniBlocks.swiftpm/Sources/Utils/Box.swift; sourceTree = "<group>"; };
		35A0C28927873DB300FA8570 /* WorldEntity.swift */ = {isa = PBXFileReference; lastKnownFileType = sourcecode.swift; name = WorldEntity.swift; path = ../../MiniBlocks.swiftpm/Sources/Entity/WorldEntity.swift; sourceTree = "<group>"; };
		35A0C28B27873F1400FA8570 /* SceneNodeComponent.swift */ = {isa = PBXFileReference; lastKnownFileType = sourcecode.swift; name = SceneNodeComponent.swift; path = ../../MiniBlocks.swiftpm/Sources/Component/SceneNodeComponent.swift; sourceTree = "<group>"; };
		35A0C28F2787475600FA8570 /* PlayerEntity.swift */ = {isa = PBXFileReference; lastKnownFileType = sourcecode.swift; name = PlayerEntity.swift; path = ../../MiniBlocks.swiftpm/Sources/Entity/PlayerEntity.swift; sourceTree = "<group>"; };
		35A0C293278748EA00FA8570 /* PlayerControlComponent.swift */ = {isa = PBXFileReference; lastKnownFileType = sourcecode.swift; name = PlayerControlComponent.swift; path = ../../MiniBlocks.swiftpm/Sources/Component/PlayerControlComponent.swift; sourceTree = "<group>"; };
		35A0C295278752E900FA8570 /* PlayerGravityComponent.swift */ = {isa = PBXFileReference; lastKnownFileType = sourcecode.swift; name = PlayerGravityComponent.swift; path = ../../MiniBlocks.swiftpm/Sources/Component/PlayerGravityComponent.swift; sourceTree = "<group>"; };
		35A0C297278753AE00FA8570 /* Throttler.swift */ = {isa = PBXFileReference; lastKnownFileType = sourcecode.swift; name = Throttler.swift; path = ../../MiniBlocks.swiftpm/Sources/Utils/Throttler.swift; sourceTree = "<group>"; };
		35A0C2A2278757A700FA8570 /* BlockPos2.swift */ = {isa = PBXFileReference; lastKnownFileType = sourcecode.swift; name = BlockPos2.swift; path = ../../MiniBlocks.swiftpm/Sources/Utils/BlockPos2.swift; sourceTree = "<group>"; };
		35A0C2A627875C7300FA8570 /* WorldComponent.swift */ = {isa = PBXFileReference; lastKnownFileType = sourcecode.swift; name = WorldComponent.swift; path = ../../MiniBlocks.swiftpm/Sources/Component/WorldComponent.swift; sourceTree = "<group>"; };
		35A0C2A827875EC400FA8570 /* HeightAboveGroundComponent.swift */ = {isa = PBXFileReference; lastKnownFileType = sourcecode.swift; name = HeightAboveGroundComponent.swift; path = ../../MiniBlocks.swiftpm/Sources/Component/HeightAboveGroundComponent.swift; sourceTree = "<group>"; };
		35A1C69C27FD399300A2EF76 /* GameControllerUtils.swift */ = {isa = PBXFileReference; lastKnownFileType = sourcecode.swift; name = GameControllerUtils.swift; path = ../../MiniBlocks.swiftpm/Sources/Utils/GameControllerUtils.swift; sourceTree = "<group>"; };
		35A5550F278C3AE0006FA70D /* World.swift */ = {isa = PBXFileReference; fileEncoding = 4; lastKnownFileType = sourcecode.swift; name = World.swift; path = ../../MiniBlocks.swiftpm/Sources/Model/World.swift; sourceTree = "<group>"; };
		35A55510278C3AE0006FA70D /* Strip.swift */ = {isa = PBXFileReference; fileEncoding = 4; lastKnownFileType = sourcecode.swift; name = Strip.swift; path = ../../MiniBlocks.swiftpm/Sources/Model/Strip.swift; sourceTree = "<group>"; };
		35A55511278C3AE0006FA70D /* Block.swift */ = {isa = PBXFileReference; fileEncoding = 4; lastKnownFileType = sourcecode.swift; name = Block.swift; path = ../../MiniBlocks.swiftpm/Sources/Model/Block.swift; sourceTree = "<group>"; };
		35A55512278C3AE0006FA70D /* BlockType.swift */ = {isa = PBXFileReference; fileEncoding = 4; lastKnownFileType = sourcecode.swift; name = BlockType.swift; path = ../../MiniBlocks.swiftpm/Sources/Model/BlockType.swift; sourceTree = "<group>"; };
		35A55513278C3AE0006FA70D /* WorldGenerator.swift */ = {isa = PBXFileReference; fileEncoding = 4; lastKnownFileType = sourcecode.swift; name = WorldGenerator.swift; path = ../../MiniBlocks.swiftpm/Sources/Model/WorldGenerator.swift; sourceTree = "<group>"; };
		35A55514278C3AE0006FA70D /* NatureWorldGenerator.swift */ = {isa = PBXFileReference; fileEncoding = 4; lastKnownFileType = sourcecode.swift; name = NatureWorldGenerator.swift; path = ../../MiniBlocks.swiftpm/Sources/Model/NatureWorldGenerator.swift; sourceTree = "<group>"; };
		35A55515278C3AE0006FA70D /* EmptyWorldGenerator.swift */ = {isa = PBXFileReference; fileEncoding = 4; lastKnownFileType = sourcecode.swift; name = EmptyWorldGenerator.swift; path = ../../MiniBlocks.swiftpm/Sources/Model/EmptyWorldGenerator.swift; sourceTree = "<group>"; };
		35A55516278C3AE0006FA70D /* WavyHillsWorldGenerator.swift */ = {isa = PBXFileReference; fileEncoding = 4; lastKnownFileType = sourcecode.swift; name = WavyHillsWorldGenerator.swift; path = ../../MiniBlocks.swiftpm/Sources/Model/WavyHillsWorldGenerator.swift; sourceTree = "<group>"; };
		35A55517278C3AE0006FA70D /* Item.swift */ = {isa = PBXFileReference; fileEncoding = 4; lastKnownFileType = sourcecode.swift; name = Item.swift; path = ../../MiniBlocks.swiftpm/Sources/Model/Item.swift; sourceTree = "<group>"; };
		35A55518278C3AE0006FA70D /* FlatWorldGenerator.swift */ = {isa = PBXFileReference; fileEncoding = 4; lastKnownFileType = sourcecode.swift; name = FlatWorldGenerator.swift; path = ../../MiniBlocks.swiftpm/Sources/Model/FlatWorldGenerator.swift; sourceTree = "<group>"; };
		35A55519278C3AE0006FA70D /* WorldGeneratorType.swift */ = {isa = PBXFileReference; fileEncoding = 4; lastKnownFileType = sourcecode.swift; name = WorldGeneratorType.swift; path = ../../MiniBlocks.swiftpm/Sources/Model/WorldGeneratorType.swift; sourceTree = "<group>"; };
		35A5551A278C3AE0006FA70D /* ItemType.swift */ = {isa = PBXFileReference; fileEncoding = 4; lastKnownFileType = sourcecode.swift; name = ItemType.swift; path = ../../MiniBlocks.swiftpm/Sources/Model/ItemType.swift; sourceTree = "<group>"; };
		35A5551B278C3AE0006FA70D /* OceanWorldGenerator.swift */ = {isa = PBXFileReference; fileEncoding = 4; lastKnownFileType = sourcecode.swift; name = OceanWorldGenerator.swift; path = ../../MiniBlocks.swiftpm/Sources/Model/OceanWorldGenerator.swift; sourceTree = "<group>"; };
		35A55536278C3B42006FA70D /* Inventory.swift */ = {isa = PBXFileReference; lastKnownFileType = sourcecode.swift; name = Inventory.swift; path = ../../MiniBlocks.swiftpm/Sources/Model/Inventory.swift; sourceTree = "<group>"; };
		35A55539278C3CA5006FA70D /* PlayerInfo.swift */ = {isa = PBXFileReference; lastKnownFileType = sourcecode.swift; name = PlayerInfo.swift; path = ../../MiniBlocks.swiftpm/Sources/Model/PlayerInfo.swift; sourceTree = "<group>"; };
		35A5553C278C3DB6006FA70D /* NameComponent.swift */ = {isa = PBXFileReference; lastKnownFileType = sourcecode.swift; name = NameComponent.swift; path = ../../MiniBlocks.swiftpm/Sources/Component/NameComponent.swift; sourceTree = "<group>"; };
		35A5553F278C3EBF006FA70D /* HotbarHUDEntity.swift */ = {isa = PBXFileReference; lastKnownFileType = sourcecode.swift; name = HotbarHUDEntity.swift; path = ../../MiniBlocks.swiftpm/Sources/Entity/HotbarHUDEntity.swift; sourceTree = "<group>"; };
		35A55545278C408C006FA70D /* ItemStack.swift */ = {isa = PBXFileReference; lastKnownFileType = sourcecode.swift; name = ItemStack.swift; path = ../../MiniBlocks.swiftpm/Sources/Model/ItemStack.swift; sourceTree = "<group>"; };
		35A55548278C421C006FA70D /* PlayerAssocationComponent.swift */ = {isa = PBXFileReference; lastKnownFileType = sourcecode.swift; name = PlayerAssocationComponent.swift; path = ../../MiniBlocks.swiftpm/Sources/Component/PlayerAssocationComponent.swift; sourceTree = "<group>"; };
		35A55555278C4806006FA70D /* CrosshairHUDNode.swift */ = {isa = PBXFileReference; lastKnownFileType = sourcecode.swift; name = CrosshairHUDNode.swift; path = ../../MiniBlocks.swiftpm/Sources/Node/CrosshairHUDNode.swift; sourceTree = "<group>"; };
		35A55558278C4868006FA70D /* BlockNode.swift */ = {isa = PBXFileReference; lastKnownFileType = sourcecode.swift; name = BlockNode.swift; path = ../../MiniBlocks.swiftpm/Sources/Node/BlockNode.swift; sourceTree = "<group>"; };
		35A5555B278C497F006FA70D /* ItemNode.swift */ = {isa = PBXFileReference; lastKnownFileType = sourcecode.swift; name = ItemNode.swift; path = ../../MiniBlocks.swiftpm/Sources/Node/ItemNode.swift; sourceTree = "<group>"; };
		35A5555E278C4BEA006FA70D /* HotbarHUDSlotNode.swift */ = {isa = PBXFileReference; lastKnownFileType = sourcecode.swift; name = HotbarHUDSlotNode.swift; path = ../../MiniBlocks.swiftpm/Sources/Node/HotbarHUDSlotNode.swift; sourceTree = "<group>"; };
		35A55561278C4C2D006FA70D /* HotbarHUDLoadComponent.swift */ = {isa = PBXFileReference; fileEncoding = 4; lastKnownFileType = sourcecode.swift; name = HotbarHUDLoadComponent.swift; path = ../../MiniBlocks.swiftpm/Sources/Component/HotbarHUDLoadComponent.swift; sourceTree = "<group>"; };
		35A55567278C5760006FA70D /* Wraparound.swift */ = {isa = PBXFileReference; lastKnownFileType = sourcecode.swift; name = Wraparound.swift; path = ../../MiniBlocks.swiftpm/Sources/Utils/Wraparound.swift; sourceTree = "<group>"; };
		35A5556A278C5829006FA70D /* InventoryConstants.swift */ = {isa = PBXFileReference; lastKnownFileType = sourcecode.swift; name = InventoryConstants.swift; path = ../../MiniBlocks.swiftpm/Sources/Model/InventoryConstants.swift; sourceTree = "<group>"; };
		35D8D9EB278B3D5A0056ACAA /* TextureWood.png */ = {isa = PBXFileReference; lastKnownFileType = image.png; name = TextureWood.png; path = ../../MiniBlocks.swiftpm/Resources/TextureWood.png; sourceTree = "<group>"; };
		35D8D9ED278B3F470056ACAA /* TextureLeaves.png */ = {isa = PBXFileReference; lastKnownFileType = image.png; name = TextureLeaves.png; path = ../../MiniBlocks.swiftpm/Resources/TextureLeaves.png; sourceTree = "<group>"; };
		35D9E8A0278887960058F0E6 /* SunEntity.swift */ = {isa = PBXFileReference; lastKnownFileType = sourcecode.swift; name = SunEntity.swift; path = ../../MiniBlocks.swiftpm/Sources/Entity/SunEntity.swift; sourceTree = "<group>"; };
		35D9E8A2278888190058F0E6 /* AmbientLightEntity.swift */ = {isa = PBXFileReference; lastKnownFileType = sourcecode.swift; name = AmbientLightEntity.swift; path = ../../MiniBlocks.swiftpm/Sources/Entity/AmbientLightEntity.swift; sourceTree = "<group>"; };
		35E7F3E627867ED10067F0F7 /* MiniBlocks.app */ = {isa = PBXFileReference; explicitFileType = wrapper.application; includeInIndex = 0; path = MiniBlocks.app; sourceTree = BUILT_PRODUCTS_DIR; };
		35E7F3E927867ED10067F0F7 /* AppDelegate.swift */ = {isa = PBXFileReference; lastKnownFileType = sourcecode.swift; path = AppDelegate.swift; sourceTree = "<group>"; };
		35E7F3EF27867ED20067F0F7 /* Assets.xcassets */ = {isa = PBXFileReference; lastKnownFileType = folder.assetcatalog; path = Assets.xcassets; sourceTree = "<group>"; };
		35E7F3F427867ED20067F0F7 /* MiniBlocks.entitlements */ = {isa = PBXFileReference; lastKnownFileType = text.plist.entitlements; path = MiniBlocks.entitlements; sourceTree = "<group>"; };
		35E7F40A278682C60067F0F7 /* MiniBlocksScene.scn */ = {isa = PBXFileReference; lastKnownFileType = file.bplist; name = MiniBlocksScene.scn; path = ../../MiniBlocks.swiftpm/Resources/MiniBlocksScene.scn; sourceTree = "<group>"; };
		35E7F40B278682C60067F0F7 /* TextureGrass.png */ = {isa = PBXFileReference; lastKnownFileType = image.png; name = TextureGrass.png; path = ../../MiniBlocks.swiftpm/Resources/TextureGrass.png; sourceTree = "<group>"; };
		35E7F40F278682D40067F0F7 /* MiniBlocksViewController.swift */ = {isa = PBXFileReference; fileEncoding = 4; lastKnownFileType = sourcecode.swift; name = MiniBlocksViewController.swift; path = ../../MiniBlocks.swiftpm/Sources/View/MiniBlocksViewController.swift; sourceTree = "<group>"; };
		35E7F411278683950067F0F7 /* main.swift */ = {isa = PBXFileReference; lastKnownFileType = sourcecode.swift; path = main.swift; sourceTree = "<group>"; };
		35E7F415278688180067F0F7 /* KeyCode.swift */ = {isa = PBXFileReference; lastKnownFileType = sourcecode.swift; name = KeyCode.swift; path = ../../MiniBlocks.swiftpm/Sources/View/KeyCode.swift; sourceTree = "<group>"; };
		35EA3517278895750066DD82 /* WorldLoadComponent.swift */ = {isa = PBXFileReference; lastKnownFileType = sourcecode.swift; name = WorldLoadComponent.swift; path = ../../MiniBlocks.swiftpm/Sources/Component/WorldLoadComponent.swift; sourceTree = "<group>"; };
		35EA351B278895D60066DD82 /* WorldRetainComponent.swift */ = {isa = PBXFileReference; lastKnownFileType = sourcecode.swift; name = WorldRetainComponent.swift; path = ../../MiniBlocks.swiftpm/Sources/Component/WorldRetainComponent.swift; sourceTree = "<group>"; };
		35EA352127889B200066DD82 /* ChunkPos.swift */ = {isa = PBXFileReference; fileEncoding = 4; lastKnownFileType = sourcecode.swift; name = ChunkPos.swift; path = ../../MiniBlocks.swiftpm/Sources/Utils/ChunkPos.swift; sourceTree = "<group>"; };
		35EA352327889B560066DD82 /* ChunkConstants.swift */ = {isa = PBXFileReference; lastKnownFileType = sourcecode.swift; name = ChunkConstants.swift; path = ../../MiniBlocks.swiftpm/Sources/Utils/ChunkConstants.swift; sourceTree = "<group>"; };
		35EA352527889CBE0066DD82 /* GridIterator2.swift */ = {isa = PBXFileReference; lastKnownFileType = sourcecode.swift; name = GridIterator2.swift; path = ../../MiniBlocks.swiftpm/Sources/Utils/GridIterator2.swift; sourceTree = "<group>"; };
		35EA352B27889DA10066DD82 /* MiniBlocksTests.xctest */ = {isa = PBXFileReference; explicitFileType = wrapper.cfbundle; includeInIndex = 0; path = MiniBlocksTests.xctest; sourceTree = BUILT_PRODUCTS_DIR; };
		35EA353527889DD30066DD82 /* GridIterator2Tests.swift */ = {isa = PBXFileReference; lastKnownFileType = sourcecode.swift; path = GridIterator2Tests.swift; sourceTree = "<group>"; };
		35EA35372788A09E0066DD82 /* MathUtils.swift */ = {isa = PBXFileReference; lastKnownFileType = sourcecode.swift; name = MathUtils.swift; path = ../../MiniBlocks.swiftpm/Sources/Utils/MathUtils.swift; sourceTree = "<group>"; };
		35EA35392788A1BF0066DD82 /* MathUtilsTests.swift */ = {isa = PBXFileReference; lastKnownFileType = sourcecode.swift; path = MathUtilsTests.swift; sourceTree = "<group>"; };
		35EA353B2788A2520066DD82 /* ChunkPosTests.swift */ = {isa = PBXFileReference; lastKnownFileType = sourcecode.swift; path = ChunkPosTests.swift; sourceTree = "<group>"; };
		35EA353D2788A57B0066DD82 /* WorldAssociationComponent.swift */ = {isa = PBXFileReference; fileEncoding = 4; lastKnownFileType = sourcecode.swift; name = WorldAssociationComponent.swift; path = ../../MiniBlocks.swiftpm/Sources/Component/WorldAssociationComponent.swift; sourceTree = "<group>"; };
		35EA35492788A8B00066DD82 /* ChunkRegion.swift */ = {isa = PBXFileReference; fileEncoding = 4; lastKnownFileType = sourcecode.swift; name = ChunkRegion.swift; path = ../../MiniBlocks.swiftpm/Sources/Utils/ChunkRegion.swift; sourceTree = "<group>"; };
		35EA354B2788B1D30066DD82 /* Vec2Protocol.swift */ = {isa = PBXFileReference; lastKnownFileType = sourcecode.swift; name = Vec2Protocol.swift; path = ../../MiniBlocks.swiftpm/Sources/Utils/Vec2Protocol.swift; sourceTree = "<group>"; };
		35EA354D2788B3870066DD82 /* Vec3Protocol.swift */ = {isa = PBXFileReference; lastKnownFileType = sourcecode.swift; name = Vec3Protocol.swift; path = ../../MiniBlocks.swiftpm/Sources/Utils/Vec3Protocol.swift; sourceTree = "<group>"; };
		35F267FF27F76AAC00CC458C /* HandLoadComponent.swift */ = {isa = PBXFileReference; lastKnownFileType = sourcecode.swift; name = HandLoadComponent.swift; path = ../../MiniBlocks.swiftpm/Sources/Component/HandLoadComponent.swift; sourceTree = "<group>"; };
		35F2680227F76C7D00CC458C /* HandNodeComponent.swift */ = {isa = PBXFileReference; lastKnownFileType = sourcecode.swift; name = HandNodeComponent.swift; path = ../../MiniBlocks.swiftpm/Sources/Component/HandNodeComponent.swift; sourceTree = "<group>"; };
		35FEC152278E6B1B00E2000E /* Deque.swift */ = {isa = PBXFileReference; lastKnownFileType = sourcecode.swift; name = Deque.swift; path = ../../MiniBlocks.swiftpm/Sources/Utils/Deque.swift; sourceTree = "<group>"; };
		35FEC155278E6BD900E2000E /* CyclicDeque.swift */ = {isa = PBXFileReference; lastKnownFileType = sourcecode.swift; name = CyclicDeque.swift; path = ../../MiniBlocks.swiftpm/Sources/Utils/CyclicDeque.swift; sourceTree = "<group>"; };
		35FEC158278E700D00E2000E /* CyclicDequeTests.swift */ = {isa = PBXFileReference; lastKnownFileType = sourcecode.swift; path = CyclicDequeTests.swift; sourceTree = "<group>"; };
		35FEC15A278E76D900E2000E /* FIFOCache.swift */ = {isa = PBXFileReference; lastKnownFileType = sourcecode.swift; name = FIFOCache.swift; path = ../../MiniBlocks.swiftpm/Sources/Utils/FIFOCache.swift; sourceTree = "<group>"; };
/* End PBXFileReference section */

/* Begin PBXFrameworksBuildPhase section */
		35391BA9278BC5A800B22954 /* Frameworks */ = {
			isa = PBXFrameworksBuildPhase;
			buildActionMask = 2147483647;
			files = (
			);
			runOnlyForDeploymentPostprocessing = 0;
		};
		35E7F3E327867ED10067F0F7 /* Frameworks */ = {
			isa = PBXFrameworksBuildPhase;
			buildActionMask = 2147483647;
			files = (
			);
			runOnlyForDeploymentPostprocessing = 0;
		};
		35EA352827889DA10066DD82 /* Frameworks */ = {
			isa = PBXFrameworksBuildPhase;
			buildActionMask = 2147483647;
			files = (
			);
			runOnlyForDeploymentPostprocessing = 0;
		};
/* End PBXFrameworksBuildPhase section */

/* Begin PBXGroup section */
		35391BAD278BC5A800B22954 /* MiniBlocksToGo */ = {
			isa = PBXGroup;
			children = (
				35391BF6278BCDBC00B22954 /* Info.plist */,
				35391BAE278BC5A800B22954 /* AppDelegate.swift */,
				35391BF1278BC79A00B22954 /* SceneDelegate.swift */,
				35391BB7278BC5A900B22954 /* Assets.xcassets */,
				35391BB9278BC5A900B22954 /* LaunchScreen.storyboard */,
			);
			path = MiniBlocksToGo;
			sourceTree = "<group>";
		};
		3554CAFB27F5095C000EE620 /* Model */ = {
			isa = PBXGroup;
			children = (
				3554CAFC27F5096A000EE620 /* AchievementsTests.swift */,
			);
			path = Model;
			sourceTree = "<group>";
		};
		35A0C27D27872CAB00FA8570 /* Entity */ = {
			isa = PBXGroup;
			children = (
				35A0C28927873DB300FA8570 /* WorldEntity.swift */,
				35A0C28F2787475600FA8570 /* PlayerEntity.swift */,
				35D9E8A0278887960058F0E6 /* SunEntity.swift */,
				35D9E8A2278888190058F0E6 /* AmbientLightEntity.swift */,
				352D7A432787B90A008FB939 /* CrosshairHUDEntity.swift */,
				35A5553F278C3EBF006FA70D /* HotbarHUDEntity.swift */,
				3554CB0127F51D84000EE620 /* AchievementHUDEntity.swift */,
				355006CA27A0BECD0021A0BE /* DebugHUDEntity.swift */,
				3540751827F2A06300887E01 /* PauseHUDEntity.swift */,
			);
			name = Entity;
			sourceTree = "<group>";
		};
		35A0C27E27872CB500FA8570 /* Component */ = {
			isa = PBXGroup;
			children = (
				35A0C28B27873F1400FA8570 /* SceneNodeComponent.swift */,
				352D7A412787B89B008FB939 /* SpriteNodeComponent.swift */,
				35A0C293278748EA00FA8570 /* PlayerControlComponent.swift */,
				3572145227958172003C640F /* PlayerPositioningComponent.swift */,
				35A0C295278752E900FA8570 /* PlayerGravityComponent.swift */,
				352D7A3F2787B211008FB939 /* LookAtBlockComponent.swift */,
				35A0C2A827875EC400FA8570 /* HeightAboveGroundComponent.swift */,
				35A5553C278C3DB6006FA70D /* NameComponent.swift */,
				35A55548278C421C006FA70D /* PlayerAssocationComponent.swift */,
				35A0C2A627875C7300FA8570 /* WorldComponent.swift */,
				35EA353D2788A57B0066DD82 /* WorldAssociationComponent.swift */,
				35EA3517278895750066DD82 /* WorldLoadComponent.swift */,
				35EA351B278895D60066DD82 /* WorldRetainComponent.swift */,
				35F2680227F76C7D00CC458C /* HandNodeComponent.swift */,
				35F267FF27F76AAC00CC458C /* HandLoadComponent.swift */,
				35A55561278C4C2D006FA70D /* HotbarHUDLoadComponent.swift */,
				355006CD27A0C0710021A0BE /* DebugHUDLoadComponent.swift */,
				3554CB0427F51F0E000EE620 /* AchievementHUDLoadComponent.swift */,
				3540752127F2A6EE00887E01 /* MouseCaptureVisibilityComponent.swift */,
			);
			name = Component;
			sourceTree = "<group>";
		};
		35A0C28427873D0400FA8570 /* Utils */ = {
			isa = PBXGroup;
			children = (
				35EA354B2788B1D30066DD82 /* Vec2Protocol.swift */,
				35EA354D2788B3870066DD82 /* Vec3Protocol.swift */,
				3572144C27957B11003C640F /* Vec2Convertible.swift */,
				3572144F27957B56003C640F /* Vec3Convertible.swift */,
				3572144627957961003C640F /* Vec2.swift */,
				3572144927957970003C640F /* Vec3.swift */,
				35A0C2A2278757A700FA8570 /* BlockPos2.swift */,
				35A0C28527873D1100FA8570 /* BlockPos3.swift */,
				35EA352127889B200066DD82 /* ChunkPos.swift */,
				35EA35492788A8B00066DD82 /* ChunkRegion.swift */,
				35EA352327889B560066DD82 /* ChunkConstants.swift */,
				35EA352527889CBE0066DD82 /* GridIterator2.swift */,
				35A0C28727873D2900FA8570 /* Box.swift */,
				35A0C297278753AE00FA8570 /* Throttler.swift */,
				357EB0CB279640B00004CA6E /* Debouncer.swift */,
				3546255727878798000489E8 /* SceneKitUtils.swift */,
				352D7A452787BD70008FB939 /* CoreGraphicsUtils.swift */,
				35A1C69C27FD399300A2EF76 /* GameControllerUtils.swift */,
				35EA35372788A09E0066DD82 /* MathUtils.swift */,
				35391BF3278BC8ED00B22954 /* CompatibilityLayer.swift */,
				35A55567278C5760006FA70D /* Wraparound.swift */,
				35FEC152278E6B1B00E2000E /* Deque.swift */,
				35FEC155278E6BD900E2000E /* CyclicDeque.swift */,
				35FEC15A278E76D900E2000E /* FIFOCache.swift */,
			);
			name = Utils;
			sourceTree = "<group>";
		};
		35A0C2992787568300FA8570 /* Model */ = {
			isa = PBXGroup;
			children = (
				35A5550F278C3AE0006FA70D /* World.swift */,
				35A55513278C3AE0006FA70D /* WorldGenerator.swift */,
				35A55519278C3AE0006FA70D /* WorldGeneratorType.swift */,
				35A55515278C3AE0006FA70D /* EmptyWorldGenerator.swift */,
				35A55518278C3AE0006FA70D /* FlatWorldGenerator.swift */,
				35A5551B278C3AE0006FA70D /* OceanWorldGenerator.swift */,
				35A55514278C3AE0006FA70D /* NatureWorldGenerator.swift */,
				35A55516278C3AE0006FA70D /* WavyHillsWorldGenerator.swift */,
				35A55510278C3AE0006FA70D /* Strip.swift */,
				35A55511278C3AE0006FA70D /* Block.swift */,
				35A55512278C3AE0006FA70D /* BlockType.swift */,
				35A55539278C3CA5006FA70D /* PlayerInfo.swift */,
				357214402795747A003C640F /* GameMode.swift */,
				35A5556A278C5829006FA70D /* InventoryConstants.swift */,
				35A55536278C3B42006FA70D /* Inventory.swift */,
				35A55545278C408C006FA70D /* ItemStack.swift */,
				35A55517278C3AE0006FA70D /* Item.swift */,
				35A5551A278C3AE0006FA70D /* ItemType.swift */,
				3554CAF827F50578000EE620 /* Achievements.swift */,
			);
			name = Model;
			sourceTree = "<group>";
		};
		35A55551278C47A7006FA70D /* Node */ = {
			isa = PBXGroup;
			children = (
				35A55558278C4868006FA70D /* BlockNode.swift */,
				35A5555B278C497F006FA70D /* ItemNode.swift */,
				35A55555278C4806006FA70D /* CrosshairHUDNode.swift */,
				3540751B27F2A10A00887E01 /* PauseHUDNode.swift */,
				3554CAFE27F51B36000EE620 /* AchievementHUDNode.swift */,
				35A5555E278C4BEA006FA70D /* HotbarHUDSlotNode.swift */,
				3540751E27F2A47D00887E01 /* NodeConstants.swift */,
			);
			name = Node;
			sourceTree = "<group>";
		};
		35E7F3DD27867ED10067F0F7 = {
			isa = PBXGroup;
			children = (
				35E7F3E827867ED10067F0F7 /* MiniBlocks */,
				35391BAD278BC5A800B22954 /* MiniBlocksToGo */,
				35EA352C27889DA10066DD82 /* MiniBlocksTests */,
				35E7F3E727867ED10067F0F7 /* Products */,
			);
			sourceTree = "<group>";
		};
		35E7F3E727867ED10067F0F7 /* Products */ = {
			isa = PBXGroup;
			children = (
				35E7F3E627867ED10067F0F7 /* MiniBlocks.app */,
				35EA352B27889DA10066DD82 /* MiniBlocksTests.xctest */,
				35391BAC278BC5A800B22954 /* MiniBlocks.app */,
			);
			name = Products;
			sourceTree = "<group>";
		};
		35E7F3E827867ED10067F0F7 /* MiniBlocks */ = {
			isa = PBXGroup;
			children = (
				35E7F408278682AA0067F0F7 /* PlaygroundSources */,
				35E7F409278682B10067F0F7 /* PlaygroundResources */,
				35E7F3E927867ED10067F0F7 /* AppDelegate.swift */,
				35E7F411278683950067F0F7 /* main.swift */,
				35E7F3EF27867ED20067F0F7 /* Assets.xcassets */,
				35E7F3F427867ED20067F0F7 /* MiniBlocks.entitlements */,
			);
			path = MiniBlocks;
			sourceTree = "<group>";
		};
		35E7F408278682AA0067F0F7 /* PlaygroundSources */ = {
			isa = PBXGroup;
			children = (
				35A0C28427873D0400FA8570 /* Utils */,
				35A0C2992787568300FA8570 /* Model */,
				35A55551278C47A7006FA70D /* Node */,
				35A0C27E27872CB500FA8570 /* Component */,
				35A0C27D27872CAB00FA8570 /* Entity */,
				35E7F40E278682CC0067F0F7 /* View */,
			);
			name = PlaygroundSources;
			sourceTree = "<group>";
		};
		35E7F409278682B10067F0F7 /* PlaygroundResources */ = {
			isa = PBXGroup;
			children = (
				35E7F40A278682C60067F0F7 /* MiniBlocksScene.scn */,
				35E7F40B278682C60067F0F7 /* TextureGrass.png */,
				3584BE262789BFE40037D0E0 /* TextureSand.png */,
				3584BE272789BFE40037D0E0 /* TextureStone.png */,
				3584BE2A2789C1330037D0E0 /* TextureWater.png */,
				35D8D9EB278B3D5A0056ACAA /* TextureWood.png */,
				35D8D9ED278B3F470056ACAA /* TextureLeaves.png */,
				35391BA6278BBAA400B22954 /* TextureBedrock.png */,
			);
			name = PlaygroundResources;
			sourceTree = "<group>";
		};
		35E7F40E278682CC0067F0F7 /* View */ = {
			isa = PBXGroup;
			children = (
				35E7F40F278682D40067F0F7 /* MiniBlocksViewController.swift */,
				352D7A472787BF1C008FB939 /* MiniBlocksSceneView.swift */,
				35E7F415278688180067F0F7 /* KeyCode.swift */,
			);
			name = View;
			sourceTree = "<group>";
		};
		35EA352C27889DA10066DD82 /* MiniBlocksTests */ = {
			isa = PBXGroup;
			children = (
				35EA353427889DBA0066DD82 /* Utils */,
				3554CAFB27F5095C000EE620 /* Model */,
			);
			path = MiniBlocksTests;
			sourceTree = "<group>";
		};
		35EA353427889DBA0066DD82 /* Utils */ = {
			isa = PBXGroup;
			children = (
				35EA353527889DD30066DD82 /* GridIterator2Tests.swift */,
				35EA35392788A1BF0066DD82 /* MathUtilsTests.swift */,
				35EA353B2788A2520066DD82 /* ChunkPosTests.swift */,
				35FEC158278E700D00E2000E /* CyclicDequeTests.swift */,
				357EB0CE279643720004CA6E /* ThrottlerTests.swift */,
				357EB0D0279644820004CA6E /* DebouncerTests.swift */,
			);
			path = Utils;
			sourceTree = "<group>";
		};
/* End PBXGroup section */

/* Begin PBXNativeTarget section */
		35391BAB278BC5A800B22954 /* MiniBlocksToGo */ = {
			isa = PBXNativeTarget;
			buildConfigurationList = 35391BBC278BC5A900B22954 /* Build configuration list for PBXNativeTarget "MiniBlocksToGo" */;
			buildPhases = (
				35391BA8278BC5A800B22954 /* Sources */,
				35391BA9278BC5A800B22954 /* Frameworks */,
				35391BAA278BC5A800B22954 /* Resources */,
			);
			buildRules = (
			);
			dependencies = (
			);
			name = MiniBlocksToGo;
			productName = MiniBlocksToGo;
			productReference = 35391BAC278BC5A800B22954 /* MiniBlocks.app */;
			productType = "com.apple.product-type.application";
		};
		35E7F3E527867ED10067F0F7 /* MiniBlocks */ = {
			isa = PBXNativeTarget;
			buildConfigurationList = 35E7F3F727867ED20067F0F7 /* Build configuration list for PBXNativeTarget "MiniBlocks" */;
			buildPhases = (
				35E7F3E227867ED10067F0F7 /* Sources */,
				35E7F3E327867ED10067F0F7 /* Frameworks */,
				35E7F3E427867ED10067F0F7 /* Resources */,
			);
			buildRules = (
			);
			dependencies = (
			);
			name = MiniBlocks;
			productName = MiniBlocks;
			productReference = 35E7F3E627867ED10067F0F7 /* MiniBlocks.app */;
			productType = "com.apple.product-type.application";
		};
		35EA352A27889DA10066DD82 /* MiniBlocksTests */ = {
			isa = PBXNativeTarget;
			buildConfigurationList = 35EA353127889DA10066DD82 /* Build configuration list for PBXNativeTarget "MiniBlocksTests" */;
			buildPhases = (
				35EA352727889DA10066DD82 /* Sources */,
				35EA352827889DA10066DD82 /* Frameworks */,
				35EA352927889DA10066DD82 /* Resources */,
			);
			buildRules = (
			);
			dependencies = (
				35EA353027889DA10066DD82 /* PBXTargetDependency */,
			);
			name = MiniBlocksTests;
			productName = MiniBlocksTests;
			productReference = 35EA352B27889DA10066DD82 /* MiniBlocksTests.xctest */;
			productType = "com.apple.product-type.bundle.unit-test";
		};
/* End PBXNativeTarget section */

/* Begin PBXProject section */
		35E7F3DE27867ED10067F0F7 /* Project object */ = {
			isa = PBXProject;
			attributes = {
				BuildIndependentTargetsInParallel = 1;
				LastSwiftUpdateCheck = 1320;
				LastUpgradeCheck = 1320;
				TargetAttributes = {
					35391BAB278BC5A800B22954 = {
						CreatedOnToolsVersion = 13.2.1;
					};
					35E7F3E527867ED10067F0F7 = {
						CreatedOnToolsVersion = 13.2.1;
					};
					35EA352A27889DA10066DD82 = {
						CreatedOnToolsVersion = 13.2.1;
						TestTargetID = 35E7F3E527867ED10067F0F7;
					};
				};
			};
			buildConfigurationList = 35E7F3E127867ED10067F0F7 /* Build configuration list for PBXProject "MiniBlocks" */;
			compatibilityVersion = "Xcode 13.0";
			developmentRegion = en;
			hasScannedForEncodings = 0;
			knownRegions = (
				en,
				Base,
			);
			mainGroup = 35E7F3DD27867ED10067F0F7;
			productRefGroup = 35E7F3E727867ED10067F0F7 /* Products */;
			projectDirPath = "";
			projectRoot = "";
			targets = (
				35E7F3E527867ED10067F0F7 /* MiniBlocks */,
				35391BAB278BC5A800B22954 /* MiniBlocksToGo */,
				35EA352A27889DA10066DD82 /* MiniBlocksTests */,
			);
		};
/* End PBXProject section */

/* Begin PBXResourcesBuildPhase section */
		35391BAA278BC5A800B22954 /* Resources */ = {
			isa = PBXResourcesBuildPhase;
			buildActionMask = 2147483647;
			files = (
				35391BEB278BC5FB00B22954 /* TextureStone.png in Resources */,
				35391BBB278BC5A900B22954 /* LaunchScreen.storyboard in Resources */,
				35391BEF278BC5FB00B22954 /* TextureWood.png in Resources */,
				35391BF0278BC5FB00B22954 /* TextureBedrock.png in Resources */,
				35391BB8278BC5A900B22954 /* Assets.xcassets in Resources */,
				35391BEA278BC5FB00B22954 /* TextureLeaves.png in Resources */,
				35391BEE278BC5FB00B22954 /* TextureSand.png in Resources */,
				35391BED278BC5FB00B22954 /* TextureGrass.png in Resources */,
				35391BE9278BC5FB00B22954 /* MiniBlocksScene.scn in Resources */,
				35391BEC278BC5FB00B22954 /* TextureWater.png in Resources */,
			);
			runOnlyForDeploymentPostprocessing = 0;
		};
		35E7F3E427867ED10067F0F7 /* Resources */ = {
			isa = PBXResourcesBuildPhase;
			buildActionMask = 2147483647;
			files = (
				35D8D9EC278B3D5A0056ACAA /* TextureWood.png in Resources */,
				35391BA7278BBAA400B22954 /* TextureBedrock.png in Resources */,
				35E7F40D278682C60067F0F7 /* TextureGrass.png in Resources */,
				3584BE292789BFE40037D0E0 /* TextureStone.png in Resources */,
				3584BE282789BFE40037D0E0 /* TextureSand.png in Resources */,
				35E7F40C278682C60067F0F7 /* MiniBlocksScene.scn in Resources */,
				35D8D9EE278B3F470056ACAA /* TextureLeaves.png in Resources */,
				35E7F3F027867ED20067F0F7 /* Assets.xcassets in Resources */,
				3584BE2B2789C1330037D0E0 /* TextureWater.png in Resources */,
			);
			runOnlyForDeploymentPostprocessing = 0;
		};
		35EA352927889DA10066DD82 /* Resources */ = {
			isa = PBXResourcesBuildPhase;
			buildActionMask = 2147483647;
			files = (
			);
			runOnlyForDeploymentPostprocessing = 0;
		};
/* End PBXResourcesBuildPhase section */

/* Begin PBXSourcesBuildPhase section */
		35391BA8278BC5A800B22954 /* Sources */ = {
			isa = PBXSourcesBuildPhase;
			buildActionMask = 2147483647;
			files = (
				35391BDA278BC5EE00B22954 /* SpriteNodeComponent.swift in Sources */,
				35A5552F278C3AE0006FA70D /* FlatWorldGenerator.swift in Sources */,
				3554CB0027F51B36000EE620 /* AchievementHUDNode.swift in Sources */,
				35391BDF278BC5EE00B22954 /* WorldAssociationComponent.swift in Sources */,
				35391BE1278BC5F400B22954 /* WorldEntity.swift in Sources */,
				35A55527278C3AE0006FA70D /* NatureWorldGenerator.swift in Sources */,
				35721442279577C7003C640F /* GameMode.swift in Sources */,
				35391BC5278BC5D800B22954 /* Box.swift in Sources */,
				35391BC8278BC5D800B22954 /* ChunkConstants.swift in Sources */,
				357EB0CD279640B00004CA6E /* Debouncer.swift in Sources */,
				35F2680427F76C7D00CC458C /* HandNodeComponent.swift in Sources */,
				35A5552D278C3AE0006FA70D /* Item.swift in Sources */,
				35A55529278C3AE0006FA70D /* EmptyWorldGenerator.swift in Sources */,
				35391BC3278BC5D800B22954 /* MathUtils.swift in Sources */,
				3540752327F2A6EE00887E01 /* MouseCaptureVisibilityComponent.swift in Sources */,
				35391BE0278BC5EE00B22954 /* WorldRetainComponent.swift in Sources */,
				35A5555A278C4868006FA70D /* BlockNode.swift in Sources */,
				35A5554A278C421C006FA70D /* PlayerAssocationComponent.swift in Sources */,
				35391BDE278BC5EE00B22954 /* WorldLoadComponent.swift in Sources */,
				35391BF5278BC8ED00B22954 /* CompatibilityLayer.swift in Sources */,
				35391BD8278BC5EE00B22954 /* PlayerGravityComponent.swift in Sources */,
				35A55557278C4806006FA70D /* CrosshairHUDNode.swift in Sources */,
				35391BDC278BC5EE00B22954 /* WorldComponent.swift in Sources */,
				355006CC27A0BECD0021A0BE /* DebugHUDEntity.swift in Sources */,
				35391BCB278BC5D800B22954 /* CoreGraphicsUtils.swift in Sources */,
				35391BC2278BC5D800B22954 /* GridIterator2.swift in Sources */,
				35391BE7278BC5F700B22954 /* KeyCode.swift in Sources */,
				35A55533278C3AE0006FA70D /* ItemType.swift in Sources */,
				35391BF2278BC79A00B22954 /* SceneDelegate.swift in Sources */,
				3540752027F2A47D00887E01 /* NodeConstants.swift in Sources */,
				35F2680127F76AAC00CC458C /* HandLoadComponent.swift in Sources */,
				35A55531278C3AE0006FA70D /* WorldGeneratorType.swift in Sources */,
				35391BD9278BC5EE00B22954 /* SceneNodeComponent.swift in Sources */,
				35391BC0278BC5D800B22954 /* BlockPos3.swift in Sources */,
				35391BC4278BC5D800B22954 /* BlockPos2.swift in Sources */,
				35A55563278C4C2D006FA70D /* HotbarHUDLoadComponent.swift in Sources */,
				35A55538278C3B42006FA70D /* Inventory.swift in Sources */,
				35391BCA278BC5D800B22954 /* Vec2Protocol.swift in Sources */,
				35A5553E278C3DB6006FA70D /* NameComponent.swift in Sources */,
				35A1C69E27FD399300A2EF76 /* GameControllerUtils.swift in Sources */,
				35A55541278C3EBF006FA70D /* HotbarHUDEntity.swift in Sources */,
				35A55525278C3AE0006FA70D /* WorldGenerator.swift in Sources */,
				35FEC15C278E76D900E2000E /* FIFOCache.swift in Sources */,
				35A55560278C4BEA006FA70D /* HotbarHUDSlotNode.swift in Sources */,
				35A5551D278C3AE0006FA70D /* World.swift in Sources */,
				35A5551F278C3AE0006FA70D /* Strip.swift in Sources */,
				3554CB0327F51D84000EE620 /* AchievementHUDEntity.swift in Sources */,
				35A55521278C3AE0006FA70D /* Block.swift in Sources */,
				35A55535278C3AE0006FA70D /* OceanWorldGenerator.swift in Sources */,
				35391BD7278BC5EE00B22954 /* LookAtBlockComponent.swift in Sources */,
				3572145427958172003C640F /* PlayerPositioningComponent.swift in Sources */,
				35FEC157278E6BD900E2000E /* CyclicDeque.swift in Sources */,
				35391BC9278BC5D800B22954 /* ChunkPos.swift in Sources */,
				3572144B27957970003C640F /* Vec3.swift in Sources */,
				3572144E27957B11003C640F /* Vec2Convertible.swift in Sources */,
				35391BC6278BC5D800B22954 /* Throttler.swift in Sources */,
				3554CB0627F51F0E000EE620 /* AchievementHUDLoadComponent.swift in Sources */,
				35A55569278C5760006FA70D /* Wraparound.swift in Sources */,
				35391BE3278BC5F400B22954 /* PlayerEntity.swift in Sources */,
				35391BE2278BC5F400B22954 /* AmbientLightEntity.swift in Sources */,
				3540751A27F2A06300887E01 /* PauseHUDEntity.swift in Sources */,
				3572145127957B56003C640F /* Vec3Convertible.swift in Sources */,
				35391BE6278BC5F700B22954 /* MiniBlocksSceneView.swift in Sources */,
				35391BAF278BC5A800B22954 /* AppDelegate.swift in Sources */,
				35A5552B278C3AE0006FA70D /* WavyHillsWorldGenerator.swift in Sources */,
				35FEC154278E6B1B00E2000E /* Deque.swift in Sources */,
				3554CAFA27F50578000EE620 /* Achievements.swift in Sources */,
				35A55547278C408C006FA70D /* ItemStack.swift in Sources */,
				35391BDB278BC5EE00B22954 /* HeightAboveGroundComponent.swift in Sources */,
				35391BBF278BC5D800B22954 /* ChunkRegion.swift in Sources */,
				35A5553B278C3CA5006FA70D /* PlayerInfo.swift in Sources */,
				35391BDD278BC5EE00B22954 /* PlayerControlComponent.swift in Sources */,
				35391BE5278BC5F400B22954 /* CrosshairHUDEntity.swift in Sources */,
				3540751D27F2A10A00887E01 /* PauseHUDNode.swift in Sources */,
				35A5555D278C497F006FA70D /* ItemNode.swift in Sources */,
				35391BE4278BC5F400B22954 /* SunEntity.swift in Sources */,
				355006CF27A0C0710021A0BE /* DebugHUDLoadComponent.swift in Sources */,
				35391BC7278BC5D800B22954 /* SceneKitUtils.swift in Sources */,
				3572144827957961003C640F /* Vec2.swift in Sources */,
				35391BC1278BC5D800B22954 /* Vec3Protocol.swift in Sources */,
				35391BE8278BC5F700B22954 /* MiniBlocksViewController.swift in Sources */,
				35A5556C278C5829006FA70D /* InventoryConstants.swift in Sources */,
				35A55523278C3AE0006FA70D /* BlockType.swift in Sources */,
			);
			runOnlyForDeploymentPostprocessing = 0;
		};
		35E7F3E227867ED10067F0F7 /* Sources */ = {
			isa = PBXSourcesBuildPhase;
			buildActionMask = 2147483647;
			files = (
				35A5553A278C3CA5006FA70D /* PlayerInfo.swift in Sources */,
				35A5552E278C3AE0006FA70D /* FlatWorldGenerator.swift in Sources */,
				3554CAFF27F51B36000EE620 /* AchievementHUDNode.swift in Sources */,
				35E7F416278688180067F0F7 /* KeyCode.swift in Sources */,
				35A55537278C3B42006FA70D /* Inventory.swift in Sources */,
				35A55532278C3AE0006FA70D /* ItemType.swift in Sources */,
				357214412795747A003C640F /* GameMode.swift in Sources */,
				35A0C28627873D1100FA8570 /* BlockPos3.swift in Sources */,
				35EA353E2788A57C0066DD82 /* WorldAssociationComponent.swift in Sources */,
				357EB0CC279640B00004CA6E /* Debouncer.swift in Sources */,
				35F2680327F76C7D00CC458C /* HandNodeComponent.swift in Sources */,
				35A55530278C3AE0006FA70D /* WorldGeneratorType.swift in Sources */,
				35A55526278C3AE0006FA70D /* NatureWorldGenerator.swift in Sources */,
				35A5553D278C3DB6006FA70D /* NameComponent.swift in Sources */,
				3540752227F2A6EE00887E01 /* MouseCaptureVisibilityComponent.swift in Sources */,
				35EA354E2788B3870066DD82 /* Vec3Protocol.swift in Sources */,
				35A55559278C4868006FA70D /* BlockNode.swift in Sources */,
				35A0C2A3278757A700FA8570 /* BlockPos2.swift in Sources */,
				35EA35382788A09E0066DD82 /* MathUtils.swift in Sources */,
				352D7A482787BF1C008FB939 /* MiniBlocksSceneView.swift in Sources */,
				35A0C28C27873F1400FA8570 /* SceneNodeComponent.swift in Sources */,
				35A55556278C4806006FA70D /* CrosshairHUDNode.swift in Sources */,
				35EA352427889B560066DD82 /* ChunkConstants.swift in Sources */,
				355006CB27A0BECD0021A0BE /* DebugHUDEntity.swift in Sources */,
				35EA354C2788B1D30066DD82 /* Vec2Protocol.swift in Sources */,
				35391BF4278BC8ED00B22954 /* CompatibilityLayer.swift in Sources */,
				35EA351C278895D60066DD82 /* WorldRetainComponent.swift in Sources */,
				35A0C28A27873DB300FA8570 /* WorldEntity.swift in Sources */,
				35A0C2902787475600FA8570 /* PlayerEntity.swift in Sources */,
				3540751F27F2A47D00887E01 /* NodeConstants.swift in Sources */,
				35F2680027F76AAC00CC458C /* HandLoadComponent.swift in Sources */,
				35E7F3EA27867ED10067F0F7 /* AppDelegate.swift in Sources */,
				352D7A422787B89B008FB939 /* SpriteNodeComponent.swift in Sources */,
				35EA354A2788A8B00066DD82 /* ChunkRegion.swift in Sources */,
				35A5551E278C3AE0006FA70D /* Strip.swift in Sources */,
				35A55562278C4C2D006FA70D /* HotbarHUDLoadComponent.swift in Sources */,
				35A55522278C3AE0006FA70D /* BlockType.swift in Sources */,
				35A5551C278C3AE0006FA70D /* World.swift in Sources */,
				35A55534278C3AE0006FA70D /* OceanWorldGenerator.swift in Sources */,
				35A1C69D27FD399300A2EF76 /* GameControllerUtils.swift in Sources */,
				35A55549278C421C006FA70D /* PlayerAssocationComponent.swift in Sources */,
				35A0C294278748EA00FA8570 /* PlayerControlComponent.swift in Sources */,
				35FEC15B278E76D900E2000E /* FIFOCache.swift in Sources */,
				35A5555F278C4BEA006FA70D /* HotbarHUDSlotNode.swift in Sources */,
				35A55524278C3AE0006FA70D /* WorldGenerator.swift in Sources */,
				35A55520278C3AE0006FA70D /* Block.swift in Sources */,
				3554CB0227F51D84000EE620 /* AchievementHUDEntity.swift in Sources */,
				35A55546278C408C006FA70D /* ItemStack.swift in Sources */,
				35A0C28827873D2900FA8570 /* Box.swift in Sources */,
				352D7A402787B211008FB939 /* LookAtBlockComponent.swift in Sources */,
				3572145327958172003C640F /* PlayerPositioningComponent.swift in Sources */,
				35FEC156278E6BD900E2000E /* CyclicDeque.swift in Sources */,
				35E7F410278682D40067F0F7 /* MiniBlocksViewController.swift in Sources */,
				3572144A27957970003C640F /* Vec3.swift in Sources */,
				3572144D27957B11003C640F /* Vec2Convertible.swift in Sources */,
				35A5552C278C3AE0006FA70D /* Item.swift in Sources */,
				3554CB0527F51F0E000EE620 /* AchievementHUDLoadComponent.swift in Sources */,
				35A55568278C5760006FA70D /* Wraparound.swift in Sources */,
				35A55528278C3AE0006FA70D /* EmptyWorldGenerator.swift in Sources */,
				35EA352627889CBE0066DD82 /* GridIterator2.swift in Sources */,
				3540751927F2A06300887E01 /* PauseHUDEntity.swift in Sources */,
				3572145027957B56003C640F /* Vec3Convertible.swift in Sources */,
				35D9E8A3278888190058F0E6 /* AmbientLightEntity.swift in Sources */,
				35A0C298278753AE00FA8570 /* Throttler.swift in Sources */,
				35A0C296278752E900FA8570 /* PlayerGravityComponent.swift in Sources */,
				35FEC153278E6B1B00E2000E /* Deque.swift in Sources */,
				3554CAF927F50578000EE620 /* Achievements.swift in Sources */,
				35A0C2A727875C7300FA8570 /* WorldComponent.swift in Sources */,
				3546255827878798000489E8 /* SceneKitUtils.swift in Sources */,
				35A5552A278C3AE0006FA70D /* WavyHillsWorldGenerator.swift in Sources */,
				35EA3518278895750066DD82 /* WorldLoadComponent.swift in Sources */,
				35A0C2A927875EC400FA8570 /* HeightAboveGroundComponent.swift in Sources */,
				35A55540278C3EBF006FA70D /* HotbarHUDEntity.swift in Sources */,
				3540751C27F2A10A00887E01 /* PauseHUDNode.swift in Sources */,
				35A5555C278C497F006FA70D /* ItemNode.swift in Sources */,
				35D9E8A1278887960058F0E6 /* SunEntity.swift in Sources */,
				355006CE27A0C0710021A0BE /* DebugHUDLoadComponent.swift in Sources */,
				35EA352227889B200066DD82 /* ChunkPos.swift in Sources */,
				3572144727957961003C640F /* Vec2.swift in Sources */,
				352D7A462787BD70008FB939 /* CoreGraphicsUtils.swift in Sources */,
				35E7F412278683950067F0F7 /* main.swift in Sources */,
				35A5556B278C5829006FA70D /* InventoryConstants.swift in Sources */,
				352D7A442787B90A008FB939 /* CrosshairHUDEntity.swift in Sources */,
			);
			runOnlyForDeploymentPostprocessing = 0;
		};
		35EA352727889DA10066DD82 /* Sources */ = {
			isa = PBXSourcesBuildPhase;
			buildActionMask = 2147483647;
			files = (
				35EA353C2788A2520066DD82 /* ChunkPosTests.swift in Sources */,
				35EA353627889DD30066DD82 /* GridIterator2Tests.swift in Sources */,
				357EB0CF279643720004CA6E /* ThrottlerTests.swift in Sources */,
				35EA353A2788A1BF0066DD82 /* MathUtilsTests.swift in Sources */,
				35FEC159278E700D00E2000E /* CyclicDequeTests.swift in Sources */,
				357EB0D1279644820004CA6E /* DebouncerTests.swift in Sources */,
				3554CAFD27F5096A000EE620 /* AchievementsTests.swift in Sources */,
			);
			runOnlyForDeploymentPostprocessing = 0;
		};
/* End PBXSourcesBuildPhase section */

/* Begin PBXTargetDependency section */
		35EA353027889DA10066DD82 /* PBXTargetDependency */ = {
			isa = PBXTargetDependency;
			target = 35E7F3E527867ED10067F0F7 /* MiniBlocks */;
			targetProxy = 35EA352F27889DA10066DD82 /* PBXContainerItemProxy */;
		};
/* End PBXTargetDependency section */

/* Begin PBXVariantGroup section */
		35391BB9278BC5A900B22954 /* LaunchScreen.storyboard */ = {
			isa = PBXVariantGroup;
			children = (
				35391BBA278BC5A900B22954 /* Base */,
			);
			name = LaunchScreen.storyboard;
			sourceTree = "<group>";
		};
/* End PBXVariantGroup section */

/* Begin XCBuildConfiguration section */
		35391BBD278BC5A900B22954 /* Debug */ = {
			isa = XCBuildConfiguration;
			buildSettings = {
				ASSETCATALOG_COMPILER_APPICON_NAME = AppIcon;
				ASSETCATALOG_COMPILER_GLOBAL_ACCENT_COLOR_NAME = AccentColor;
				CODE_SIGN_STYLE = Automatic;
				CURRENT_PROJECT_VERSION = 1;
				DEVELOPMENT_TEAM = SS8V8UGLY8;
				GENERATE_INFOPLIST_FILE = YES;
				INFOPLIST_FILE = MiniBlocksToGo/Info.plist;
				INFOPLIST_KEY_UIApplicationSupportsIndirectInputEvents = YES;
				INFOPLIST_KEY_UILaunchStoryboardName = LaunchScreen;
				INFOPLIST_KEY_UIStatusBarHidden = YES;
				INFOPLIST_KEY_UISupportedInterfaceOrientations = "UIInterfaceOrientationLandscapeLeft UIInterfaceOrientationLandscapeRight";
				INFOPLIST_KEY_UISupportedInterfaceOrientations_iPad = "UIInterfaceOrientationPortrait UIInterfaceOrientationPortraitUpsideDown UIInterfaceOrientationLandscapeLeft UIInterfaceOrientationLandscapeRight";
				INFOPLIST_KEY_UISupportedInterfaceOrientations_iPhone = "UIInterfaceOrientationLandscapeLeft UIInterfaceOrientationLandscapeRight";
				IPHONEOS_DEPLOYMENT_TARGET = 14.0;
				LD_RUNPATH_SEARCH_PATHS = (
					"$(inherited)",
					"@executable_path/Frameworks",
				);
				MARKETING_VERSION = 1.0;
				PRODUCT_BUNDLE_IDENTIFIER = com.fwcd.MiniBlocksToGo;
				PRODUCT_NAME = MiniBlocks;
				SDKROOT = iphoneos;
				SWIFT_EMIT_LOC_STRINGS = YES;
				SWIFT_VERSION = 5.0;
				TARGETED_DEVICE_FAMILY = "1,2";
			};
			name = Debug;
		};
		35391BBE278BC5A900B22954 /* Release */ = {
			isa = XCBuildConfiguration;
			buildSettings = {
				ASSETCATALOG_COMPILER_APPICON_NAME = AppIcon;
				ASSETCATALOG_COMPILER_GLOBAL_ACCENT_COLOR_NAME = AccentColor;
				CODE_SIGN_STYLE = Automatic;
				CURRENT_PROJECT_VERSION = 1;
				DEVELOPMENT_TEAM = SS8V8UGLY8;
				GENERATE_INFOPLIST_FILE = YES;
				INFOPLIST_FILE = MiniBlocksToGo/Info.plist;
				INFOPLIST_KEY_UIApplicationSupportsIndirectInputEvents = YES;
				INFOPLIST_KEY_UILaunchStoryboardName = LaunchScreen;
				INFOPLIST_KEY_UIStatusBarHidden = YES;
				INFOPLIST_KEY_UISupportedInterfaceOrientations = "UIInterfaceOrientationLandscapeLeft UIInterfaceOrientationLandscapeRight";
				INFOPLIST_KEY_UISupportedInterfaceOrientations_iPad = "UIInterfaceOrientationPortrait UIInterfaceOrientationPortraitUpsideDown UIInterfaceOrientationLandscapeLeft UIInterfaceOrientationLandscapeRight";
				INFOPLIST_KEY_UISupportedInterfaceOrientations_iPhone = "UIInterfaceOrientationLandscapeLeft UIInterfaceOrientationLandscapeRight";
				IPHONEOS_DEPLOYMENT_TARGET = 14.0;
				LD_RUNPATH_SEARCH_PATHS = (
					"$(inherited)",
					"@executable_path/Frameworks",
				);
				MARKETING_VERSION = 1.0;
				PRODUCT_BUNDLE_IDENTIFIER = com.fwcd.MiniBlocksToGo;
				PRODUCT_NAME = MiniBlocks;
				SDKROOT = iphoneos;
				SWIFT_EMIT_LOC_STRINGS = YES;
				SWIFT_VERSION = 5.0;
				TARGETED_DEVICE_FAMILY = "1,2";
				VALIDATE_PRODUCT = YES;
			};
			name = Release;
		};
		35E7F3F527867ED20067F0F7 /* Debug */ = {
			isa = XCBuildConfiguration;
			buildSettings = {
				ALWAYS_SEARCH_USER_PATHS = NO;
				CLANG_ANALYZER_NONNULL = YES;
				CLANG_ANALYZER_NUMBER_OBJECT_CONVERSION = YES_AGGRESSIVE;
				CLANG_CXX_LANGUAGE_STANDARD = "gnu++17";
				CLANG_CXX_LIBRARY = "libc++";
				CLANG_ENABLE_MODULES = YES;
				CLANG_ENABLE_OBJC_ARC = YES;
				CLANG_ENABLE_OBJC_WEAK = YES;
				CLANG_WARN_BLOCK_CAPTURE_AUTORELEASING = YES;
				CLANG_WARN_BOOL_CONVERSION = YES;
				CLANG_WARN_COMMA = YES;
				CLANG_WARN_CONSTANT_CONVERSION = YES;
				CLANG_WARN_DEPRECATED_OBJC_IMPLEMENTATIONS = YES;
				CLANG_WARN_DIRECT_OBJC_ISA_USAGE = YES_ERROR;
				CLANG_WARN_DOCUMENTATION_COMMENTS = YES;
				CLANG_WARN_EMPTY_BODY = YES;
				CLANG_WARN_ENUM_CONVERSION = YES;
				CLANG_WARN_INFINITE_RECURSION = YES;
				CLANG_WARN_INT_CONVERSION = YES;
				CLANG_WARN_NON_LITERAL_NULL_CONVERSION = YES;
				CLANG_WARN_OBJC_IMPLICIT_RETAIN_SELF = YES;
				CLANG_WARN_OBJC_LITERAL_CONVERSION = YES;
				CLANG_WARN_OBJC_ROOT_CLASS = YES_ERROR;
				CLANG_WARN_QUOTED_INCLUDE_IN_FRAMEWORK_HEADER = YES;
				CLANG_WARN_RANGE_LOOP_ANALYSIS = YES;
				CLANG_WARN_STRICT_PROTOTYPES = YES;
				CLANG_WARN_SUSPICIOUS_MOVE = YES;
				CLANG_WARN_UNGUARDED_AVAILABILITY = YES_AGGRESSIVE;
				CLANG_WARN_UNREACHABLE_CODE = YES;
				CLANG_WARN__DUPLICATE_METHOD_MATCH = YES;
				COPY_PHASE_STRIP = NO;
				DEBUG_INFORMATION_FORMAT = dwarf;
				ENABLE_STRICT_OBJC_MSGSEND = YES;
				ENABLE_TESTABILITY = YES;
				GCC_C_LANGUAGE_STANDARD = gnu11;
				GCC_DYNAMIC_NO_PIC = NO;
				GCC_NO_COMMON_BLOCKS = YES;
				GCC_OPTIMIZATION_LEVEL = 0;
				GCC_PREPROCESSOR_DEFINITIONS = (
					"DEBUG=1",
					"$(inherited)",
				);
				GCC_WARN_64_TO_32_BIT_CONVERSION = YES;
				GCC_WARN_ABOUT_RETURN_TYPE = YES_ERROR;
				GCC_WARN_UNDECLARED_SELECTOR = YES;
				GCC_WARN_UNINITIALIZED_AUTOS = YES_AGGRESSIVE;
				GCC_WARN_UNUSED_FUNCTION = YES;
				GCC_WARN_UNUSED_VARIABLE = YES;
				MACOSX_DEPLOYMENT_TARGET = 12.1;
				MTL_ENABLE_DEBUG_INFO = INCLUDE_SOURCE;
				MTL_FAST_MATH = YES;
				ONLY_ACTIVE_ARCH = YES;
				SDKROOT = macosx;
				SWIFT_ACTIVE_COMPILATION_CONDITIONS = DEBUG;
				SWIFT_OPTIMIZATION_LEVEL = "-Onone";
			};
			name = Debug;
		};
		35E7F3F627867ED20067F0F7 /* Release */ = {
			isa = XCBuildConfiguration;
			buildSettings = {
				ALWAYS_SEARCH_USER_PATHS = NO;
				CLANG_ANALYZER_NONNULL = YES;
				CLANG_ANALYZER_NUMBER_OBJECT_CONVERSION = YES_AGGRESSIVE;
				CLANG_CXX_LANGUAGE_STANDARD = "gnu++17";
				CLANG_CXX_LIBRARY = "libc++";
				CLANG_ENABLE_MODULES = YES;
				CLANG_ENABLE_OBJC_ARC = YES;
				CLANG_ENABLE_OBJC_WEAK = YES;
				CLANG_WARN_BLOCK_CAPTURE_AUTORELEASING = YES;
				CLANG_WARN_BOOL_CONVERSION = YES;
				CLANG_WARN_COMMA = YES;
				CLANG_WARN_CONSTANT_CONVERSION = YES;
				CLANG_WARN_DEPRECATED_OBJC_IMPLEMENTATIONS = YES;
				CLANG_WARN_DIRECT_OBJC_ISA_USAGE = YES_ERROR;
				CLANG_WARN_DOCUMENTATION_COMMENTS = YES;
				CLANG_WARN_EMPTY_BODY = YES;
				CLANG_WARN_ENUM_CONVERSION = YES;
				CLANG_WARN_INFINITE_RECURSION = YES;
				CLANG_WARN_INT_CONVERSION = YES;
				CLANG_WARN_NON_LITERAL_NULL_CONVERSION = YES;
				CLANG_WARN_OBJC_IMPLICIT_RETAIN_SELF = YES;
				CLANG_WARN_OBJC_LITERAL_CONVERSION = YES;
				CLANG_WARN_OBJC_ROOT_CLASS = YES_ERROR;
				CLANG_WARN_QUOTED_INCLUDE_IN_FRAMEWORK_HEADER = YES;
				CLANG_WARN_RANGE_LOOP_ANALYSIS = YES;
				CLANG_WARN_STRICT_PROTOTYPES = YES;
				CLANG_WARN_SUSPICIOUS_MOVE = YES;
				CLANG_WARN_UNGUARDED_AVAILABILITY = YES_AGGRESSIVE;
				CLANG_WARN_UNREACHABLE_CODE = YES;
				CLANG_WARN__DUPLICATE_METHOD_MATCH = YES;
				COPY_PHASE_STRIP = NO;
				DEBUG_INFORMATION_FORMAT = "dwarf-with-dsym";
				ENABLE_NS_ASSERTIONS = NO;
				ENABLE_STRICT_OBJC_MSGSEND = YES;
				GCC_C_LANGUAGE_STANDARD = gnu11;
				GCC_NO_COMMON_BLOCKS = YES;
				GCC_WARN_64_TO_32_BIT_CONVERSION = YES;
				GCC_WARN_ABOUT_RETURN_TYPE = YES_ERROR;
				GCC_WARN_UNDECLARED_SELECTOR = YES;
				GCC_WARN_UNINITIALIZED_AUTOS = YES_AGGRESSIVE;
				GCC_WARN_UNUSED_FUNCTION = YES;
				GCC_WARN_UNUSED_VARIABLE = YES;
				MACOSX_DEPLOYMENT_TARGET = 12.1;
				MTL_ENABLE_DEBUG_INFO = NO;
				MTL_FAST_MATH = YES;
				SDKROOT = macosx;
				SWIFT_COMPILATION_MODE = wholemodule;
				SWIFT_OPTIMIZATION_LEVEL = "-O";
			};
			name = Release;
		};
		35E7F3F827867ED20067F0F7 /* Debug */ = {
			isa = XCBuildConfiguration;
			buildSettings = {
				ASSETCATALOG_COMPILER_APPICON_NAME = AppIcon;
				ASSETCATALOG_COMPILER_GLOBAL_ACCENT_COLOR_NAME = AccentColor;
				CODE_SIGN_ENTITLEMENTS = MiniBlocks/MiniBlocks.entitlements;
				CODE_SIGN_STYLE = Automatic;
				COMBINE_HIDPI_IMAGES = YES;
				CURRENT_PROJECT_VERSION = 1;
				DEVELOPMENT_TEAM = SS8V8UGLY8;
				ENABLE_HARDENED_RUNTIME = YES;
				GENERATE_INFOPLIST_FILE = YES;
				INFOPLIST_KEY_NSHumanReadableCopyright = "";
				INFOPLIST_KEY_NSPrincipalClass = NSApplication;
				LD_RUNPATH_SEARCH_PATHS = (
					"$(inherited)",
					"@executable_path/../Frameworks",
				);
				MARKETING_VERSION = 1.0;
				PRODUCT_BUNDLE_IDENTIFIER = com.fwcd.MiniBlocks;
				PRODUCT_NAME = "$(TARGET_NAME)";
				SWIFT_EMIT_LOC_STRINGS = YES;
				SWIFT_VERSION = 5.0;
			};
			name = Debug;
		};
		35E7F3F927867ED20067F0F7 /* Release */ = {
			isa = XCBuildConfiguration;
			buildSettings = {
				ASSETCATALOG_COMPILER_APPICON_NAME = AppIcon;
				ASSETCATALOG_COMPILER_GLOBAL_ACCENT_COLOR_NAME = AccentColor;
				CODE_SIGN_ENTITLEMENTS = MiniBlocks/MiniBlocks.entitlements;
				CODE_SIGN_STYLE = Automatic;
				COMBINE_HIDPI_IMAGES = YES;
				CURRENT_PROJECT_VERSION = 1;
				DEVELOPMENT_TEAM = SS8V8UGLY8;
				ENABLE_HARDENED_RUNTIME = YES;
				GENERATE_INFOPLIST_FILE = YES;
				INFOPLIST_KEY_NSHumanReadableCopyright = "";
				INFOPLIST_KEY_NSPrincipalClass = NSApplication;
				LD_RUNPATH_SEARCH_PATHS = (
					"$(inherited)",
					"@executable_path/../Frameworks",
				);
				MARKETING_VERSION = 1.0;
				PRODUCT_BUNDLE_IDENTIFIER = com.fwcd.MiniBlocks;
				PRODUCT_NAME = "$(TARGET_NAME)";
				SWIFT_EMIT_LOC_STRINGS = YES;
				SWIFT_VERSION = 5.0;
			};
			name = Release;
		};
		35EA353227889DA10066DD82 /* Debug */ = {
			isa = XCBuildConfiguration;
			buildSettings = {
				BUNDLE_LOADER = "$(TEST_HOST)";
				CODE_SIGN_STYLE = Automatic;
				CURRENT_PROJECT_VERSION = 1;
				DEVELOPMENT_TEAM = SS8V8UGLY8;
				GENERATE_INFOPLIST_FILE = YES;
				MARKETING_VERSION = 1.0;
				PRODUCT_BUNDLE_IDENTIFIER = com.fwcd.MiniBlocksTests;
				PRODUCT_NAME = "$(TARGET_NAME)";
				SWIFT_EMIT_LOC_STRINGS = NO;
				SWIFT_VERSION = 5.0;
				TEST_HOST = "$(BUILT_PRODUCTS_DIR)/MiniBlocks.app/Contents/MacOS/MiniBlocks";
			};
			name = Debug;
		};
		35EA353327889DA10066DD82 /* Release */ = {
			isa = XCBuildConfiguration;
			buildSettings = {
				BUNDLE_LOADER = "$(TEST_HOST)";
				CODE_SIGN_STYLE = Automatic;
				CURRENT_PROJECT_VERSION = 1;
				DEVELOPMENT_TEAM = SS8V8UGLY8;
				GENERATE_INFOPLIST_FILE = YES;
				MARKETING_VERSION = 1.0;
				PRODUCT_BUNDLE_IDENTIFIER = com.fwcd.MiniBlocksTests;
				PRODUCT_NAME = "$(TARGET_NAME)";
				SWIFT_EMIT_LOC_STRINGS = NO;
				SWIFT_VERSION = 5.0;
				TEST_HOST = "$(BUILT_PRODUCTS_DIR)/MiniBlocks.app/Contents/MacOS/MiniBlocks";
			};
			name = Release;
		};
/* End XCBuildConfiguration section */

/* Begin XCConfigurationList section */
		35391BBC278BC5A900B22954 /* Build configuration list for PBXNativeTarget "MiniBlocksToGo" */ = {
			isa = XCConfigurationList;
			buildConfigurations = (
				35391BBD278BC5A900B22954 /* Debug */,
				35391BBE278BC5A900B22954 /* Release */,
			);
			defaultConfigurationIsVisible = 0;
			defaultConfigurationName = Release;
		};
		35E7F3E127867ED10067F0F7 /* Build configuration list for PBXProject "MiniBlocks" */ = {
			isa = XCConfigurationList;
			buildConfigurations = (
				35E7F3F527867ED20067F0F7 /* Debug */,
				35E7F3F627867ED20067F0F7 /* Release */,
			);
			defaultConfigurationIsVisible = 0;
			defaultConfigurationName = Release;
		};
		35E7F3F727867ED20067F0F7 /* Build configuration list for PBXNativeTarget "MiniBlocks" */ = {
			isa = XCConfigurationList;
			buildConfigurations = (
				35E7F3F827867ED20067F0F7 /* Debug */,
				35E7F3F927867ED20067F0F7 /* Release */,
			);
			defaultConfigurationIsVisible = 0;
			defaultConfigurationName = Release;
		};
		35EA353127889DA10066DD82 /* Build configuration list for PBXNativeTarget "MiniBlocksTests" */ = {
			isa = XCConfigurationList;
			buildConfigurations = (
				35EA353227889DA10066DD82 /* Debug */,
				35EA353327889DA10066DD82 /* Release */,
			);
			defaultConfigurationIsVisible = 0;
			defaultConfigurationName = Release;
		};
/* End XCConfigurationList section */
	};
	rootObject = 35E7F3DE27867ED10067F0F7 /* Project object */;
}
