// !$*UTF8*$!
{
	archiveVersion = 1;
	classes = {
	};
	objectVersion = 55;
	objects = {

/* Begin PBXBuildFile section */
		352D7A402787B211008FB939 /* LookAtBlockComponent.swift in Sources */ = {isa = PBXBuildFile; fileRef = 352D7A3F2787B211008FB939 /* LookAtBlockComponent.swift */; };
		352D7A422787B89B008FB939 /* SpriteNodeComponent.swift in Sources */ = {isa = PBXBuildFile; fileRef = 352D7A412787B89B008FB939 /* SpriteNodeComponent.swift */; };
		352D7A442787B90A008FB939 /* CrosshairHUDEntity.swift in Sources */ = {isa = PBXBuildFile; fileRef = 352D7A432787B90A008FB939 /* CrosshairHUDEntity.swift */; };
		352D7A462787BD70008FB939 /* CoreGraphicsUtils.swift in Sources */ = {isa = PBXBuildFile; fileRef = 352D7A452787BD70008FB939 /* CoreGraphicsUtils.swift */; };
		352D7A482787BF1C008FB939 /* MiniBlocksSceneView.swift in Sources */ = {isa = PBXBuildFile; fileRef = 352D7A472787BF1C008FB939 /* MiniBlocksSceneView.swift */; };
		35391BA7278BBAA400B22954 /* TextureBedrock.png in Resources */ = {isa = PBXBuildFile; fileRef = 35391BA6278BBAA400B22954 /* TextureBedrock.png */; };
		35391BAF278BC5A800B22954 /* AppDelegate.swift in Sources */ = {isa = PBXBuildFile; fileRef = 35391BAE278BC5A800B22954 /* AppDelegate.swift */; };
		35391BB8278BC5A900B22954 /* Assets.xcassets in Resources */ = {isa = PBXBuildFile; fileRef = 35391BB7278BC5A900B22954 /* Assets.xcassets */; };
		35391BBB278BC5A900B22954 /* LaunchScreen.storyboard in Resources */ = {isa = PBXBuildFile; fileRef = 35391BB9278BC5A900B22954 /* LaunchScreen.storyboard */; };
		35391BBF278BC5D800B22954 /* ChunkRegion.swift in Sources */ = {isa = PBXBuildFile; fileRef = 35EA35492788A8B00066DD82 /* ChunkRegion.swift */; };
		35391BC0278BC5D800B22954 /* GridPos3.swift in Sources */ = {isa = PBXBuildFile; fileRef = 35A0C28527873D1100FA8570 /* GridPos3.swift */; };
		35391BC1278BC5D800B22954 /* Pos3.swift in Sources */ = {isa = PBXBuildFile; fileRef = 35EA354D2788B3870066DD82 /* Pos3.swift */; };
		35391BC2278BC5D800B22954 /* GridIterator2.swift in Sources */ = {isa = PBXBuildFile; fileRef = 35EA352527889CBE0066DD82 /* GridIterator2.swift */; };
		35391BC3278BC5D800B22954 /* MathUtils.swift in Sources */ = {isa = PBXBuildFile; fileRef = 35EA35372788A09E0066DD82 /* MathUtils.swift */; };
		35391BC4278BC5D800B22954 /* GridPos2.swift in Sources */ = {isa = PBXBuildFile; fileRef = 35A0C2A2278757A700FA8570 /* GridPos2.swift */; };
		35391BC5278BC5D800B22954 /* Box.swift in Sources */ = {isa = PBXBuildFile; fileRef = 35A0C28727873D2900FA8570 /* Box.swift */; };
		35391BC6278BC5D800B22954 /* Throttler.swift in Sources */ = {isa = PBXBuildFile; fileRef = 35A0C297278753AE00FA8570 /* Throttler.swift */; };
		35391BC7278BC5D800B22954 /* SceneKitUtils.swift in Sources */ = {isa = PBXBuildFile; fileRef = 3546255727878798000489E8 /* SceneKitUtils.swift */; };
		35391BC8278BC5D800B22954 /* ChunkConstants.swift in Sources */ = {isa = PBXBuildFile; fileRef = 35EA352327889B560066DD82 /* ChunkConstants.swift */; };
		35391BC9278BC5D800B22954 /* ChunkPos.swift in Sources */ = {isa = PBXBuildFile; fileRef = 35EA352127889B200066DD82 /* ChunkPos.swift */; };
		35391BCA278BC5D800B22954 /* Pos2.swift in Sources */ = {isa = PBXBuildFile; fileRef = 35EA354B2788B1D30066DD82 /* Pos2.swift */; };
		35391BCB278BC5D800B22954 /* CoreGraphicsUtils.swift in Sources */ = {isa = PBXBuildFile; fileRef = 352D7A452787BD70008FB939 /* CoreGraphicsUtils.swift */; };
		35391BCC278BC5E200B22954 /* NatureWorldGenerator.swift in Sources */ = {isa = PBXBuildFile; fileRef = 3584BE302789D3710037D0E0 /* NatureWorldGenerator.swift */; };
		35391BCD278BC5E200B22954 /* Block.swift in Sources */ = {isa = PBXBuildFile; fileRef = 35A0C29C278756BE00FA8570 /* Block.swift */; };
		35391BCE278BC5E200B22954 /* BlockType.swift in Sources */ = {isa = PBXBuildFile; fileRef = 35A0C29E278756EC00FA8570 /* BlockType.swift */; };
		35391BCF278BC5E200B22954 /* Strip.swift in Sources */ = {isa = PBXBuildFile; fileRef = 35A0C2A4278757EB00FA8570 /* Strip.swift */; };
		35391BD0278BC5E200B22954 /* EmptyWorldGenerator.swift in Sources */ = {isa = PBXBuildFile; fileRef = 35EA35432788A6380066DD82 /* EmptyWorldGenerator.swift */; };
		35391BD1278BC5E200B22954 /* World.swift in Sources */ = {isa = PBXBuildFile; fileRef = 35A0C29A2787569600FA8570 /* World.swift */; };
		35391BD2278BC5E200B22954 /* WavyHillsWorldGenerator.swift in Sources */ = {isa = PBXBuildFile; fileRef = 35EA35452788A69A0066DD82 /* WavyHillsWorldGenerator.swift */; };
		35391BD3278BC5E200B22954 /* WorldGeneratorType.swift in Sources */ = {isa = PBXBuildFile; fileRef = 35EA354F2788B7840066DD82 /* WorldGeneratorType.swift */; };
		35391BD4278BC5E200B22954 /* FlatWorldGenerator.swift in Sources */ = {isa = PBXBuildFile; fileRef = 35EA35412788A6190066DD82 /* FlatWorldGenerator.swift */; };
		35391BD5278BC5E200B22954 /* OceanWorldGenerator.swift in Sources */ = {isa = PBXBuildFile; fileRef = 3584BE2C2789C1990037D0E0 /* OceanWorldGenerator.swift */; };
		35391BD6278BC5E200B22954 /* WorldGenerator.swift in Sources */ = {isa = PBXBuildFile; fileRef = 35EA353F2788A5AF0066DD82 /* WorldGenerator.swift */; };
		35391BD7278BC5EE00B22954 /* LookAtBlockComponent.swift in Sources */ = {isa = PBXBuildFile; fileRef = 352D7A3F2787B211008FB939 /* LookAtBlockComponent.swift */; };
		35391BD8278BC5EE00B22954 /* GravityComponent.swift in Sources */ = {isa = PBXBuildFile; fileRef = 35A0C295278752E900FA8570 /* GravityComponent.swift */; };
		35391BD9278BC5EE00B22954 /* SceneNodeComponent.swift in Sources */ = {isa = PBXBuildFile; fileRef = 35A0C28B27873F1400FA8570 /* SceneNodeComponent.swift */; };
		35391BDA278BC5EE00B22954 /* SpriteNodeComponent.swift in Sources */ = {isa = PBXBuildFile; fileRef = 352D7A412787B89B008FB939 /* SpriteNodeComponent.swift */; };
		35391BDB278BC5EE00B22954 /* HeightAboveGroundComponent.swift in Sources */ = {isa = PBXBuildFile; fileRef = 35A0C2A827875EC400FA8570 /* HeightAboveGroundComponent.swift */; };
		35391BDC278BC5EE00B22954 /* WorldComponent.swift in Sources */ = {isa = PBXBuildFile; fileRef = 35A0C2A627875C7300FA8570 /* WorldComponent.swift */; };
		35391BDD278BC5EE00B22954 /* PlayerControlComponent.swift in Sources */ = {isa = PBXBuildFile; fileRef = 35A0C293278748EA00FA8570 /* PlayerControlComponent.swift */; };
		35391BDE278BC5EE00B22954 /* WorldLoadComponent.swift in Sources */ = {isa = PBXBuildFile; fileRef = 35EA3517278895750066DD82 /* WorldLoadComponent.swift */; };
		35391BDF278BC5EE00B22954 /* WorldAssociationComponent.swift in Sources */ = {isa = PBXBuildFile; fileRef = 35EA353D2788A57B0066DD82 /* WorldAssociationComponent.swift */; };
		35391BE0278BC5EE00B22954 /* WorldRetainComponent.swift in Sources */ = {isa = PBXBuildFile; fileRef = 35EA351B278895D60066DD82 /* WorldRetainComponent.swift */; };
		35391BE1278BC5F400B22954 /* WorldEntity.swift in Sources */ = {isa = PBXBuildFile; fileRef = 35A0C28927873DB300FA8570 /* WorldEntity.swift */; };
		35391BE2278BC5F400B22954 /* AmbientLightEntity.swift in Sources */ = {isa = PBXBuildFile; fileRef = 35D9E8A2278888190058F0E6 /* AmbientLightEntity.swift */; };
		35391BE3278BC5F400B22954 /* PlayerEntity.swift in Sources */ = {isa = PBXBuildFile; fileRef = 35A0C28F2787475600FA8570 /* PlayerEntity.swift */; };
		35391BE4278BC5F400B22954 /* SunEntity.swift in Sources */ = {isa = PBXBuildFile; fileRef = 35D9E8A0278887960058F0E6 /* SunEntity.swift */; };
		35391BE5278BC5F400B22954 /* CrosshairHUDEntity.swift in Sources */ = {isa = PBXBuildFile; fileRef = 352D7A432787B90A008FB939 /* CrosshairHUDEntity.swift */; };
		35391BE6278BC5F700B22954 /* MiniBlocksSceneView.swift in Sources */ = {isa = PBXBuildFile; fileRef = 352D7A472787BF1C008FB939 /* MiniBlocksSceneView.swift */; };
		35391BE7278BC5F700B22954 /* KeyCodes.swift in Sources */ = {isa = PBXBuildFile; fileRef = 35E7F415278688180067F0F7 /* KeyCodes.swift */; };
		35391BE8278BC5F700B22954 /* MiniBlocksViewController.swift in Sources */ = {isa = PBXBuildFile; fileRef = 35E7F40F278682D40067F0F7 /* MiniBlocksViewController.swift */; };
		35391BE9278BC5FB00B22954 /* MiniBlocksScene.scn in Resources */ = {isa = PBXBuildFile; fileRef = 35E7F40A278682C60067F0F7 /* MiniBlocksScene.scn */; };
		35391BEA278BC5FB00B22954 /* TextureLeaves.png in Resources */ = {isa = PBXBuildFile; fileRef = 35D8D9ED278B3F470056ACAA /* TextureLeaves.png */; };
		35391BEB278BC5FB00B22954 /* TextureStone.png in Resources */ = {isa = PBXBuildFile; fileRef = 3584BE272789BFE40037D0E0 /* TextureStone.png */; };
		35391BEC278BC5FB00B22954 /* TextureWater.png in Resources */ = {isa = PBXBuildFile; fileRef = 3584BE2A2789C1330037D0E0 /* TextureWater.png */; };
		35391BED278BC5FB00B22954 /* TextureGrass.png in Resources */ = {isa = PBXBuildFile; fileRef = 35E7F40B278682C60067F0F7 /* TextureGrass.png */; };
		35391BEE278BC5FB00B22954 /* TextureSand.png in Resources */ = {isa = PBXBuildFile; fileRef = 3584BE262789BFE40037D0E0 /* TextureSand.png */; };
		35391BEF278BC5FB00B22954 /* TextureWood.png in Resources */ = {isa = PBXBuildFile; fileRef = 35D8D9EB278B3D5A0056ACAA /* TextureWood.png */; };
		35391BF0278BC5FB00B22954 /* TextureBedrock.png in Resources */ = {isa = PBXBuildFile; fileRef = 35391BA6278BBAA400B22954 /* TextureBedrock.png */; };
		35391BF2278BC79A00B22954 /* SceneDelegate.swift in Sources */ = {isa = PBXBuildFile; fileRef = 35391BF1278BC79A00B22954 /* SceneDelegate.swift */; };
		35391BF4278BC8ED00B22954 /* CompatibilityLayer.swift in Sources */ = {isa = PBXBuildFile; fileRef = 35391BF3278BC8ED00B22954 /* CompatibilityLayer.swift */; };
		35391BF5278BC8ED00B22954 /* CompatibilityLayer.swift in Sources */ = {isa = PBXBuildFile; fileRef = 35391BF3278BC8ED00B22954 /* CompatibilityLayer.swift */; };
		3546255827878798000489E8 /* SceneKitUtils.swift in Sources */ = {isa = PBXBuildFile; fileRef = 3546255727878798000489E8 /* SceneKitUtils.swift */; };
		3584BE282789BFE40037D0E0 /* TextureSand.png in Resources */ = {isa = PBXBuildFile; fileRef = 3584BE262789BFE40037D0E0 /* TextureSand.png */; };
		3584BE292789BFE40037D0E0 /* TextureStone.png in Resources */ = {isa = PBXBuildFile; fileRef = 3584BE272789BFE40037D0E0 /* TextureStone.png */; };
		3584BE2B2789C1330037D0E0 /* TextureWater.png in Resources */ = {isa = PBXBuildFile; fileRef = 3584BE2A2789C1330037D0E0 /* TextureWater.png */; };
		3584BE2D2789C1990037D0E0 /* OceanWorldGenerator.swift in Sources */ = {isa = PBXBuildFile; fileRef = 3584BE2C2789C1990037D0E0 /* OceanWorldGenerator.swift */; };
		3584BE312789D3710037D0E0 /* NatureWorldGenerator.swift in Sources */ = {isa = PBXBuildFile; fileRef = 3584BE302789D3710037D0E0 /* NatureWorldGenerator.swift */; };
		35A0C28627873D1100FA8570 /* GridPos3.swift in Sources */ = {isa = PBXBuildFile; fileRef = 35A0C28527873D1100FA8570 /* GridPos3.swift */; };
		35A0C28827873D2900FA8570 /* Box.swift in Sources */ = {isa = PBXBuildFile; fileRef = 35A0C28727873D2900FA8570 /* Box.swift */; };
		35A0C28A27873DB300FA8570 /* WorldEntity.swift in Sources */ = {isa = PBXBuildFile; fileRef = 35A0C28927873DB300FA8570 /* WorldEntity.swift */; };
		35A0C28C27873F1400FA8570 /* SceneNodeComponent.swift in Sources */ = {isa = PBXBuildFile; fileRef = 35A0C28B27873F1400FA8570 /* SceneNodeComponent.swift */; };
		35A0C2902787475600FA8570 /* PlayerEntity.swift in Sources */ = {isa = PBXBuildFile; fileRef = 35A0C28F2787475600FA8570 /* PlayerEntity.swift */; };
		35A0C294278748EA00FA8570 /* PlayerControlComponent.swift in Sources */ = {isa = PBXBuildFile; fileRef = 35A0C293278748EA00FA8570 /* PlayerControlComponent.swift */; };
		35A0C296278752E900FA8570 /* GravityComponent.swift in Sources */ = {isa = PBXBuildFile; fileRef = 35A0C295278752E900FA8570 /* GravityComponent.swift */; };
		35A0C298278753AE00FA8570 /* Throttler.swift in Sources */ = {isa = PBXBuildFile; fileRef = 35A0C297278753AE00FA8570 /* Throttler.swift */; };
		35A0C29B2787569600FA8570 /* World.swift in Sources */ = {isa = PBXBuildFile; fileRef = 35A0C29A2787569600FA8570 /* World.swift */; };
		35A0C29D278756BE00FA8570 /* Block.swift in Sources */ = {isa = PBXBuildFile; fileRef = 35A0C29C278756BE00FA8570 /* Block.swift */; };
		35A0C29F278756EC00FA8570 /* BlockType.swift in Sources */ = {isa = PBXBuildFile; fileRef = 35A0C29E278756EC00FA8570 /* BlockType.swift */; };
		35A0C2A3278757A700FA8570 /* GridPos2.swift in Sources */ = {isa = PBXBuildFile; fileRef = 35A0C2A2278757A700FA8570 /* GridPos2.swift */; };
		35A0C2A5278757EB00FA8570 /* Strip.swift in Sources */ = {isa = PBXBuildFile; fileRef = 35A0C2A4278757EB00FA8570 /* Strip.swift */; };
		35A0C2A727875C7300FA8570 /* WorldComponent.swift in Sources */ = {isa = PBXBuildFile; fileRef = 35A0C2A627875C7300FA8570 /* WorldComponent.swift */; };
		35A0C2A927875EC400FA8570 /* HeightAboveGroundComponent.swift in Sources */ = {isa = PBXBuildFile; fileRef = 35A0C2A827875EC400FA8570 /* HeightAboveGroundComponent.swift */; };
		35D8D9EC278B3D5A0056ACAA /* TextureWood.png in Resources */ = {isa = PBXBuildFile; fileRef = 35D8D9EB278B3D5A0056ACAA /* TextureWood.png */; };
		35D8D9EE278B3F470056ACAA /* TextureLeaves.png in Resources */ = {isa = PBXBuildFile; fileRef = 35D8D9ED278B3F470056ACAA /* TextureLeaves.png */; };
		35D9E8A1278887960058F0E6 /* SunEntity.swift in Sources */ = {isa = PBXBuildFile; fileRef = 35D9E8A0278887960058F0E6 /* SunEntity.swift */; };
		35D9E8A3278888190058F0E6 /* AmbientLightEntity.swift in Sources */ = {isa = PBXBuildFile; fileRef = 35D9E8A2278888190058F0E6 /* AmbientLightEntity.swift */; };
		35E7F3EA27867ED10067F0F7 /* AppDelegate.swift in Sources */ = {isa = PBXBuildFile; fileRef = 35E7F3E927867ED10067F0F7 /* AppDelegate.swift */; };
		35E7F3F027867ED20067F0F7 /* Assets.xcassets in Resources */ = {isa = PBXBuildFile; fileRef = 35E7F3EF27867ED20067F0F7 /* Assets.xcassets */; };
		35E7F40C278682C60067F0F7 /* MiniBlocksScene.scn in Resources */ = {isa = PBXBuildFile; fileRef = 35E7F40A278682C60067F0F7 /* MiniBlocksScene.scn */; };
		35E7F40D278682C60067F0F7 /* TextureGrass.png in Resources */ = {isa = PBXBuildFile; fileRef = 35E7F40B278682C60067F0F7 /* TextureGrass.png */; };
		35E7F410278682D40067F0F7 /* MiniBlocksViewController.swift in Sources */ = {isa = PBXBuildFile; fileRef = 35E7F40F278682D40067F0F7 /* MiniBlocksViewController.swift */; };
		35E7F412278683950067F0F7 /* main.swift in Sources */ = {isa = PBXBuildFile; fileRef = 35E7F411278683950067F0F7 /* main.swift */; };
		35E7F416278688180067F0F7 /* KeyCodes.swift in Sources */ = {isa = PBXBuildFile; fileRef = 35E7F415278688180067F0F7 /* KeyCodes.swift */; };
		35EA3518278895750066DD82 /* WorldLoadComponent.swift in Sources */ = {isa = PBXBuildFile; fileRef = 35EA3517278895750066DD82 /* WorldLoadComponent.swift */; };
		35EA351C278895D60066DD82 /* WorldRetainComponent.swift in Sources */ = {isa = PBXBuildFile; fileRef = 35EA351B278895D60066DD82 /* WorldRetainComponent.swift */; };
		35EA352227889B200066DD82 /* ChunkPos.swift in Sources */ = {isa = PBXBuildFile; fileRef = 35EA352127889B200066DD82 /* ChunkPos.swift */; };
		35EA352427889B560066DD82 /* ChunkConstants.swift in Sources */ = {isa = PBXBuildFile; fileRef = 35EA352327889B560066DD82 /* ChunkConstants.swift */; };
		35EA352627889CBE0066DD82 /* GridIterator2.swift in Sources */ = {isa = PBXBuildFile; fileRef = 35EA352527889CBE0066DD82 /* GridIterator2.swift */; };
		35EA353627889DD30066DD82 /* GridIterator2Tests.swift in Sources */ = {isa = PBXBuildFile; fileRef = 35EA353527889DD30066DD82 /* GridIterator2Tests.swift */; };
		35EA35382788A09E0066DD82 /* MathUtils.swift in Sources */ = {isa = PBXBuildFile; fileRef = 35EA35372788A09E0066DD82 /* MathUtils.swift */; };
		35EA353A2788A1BF0066DD82 /* MathUtilsTests.swift in Sources */ = {isa = PBXBuildFile; fileRef = 35EA35392788A1BF0066DD82 /* MathUtilsTests.swift */; };
		35EA353C2788A2520066DD82 /* ChunkPosTests.swift in Sources */ = {isa = PBXBuildFile; fileRef = 35EA353B2788A2520066DD82 /* ChunkPosTests.swift */; };
		35EA353E2788A57C0066DD82 /* WorldAssociationComponent.swift in Sources */ = {isa = PBXBuildFile; fileRef = 35EA353D2788A57B0066DD82 /* WorldAssociationComponent.swift */; };
		35EA35402788A5AF0066DD82 /* WorldGenerator.swift in Sources */ = {isa = PBXBuildFile; fileRef = 35EA353F2788A5AF0066DD82 /* WorldGenerator.swift */; };
		35EA35422788A6190066DD82 /* FlatWorldGenerator.swift in Sources */ = {isa = PBXBuildFile; fileRef = 35EA35412788A6190066DD82 /* FlatWorldGenerator.swift */; };
		35EA35442788A6380066DD82 /* EmptyWorldGenerator.swift in Sources */ = {isa = PBXBuildFile; fileRef = 35EA35432788A6380066DD82 /* EmptyWorldGenerator.swift */; };
		35EA35462788A69A0066DD82 /* WavyHillsWorldGenerator.swift in Sources */ = {isa = PBXBuildFile; fileRef = 35EA35452788A69A0066DD82 /* WavyHillsWorldGenerator.swift */; };
		35EA354A2788A8B00066DD82 /* ChunkRegion.swift in Sources */ = {isa = PBXBuildFile; fileRef = 35EA35492788A8B00066DD82 /* ChunkRegion.swift */; };
		35EA354C2788B1D30066DD82 /* Pos2.swift in Sources */ = {isa = PBXBuildFile; fileRef = 35EA354B2788B1D30066DD82 /* Pos2.swift */; };
		35EA354E2788B3870066DD82 /* Pos3.swift in Sources */ = {isa = PBXBuildFile; fileRef = 35EA354D2788B3870066DD82 /* Pos3.swift */; };
		35EA35502788B7850066DD82 /* WorldGeneratorType.swift in Sources */ = {isa = PBXBuildFile; fileRef = 35EA354F2788B7840066DD82 /* WorldGeneratorType.swift */; };
/* End PBXBuildFile section */

/* Begin PBXContainerItemProxy section */
		35EA352F27889DA10066DD82 /* PBXContainerItemProxy */ = {
			isa = PBXContainerItemProxy;
			containerPortal = 35E7F3DE27867ED10067F0F7 /* Project object */;
			proxyType = 1;
			remoteGlobalIDString = 35E7F3E527867ED10067F0F7;
			remoteInfo = MiniBlocks;
		};
/* End PBXContainerItemProxy section */

/* Begin PBXFileReference section */
		352D7A3F2787B211008FB939 /* LookAtBlockComponent.swift */ = {isa = PBXFileReference; lastKnownFileType = sourcecode.swift; name = LookAtBlockComponent.swift; path = ../../MiniBlocks.playground/Sources/Component/LookAtBlockComponent.swift; sourceTree = "<group>"; };
		352D7A412787B89B008FB939 /* SpriteNodeComponent.swift */ = {isa = PBXFileReference; lastKnownFileType = sourcecode.swift; name = SpriteNodeComponent.swift; path = ../../MiniBlocks.playground/Sources/Component/SpriteNodeComponent.swift; sourceTree = "<group>"; };
		352D7A432787B90A008FB939 /* CrosshairHUDEntity.swift */ = {isa = PBXFileReference; lastKnownFileType = sourcecode.swift; name = CrosshairHUDEntity.swift; path = ../../MiniBlocks.playground/Sources/Entity/CrosshairHUDEntity.swift; sourceTree = "<group>"; };
		352D7A452787BD70008FB939 /* CoreGraphicsUtils.swift */ = {isa = PBXFileReference; lastKnownFileType = sourcecode.swift; name = CoreGraphicsUtils.swift; path = ../../MiniBlocks.playground/Sources/Utils/CoreGraphicsUtils.swift; sourceTree = "<group>"; };
		352D7A472787BF1C008FB939 /* MiniBlocksSceneView.swift */ = {isa = PBXFileReference; lastKnownFileType = sourcecode.swift; name = MiniBlocksSceneView.swift; path = ../../MiniBlocks.playground/Sources/View/MiniBlocksSceneView.swift; sourceTree = "<group>"; };
		35391BA6278BBAA400B22954 /* TextureBedrock.png */ = {isa = PBXFileReference; lastKnownFileType = image.png; name = TextureBedrock.png; path = ../../MiniBlocks.playground/Resources/TextureBedrock.png; sourceTree = "<group>"; };
		35391BAC278BC5A800B22954 /* MiniBlocks.app */ = {isa = PBXFileReference; explicitFileType = wrapper.application; includeInIndex = 0; path = MiniBlocks.app; sourceTree = BUILT_PRODUCTS_DIR; };
		35391BAE278BC5A800B22954 /* AppDelegate.swift */ = {isa = PBXFileReference; lastKnownFileType = sourcecode.swift; path = AppDelegate.swift; sourceTree = "<group>"; };
		35391BB7278BC5A900B22954 /* Assets.xcassets */ = {isa = PBXFileReference; lastKnownFileType = folder.assetcatalog; path = Assets.xcassets; sourceTree = "<group>"; };
		35391BBA278BC5A900B22954 /* Base */ = {isa = PBXFileReference; lastKnownFileType = file.storyboard; name = Base; path = Base.lproj/LaunchScreen.storyboard; sourceTree = "<group>"; };
		35391BF1278BC79A00B22954 /* SceneDelegate.swift */ = {isa = PBXFileReference; lastKnownFileType = sourcecode.swift; path = SceneDelegate.swift; sourceTree = "<group>"; };
		35391BF3278BC8ED00B22954 /* CompatibilityLayer.swift */ = {isa = PBXFileReference; lastKnownFileType = sourcecode.swift; name = CompatibilityLayer.swift; path = ../../MiniBlocks.playground/Sources/Utils/CompatibilityLayer.swift; sourceTree = "<group>"; };
		3546255727878798000489E8 /* SceneKitUtils.swift */ = {isa = PBXFileReference; lastKnownFileType = sourcecode.swift; name = SceneKitUtils.swift; path = ../../MiniBlocks.playground/Sources/Utils/SceneKitUtils.swift; sourceTree = "<group>"; };
		3584BE262789BFE40037D0E0 /* TextureSand.png */ = {isa = PBXFileReference; lastKnownFileType = image.png; name = TextureSand.png; path = ../../MiniBlocks.playground/Resources/TextureSand.png; sourceTree = "<group>"; };
		3584BE272789BFE40037D0E0 /* TextureStone.png */ = {isa = PBXFileReference; lastKnownFileType = image.png; name = TextureStone.png; path = ../../MiniBlocks.playground/Resources/TextureStone.png; sourceTree = "<group>"; };
		3584BE2A2789C1330037D0E0 /* TextureWater.png */ = {isa = PBXFileReference; lastKnownFileType = image.png; name = TextureWater.png; path = ../../MiniBlocks.playground/Resources/TextureWater.png; sourceTree = "<group>"; };
		3584BE2C2789C1990037D0E0 /* OceanWorldGenerator.swift */ = {isa = PBXFileReference; lastKnownFileType = sourcecode.swift; name = OceanWorldGenerator.swift; path = ../../MiniBlocks.playground/Sources/World/OceanWorldGenerator.swift; sourceTree = "<group>"; };
		3584BE302789D3710037D0E0 /* NatureWorldGenerator.swift */ = {isa = PBXFileReference; lastKnownFileType = sourcecode.swift; name = NatureWorldGenerator.swift; path = ../../MiniBlocks.playground/Sources/World/NatureWorldGenerator.swift; sourceTree = "<group>"; };
		35A0C28527873D1100FA8570 /* GridPos3.swift */ = {isa = PBXFileReference; fileEncoding = 4; lastKnownFileType = sourcecode.swift; name = GridPos3.swift; path = ../../MiniBlocks.playground/Sources/Utils/GridPos3.swift; sourceTree = "<group>"; };
		35A0C28727873D2900FA8570 /* Box.swift */ = {isa = PBXFileReference; lastKnownFileType = sourcecode.swift; name = Box.swift; path = ../../MiniBlocks.playground/Sources/Utils/Box.swift; sourceTree = "<group>"; };
		35A0C28927873DB300FA8570 /* WorldEntity.swift */ = {isa = PBXFileReference; lastKnownFileType = sourcecode.swift; name = WorldEntity.swift; path = ../../MiniBlocks.playground/Sources/Entity/WorldEntity.swift; sourceTree = "<group>"; };
		35A0C28B27873F1400FA8570 /* SceneNodeComponent.swift */ = {isa = PBXFileReference; lastKnownFileType = sourcecode.swift; name = SceneNodeComponent.swift; path = ../../MiniBlocks.playground/Sources/Component/SceneNodeComponent.swift; sourceTree = "<group>"; };
		35A0C28F2787475600FA8570 /* PlayerEntity.swift */ = {isa = PBXFileReference; lastKnownFileType = sourcecode.swift; name = PlayerEntity.swift; path = ../../MiniBlocks.playground/Sources/Entity/PlayerEntity.swift; sourceTree = "<group>"; };
		35A0C293278748EA00FA8570 /* PlayerControlComponent.swift */ = {isa = PBXFileReference; lastKnownFileType = sourcecode.swift; name = PlayerControlComponent.swift; path = ../../MiniBlocks.playground/Sources/Component/PlayerControlComponent.swift; sourceTree = "<group>"; };
		35A0C295278752E900FA8570 /* GravityComponent.swift */ = {isa = PBXFileReference; lastKnownFileType = sourcecode.swift; name = GravityComponent.swift; path = ../../MiniBlocks.playground/Sources/Component/GravityComponent.swift; sourceTree = "<group>"; };
		35A0C297278753AE00FA8570 /* Throttler.swift */ = {isa = PBXFileReference; lastKnownFileType = sourcecode.swift; name = Throttler.swift; path = ../../MiniBlocks.playground/Sources/Utils/Throttler.swift; sourceTree = "<group>"; };
		35A0C29A2787569600FA8570 /* World.swift */ = {isa = PBXFileReference; lastKnownFileType = sourcecode.swift; name = World.swift; path = ../../MiniBlocks.playground/Sources/World/World.swift; sourceTree = "<group>"; };
		35A0C29C278756BE00FA8570 /* Block.swift */ = {isa = PBXFileReference; lastKnownFileType = sourcecode.swift; name = Block.swift; path = ../../MiniBlocks.playground/Sources/World/Block.swift; sourceTree = "<group>"; };
		35A0C29E278756EC00FA8570 /* BlockType.swift */ = {isa = PBXFileReference; lastKnownFileType = sourcecode.swift; name = BlockType.swift; path = ../../MiniBlocks.playground/Sources/World/BlockType.swift; sourceTree = "<group>"; };
		35A0C2A2278757A700FA8570 /* GridPos2.swift */ = {isa = PBXFileReference; lastKnownFileType = sourcecode.swift; name = GridPos2.swift; path = ../../MiniBlocks.playground/Sources/Utils/GridPos2.swift; sourceTree = "<group>"; };
		35A0C2A4278757EB00FA8570 /* Strip.swift */ = {isa = PBXFileReference; lastKnownFileType = sourcecode.swift; name = Strip.swift; path = ../../MiniBlocks.playground/Sources/World/Strip.swift; sourceTree = "<group>"; };
		35A0C2A627875C7300FA8570 /* WorldComponent.swift */ = {isa = PBXFileReference; lastKnownFileType = sourcecode.swift; name = WorldComponent.swift; path = ../../MiniBlocks.playground/Sources/Component/WorldComponent.swift; sourceTree = "<group>"; };
		35A0C2A827875EC400FA8570 /* HeightAboveGroundComponent.swift */ = {isa = PBXFileReference; lastKnownFileType = sourcecode.swift; name = HeightAboveGroundComponent.swift; path = ../../MiniBlocks.playground/Sources/Component/HeightAboveGroundComponent.swift; sourceTree = "<group>"; };
		35D8D9EB278B3D5A0056ACAA /* TextureWood.png */ = {isa = PBXFileReference; lastKnownFileType = image.png; name = TextureWood.png; path = ../../MiniBlocks.playground/Resources/TextureWood.png; sourceTree = "<group>"; };
		35D8D9ED278B3F470056ACAA /* TextureLeaves.png */ = {isa = PBXFileReference; lastKnownFileType = image.png; name = TextureLeaves.png; path = ../../MiniBlocks.playground/Resources/TextureLeaves.png; sourceTree = "<group>"; };
		35D9E8A0278887960058F0E6 /* SunEntity.swift */ = {isa = PBXFileReference; lastKnownFileType = sourcecode.swift; name = SunEntity.swift; path = ../../MiniBlocks.playground/Sources/Entity/SunEntity.swift; sourceTree = "<group>"; };
		35D9E8A2278888190058F0E6 /* AmbientLightEntity.swift */ = {isa = PBXFileReference; lastKnownFileType = sourcecode.swift; name = AmbientLightEntity.swift; path = ../../MiniBlocks.playground/Sources/Entity/AmbientLightEntity.swift; sourceTree = "<group>"; };
		35E7F3E627867ED10067F0F7 /* MiniBlocks.app */ = {isa = PBXFileReference; explicitFileType = wrapper.application; includeInIndex = 0; path = MiniBlocks.app; sourceTree = BUILT_PRODUCTS_DIR; };
		35E7F3E927867ED10067F0F7 /* AppDelegate.swift */ = {isa = PBXFileReference; lastKnownFileType = sourcecode.swift; path = AppDelegate.swift; sourceTree = "<group>"; };
		35E7F3EF27867ED20067F0F7 /* Assets.xcassets */ = {isa = PBXFileReference; lastKnownFileType = folder.assetcatalog; path = Assets.xcassets; sourceTree = "<group>"; };
		35E7F3F427867ED20067F0F7 /* MiniBlocks.entitlements */ = {isa = PBXFileReference; lastKnownFileType = text.plist.entitlements; path = MiniBlocks.entitlements; sourceTree = "<group>"; };
		35E7F40A278682C60067F0F7 /* MiniBlocksScene.scn */ = {isa = PBXFileReference; lastKnownFileType = file.bplist; name = MiniBlocksScene.scn; path = ../../MiniBlocks.playground/Resources/MiniBlocksScene.scn; sourceTree = "<group>"; };
		35E7F40B278682C60067F0F7 /* TextureGrass.png */ = {isa = PBXFileReference; lastKnownFileType = image.png; name = TextureGrass.png; path = ../../MiniBlocks.playground/Resources/TextureGrass.png; sourceTree = "<group>"; };
		35E7F40F278682D40067F0F7 /* MiniBlocksViewController.swift */ = {isa = PBXFileReference; fileEncoding = 4; lastKnownFileType = sourcecode.swift; name = MiniBlocksViewController.swift; path = ../../MiniBlocks.playground/Sources/View/MiniBlocksViewController.swift; sourceTree = "<group>"; };
		35E7F411278683950067F0F7 /* main.swift */ = {isa = PBXFileReference; lastKnownFileType = sourcecode.swift; path = main.swift; sourceTree = "<group>"; };
		35E7F415278688180067F0F7 /* KeyCodes.swift */ = {isa = PBXFileReference; lastKnownFileType = sourcecode.swift; name = KeyCodes.swift; path = ../../MiniBlocks.playground/Sources/View/KeyCodes.swift; sourceTree = "<group>"; };
		35EA3517278895750066DD82 /* WorldLoadComponent.swift */ = {isa = PBXFileReference; lastKnownFileType = sourcecode.swift; name = WorldLoadComponent.swift; path = ../../MiniBlocks.playground/Sources/Component/WorldLoadComponent.swift; sourceTree = "<group>"; };
		35EA351B278895D60066DD82 /* WorldRetainComponent.swift */ = {isa = PBXFileReference; lastKnownFileType = sourcecode.swift; name = WorldRetainComponent.swift; path = ../../MiniBlocks.playground/Sources/Component/WorldRetainComponent.swift; sourceTree = "<group>"; };
		35EA352127889B200066DD82 /* ChunkPos.swift */ = {isa = PBXFileReference; fileEncoding = 4; lastKnownFileType = sourcecode.swift; name = ChunkPos.swift; path = ../../MiniBlocks.playground/Sources/Utils/ChunkPos.swift; sourceTree = "<group>"; };
		35EA352327889B560066DD82 /* ChunkConstants.swift */ = {isa = PBXFileReference; lastKnownFileType = sourcecode.swift; name = ChunkConstants.swift; path = ../../MiniBlocks.playground/Sources/Utils/ChunkConstants.swift; sourceTree = "<group>"; };
		35EA352527889CBE0066DD82 /* GridIterator2.swift */ = {isa = PBXFileReference; lastKnownFileType = sourcecode.swift; name = GridIterator2.swift; path = ../../MiniBlocks.playground/Sources/Utils/GridIterator2.swift; sourceTree = "<group>"; };
		35EA352B27889DA10066DD82 /* MiniBlocksTests.xctest */ = {isa = PBXFileReference; explicitFileType = wrapper.cfbundle; includeInIndex = 0; path = MiniBlocksTests.xctest; sourceTree = BUILT_PRODUCTS_DIR; };
		35EA353527889DD30066DD82 /* GridIterator2Tests.swift */ = {isa = PBXFileReference; lastKnownFileType = sourcecode.swift; path = GridIterator2Tests.swift; sourceTree = "<group>"; };
		35EA35372788A09E0066DD82 /* MathUtils.swift */ = {isa = PBXFileReference; lastKnownFileType = sourcecode.swift; name = MathUtils.swift; path = ../../MiniBlocks.playground/Sources/Utils/MathUtils.swift; sourceTree = "<group>"; };
		35EA35392788A1BF0066DD82 /* MathUtilsTests.swift */ = {isa = PBXFileReference; lastKnownFileType = sourcecode.swift; path = MathUtilsTests.swift; sourceTree = "<group>"; };
		35EA353B2788A2520066DD82 /* ChunkPosTests.swift */ = {isa = PBXFileReference; lastKnownFileType = sourcecode.swift; path = ChunkPosTests.swift; sourceTree = "<group>"; };
		35EA353D2788A57B0066DD82 /* WorldAssociationComponent.swift */ = {isa = PBXFileReference; fileEncoding = 4; lastKnownFileType = sourcecode.swift; name = WorldAssociationComponent.swift; path = ../../MiniBlocks.playground/Sources/Component/WorldAssociationComponent.swift; sourceTree = "<group>"; };
		35EA353F2788A5AF0066DD82 /* WorldGenerator.swift */ = {isa = PBXFileReference; lastKnownFileType = sourcecode.swift; name = WorldGenerator.swift; path = ../../MiniBlocks.playground/Sources/World/WorldGenerator.swift; sourceTree = "<group>"; };
		35EA35412788A6190066DD82 /* FlatWorldGenerator.swift */ = {isa = PBXFileReference; lastKnownFileType = sourcecode.swift; name = FlatWorldGenerator.swift; path = ../../MiniBlocks.playground/Sources/World/FlatWorldGenerator.swift; sourceTree = "<group>"; };
		35EA35432788A6380066DD82 /* EmptyWorldGenerator.swift */ = {isa = PBXFileReference; lastKnownFileType = sourcecode.swift; name = EmptyWorldGenerator.swift; path = ../../MiniBlocks.playground/Sources/World/EmptyWorldGenerator.swift; sourceTree = "<group>"; };
		35EA35452788A69A0066DD82 /* WavyHillsWorldGenerator.swift */ = {isa = PBXFileReference; lastKnownFileType = sourcecode.swift; name = WavyHillsWorldGenerator.swift; path = ../../MiniBlocks.playground/Sources/World/WavyHillsWorldGenerator.swift; sourceTree = "<group>"; };
		35EA35492788A8B00066DD82 /* ChunkRegion.swift */ = {isa = PBXFileReference; fileEncoding = 4; lastKnownFileType = sourcecode.swift; name = ChunkRegion.swift; path = ../../MiniBlocks.playground/Sources/Utils/ChunkRegion.swift; sourceTree = "<group>"; };
		35EA354B2788B1D30066DD82 /* Pos2.swift */ = {isa = PBXFileReference; lastKnownFileType = sourcecode.swift; name = Pos2.swift; path = ../../MiniBlocks.playground/Sources/Utils/Pos2.swift; sourceTree = "<group>"; };
		35EA354D2788B3870066DD82 /* Pos3.swift */ = {isa = PBXFileReference; lastKnownFileType = sourcecode.swift; name = Pos3.swift; path = ../../MiniBlocks.playground/Sources/Utils/Pos3.swift; sourceTree = "<group>"; };
		35EA354F2788B7840066DD82 /* WorldGeneratorType.swift */ = {isa = PBXFileReference; lastKnownFileType = sourcecode.swift; name = WorldGeneratorType.swift; path = ../../MiniBlocks.playground/Sources/World/WorldGeneratorType.swift; sourceTree = "<group>"; };
/* End PBXFileReference section */

/* Begin PBXFrameworksBuildPhase section */
		35391BA9278BC5A800B22954 /* Frameworks */ = {
			isa = PBXFrameworksBuildPhase;
			buildActionMask = 2147483647;
			files = (
			);
			runOnlyForDeploymentPostprocessing = 0;
		};
		35E7F3E327867ED10067F0F7 /* Frameworks */ = {
			isa = PBXFrameworksBuildPhase;
			buildActionMask = 2147483647;
			files = (
			);
			runOnlyForDeploymentPostprocessing = 0;
		};
		35EA352827889DA10066DD82 /* Frameworks */ = {
			isa = PBXFrameworksBuildPhase;
			buildActionMask = 2147483647;
			files = (
			);
			runOnlyForDeploymentPostprocessing = 0;
		};
/* End PBXFrameworksBuildPhase section */

/* Begin PBXGroup section */
		35391BAD278BC5A800B22954 /* MiniBlocksToGo */ = {
			isa = PBXGroup;
			children = (
				35391BAE278BC5A800B22954 /* AppDelegate.swift */,
				35391BF1278BC79A00B22954 /* SceneDelegate.swift */,
				35391BB7278BC5A900B22954 /* Assets.xcassets */,
				35391BB9278BC5A900B22954 /* LaunchScreen.storyboard */,
			);
			path = MiniBlocksToGo;
			sourceTree = "<group>";
		};
		35A0C27D27872CAB00FA8570 /* Entity */ = {
			isa = PBXGroup;
			children = (
				35A0C28927873DB300FA8570 /* WorldEntity.swift */,
				35A0C28F2787475600FA8570 /* PlayerEntity.swift */,
				35D9E8A0278887960058F0E6 /* SunEntity.swift */,
				35D9E8A2278888190058F0E6 /* AmbientLightEntity.swift */,
				352D7A432787B90A008FB939 /* CrosshairHUDEntity.swift */,
			);
			name = Entity;
			sourceTree = "<group>";
		};
		35A0C27E27872CB500FA8570 /* Component */ = {
			isa = PBXGroup;
			children = (
				35A0C28B27873F1400FA8570 /* SceneNodeComponent.swift */,
				352D7A412787B89B008FB939 /* SpriteNodeComponent.swift */,
				35A0C293278748EA00FA8570 /* PlayerControlComponent.swift */,
				352D7A3F2787B211008FB939 /* LookAtBlockComponent.swift */,
				35A0C295278752E900FA8570 /* GravityComponent.swift */,
				35A0C2A827875EC400FA8570 /* HeightAboveGroundComponent.swift */,
				35A0C2A627875C7300FA8570 /* WorldComponent.swift */,
				35EA353D2788A57B0066DD82 /* WorldAssociationComponent.swift */,
				35EA3517278895750066DD82 /* WorldLoadComponent.swift */,
				35EA351B278895D60066DD82 /* WorldRetainComponent.swift */,
			);
			name = Component;
			sourceTree = "<group>";
		};
		35A0C28427873D0400FA8570 /* Utils */ = {
			isa = PBXGroup;
			children = (
				35EA354B2788B1D30066DD82 /* Pos2.swift */,
				35EA354D2788B3870066DD82 /* Pos3.swift */,
				35A0C28527873D1100FA8570 /* GridPos3.swift */,
				35A0C2A2278757A700FA8570 /* GridPos2.swift */,
				35EA352127889B200066DD82 /* ChunkPos.swift */,
				35EA35492788A8B00066DD82 /* ChunkRegion.swift */,
				35EA352327889B560066DD82 /* ChunkConstants.swift */,
				35EA352527889CBE0066DD82 /* GridIterator2.swift */,
				35A0C28727873D2900FA8570 /* Box.swift */,
				35A0C297278753AE00FA8570 /* Throttler.swift */,
				3546255727878798000489E8 /* SceneKitUtils.swift */,
				352D7A452787BD70008FB939 /* CoreGraphicsUtils.swift */,
				35EA35372788A09E0066DD82 /* MathUtils.swift */,
				35391BF3278BC8ED00B22954 /* CompatibilityLayer.swift */,
			);
			name = Utils;
			sourceTree = "<group>";
		};
		35A0C2992787568300FA8570 /* World */ = {
			isa = PBXGroup;
			children = (
				35A0C29A2787569600FA8570 /* World.swift */,
				35EA353F2788A5AF0066DD82 /* WorldGenerator.swift */,
				35EA354F2788B7840066DD82 /* WorldGeneratorType.swift */,
				35EA35432788A6380066DD82 /* EmptyWorldGenerator.swift */,
				35EA35412788A6190066DD82 /* FlatWorldGenerator.swift */,
				35EA35452788A69A0066DD82 /* WavyHillsWorldGenerator.swift */,
				3584BE2C2789C1990037D0E0 /* OceanWorldGenerator.swift */,
				3584BE302789D3710037D0E0 /* NatureWorldGenerator.swift */,
				35A0C2A4278757EB00FA8570 /* Strip.swift */,
				35A0C29C278756BE00FA8570 /* Block.swift */,
				35A0C29E278756EC00FA8570 /* BlockType.swift */,
			);
			name = World;
			sourceTree = "<group>";
		};
		35E7F3DD27867ED10067F0F7 = {
			isa = PBXGroup;
			children = (
				35E7F3E827867ED10067F0F7 /* MiniBlocks */,
				35391BAD278BC5A800B22954 /* MiniBlocksToGo */,
				35EA352C27889DA10066DD82 /* MiniBlocksTests */,
				35E7F3E727867ED10067F0F7 /* Products */,
			);
			sourceTree = "<group>";
		};
		35E7F3E727867ED10067F0F7 /* Products */ = {
			isa = PBXGroup;
			children = (
				35E7F3E627867ED10067F0F7 /* MiniBlocks.app */,
				35EA352B27889DA10066DD82 /* MiniBlocksTests.xctest */,
				35391BAC278BC5A800B22954 /* MiniBlocks.app */,
			);
			name = Products;
			sourceTree = "<group>";
		};
		35E7F3E827867ED10067F0F7 /* MiniBlocks */ = {
			isa = PBXGroup;
			children = (
				35E7F408278682AA0067F0F7 /* PlaygroundSources */,
				35E7F409278682B10067F0F7 /* PlaygroundResources */,
				35E7F3E927867ED10067F0F7 /* AppDelegate.swift */,
				35E7F411278683950067F0F7 /* main.swift */,
				35E7F3EF27867ED20067F0F7 /* Assets.xcassets */,
				35E7F3F427867ED20067F0F7 /* MiniBlocks.entitlements */,
			);
			path = MiniBlocks;
			sourceTree = "<group>";
		};
		35E7F408278682AA0067F0F7 /* PlaygroundSources */ = {
			isa = PBXGroup;
			children = (
				35A0C28427873D0400FA8570 /* Utils */,
				35A0C2992787568300FA8570 /* World */,
				35A0C27E27872CB500FA8570 /* Component */,
				35A0C27D27872CAB00FA8570 /* Entity */,
				35E7F40E278682CC0067F0F7 /* View */,
			);
			name = PlaygroundSources;
			sourceTree = "<group>";
		};
		35E7F409278682B10067F0F7 /* PlaygroundResources */ = {
			isa = PBXGroup;
			children = (
				35E7F40A278682C60067F0F7 /* MiniBlocksScene.scn */,
				35E7F40B278682C60067F0F7 /* TextureGrass.png */,
				3584BE262789BFE40037D0E0 /* TextureSand.png */,
				3584BE272789BFE40037D0E0 /* TextureStone.png */,
				3584BE2A2789C1330037D0E0 /* TextureWater.png */,
				35D8D9EB278B3D5A0056ACAA /* TextureWood.png */,
				35D8D9ED278B3F470056ACAA /* TextureLeaves.png */,
				35391BA6278BBAA400B22954 /* TextureBedrock.png */,
			);
			name = PlaygroundResources;
			sourceTree = "<group>";
		};
		35E7F40E278682CC0067F0F7 /* View */ = {
			isa = PBXGroup;
			children = (
				35E7F40F278682D40067F0F7 /* MiniBlocksViewController.swift */,
				352D7A472787BF1C008FB939 /* MiniBlocksSceneView.swift */,
				35E7F415278688180067F0F7 /* KeyCodes.swift */,
			);
			name = View;
			sourceTree = "<group>";
		};
		35EA352C27889DA10066DD82 /* MiniBlocksTests */ = {
			isa = PBXGroup;
			children = (
				35EA353427889DBA0066DD82 /* Utils */,
			);
			path = MiniBlocksTests;
			sourceTree = "<group>";
		};
		35EA353427889DBA0066DD82 /* Utils */ = {
			isa = PBXGroup;
			children = (
				35EA353527889DD30066DD82 /* GridIterator2Tests.swift */,
				35EA35392788A1BF0066DD82 /* MathUtilsTests.swift */,
				35EA353B2788A2520066DD82 /* ChunkPosTests.swift */,
			);
			path = Utils;
			sourceTree = "<group>";
		};
/* End PBXGroup section */

/* Begin PBXNativeTarget section */
		35391BAB278BC5A800B22954 /* MiniBlocksToGo */ = {
			isa = PBXNativeTarget;
			buildConfigurationList = 35391BBC278BC5A900B22954 /* Build configuration list for PBXNativeTarget "MiniBlocksToGo" */;
			buildPhases = (
				35391BA8278BC5A800B22954 /* Sources */,
				35391BA9278BC5A800B22954 /* Frameworks */,
				35391BAA278BC5A800B22954 /* Resources */,
			);
			buildRules = (
			);
			dependencies = (
			);
			name = MiniBlocksToGo;
			productName = MiniBlocksToGo;
			productReference = 35391BAC278BC5A800B22954 /* MiniBlocks.app */;
			productType = "com.apple.product-type.application";
		};
		35E7F3E527867ED10067F0F7 /* MiniBlocks */ = {
			isa = PBXNativeTarget;
			buildConfigurationList = 35E7F3F727867ED20067F0F7 /* Build configuration list for PBXNativeTarget "MiniBlocks" */;
			buildPhases = (
				35E7F3E227867ED10067F0F7 /* Sources */,
				35E7F3E327867ED10067F0F7 /* Frameworks */,
				35E7F3E427867ED10067F0F7 /* Resources */,
			);
			buildRules = (
			);
			dependencies = (
			);
			name = MiniBlocks;
			productName = MiniBlocks;
			productReference = 35E7F3E627867ED10067F0F7 /* MiniBlocks.app */;
			productType = "com.apple.product-type.application";
		};
		35EA352A27889DA10066DD82 /* MiniBlocksTests */ = {
			isa = PBXNativeTarget;
			buildConfigurationList = 35EA353127889DA10066DD82 /* Build configuration list for PBXNativeTarget "MiniBlocksTests" */;
			buildPhases = (
				35EA352727889DA10066DD82 /* Sources */,
				35EA352827889DA10066DD82 /* Frameworks */,
				35EA352927889DA10066DD82 /* Resources */,
			);
			buildRules = (
			);
			dependencies = (
				35EA353027889DA10066DD82 /* PBXTargetDependency */,
			);
			name = MiniBlocksTests;
			productName = MiniBlocksTests;
			productReference = 35EA352B27889DA10066DD82 /* MiniBlocksTests.xctest */;
			productType = "com.apple.product-type.bundle.unit-test";
		};
/* End PBXNativeTarget section */

/* Begin PBXProject section */
		35E7F3DE27867ED10067F0F7 /* Project object */ = {
			isa = PBXProject;
			attributes = {
				BuildIndependentTargetsInParallel = 1;
				LastSwiftUpdateCheck = 1320;
				LastUpgradeCheck = 1320;
				TargetAttributes = {
					35391BAB278BC5A800B22954 = {
						CreatedOnToolsVersion = 13.2.1;
					};
					35E7F3E527867ED10067F0F7 = {
						CreatedOnToolsVersion = 13.2.1;
					};
					35EA352A27889DA10066DD82 = {
						CreatedOnToolsVersion = 13.2.1;
						TestTargetID = 35E7F3E527867ED10067F0F7;
					};
				};
			};
			buildConfigurationList = 35E7F3E127867ED10067F0F7 /* Build configuration list for PBXProject "MiniBlocks" */;
			compatibilityVersion = "Xcode 13.0";
			developmentRegion = en;
			hasScannedForEncodings = 0;
			knownRegions = (
				en,
				Base,
			);
			mainGroup = 35E7F3DD27867ED10067F0F7;
			productRefGroup = 35E7F3E727867ED10067F0F7 /* Products */;
			projectDirPath = "";
			projectRoot = "";
			targets = (
				35E7F3E527867ED10067F0F7 /* MiniBlocks */,
				35391BAB278BC5A800B22954 /* MiniBlocksToGo */,
				35EA352A27889DA10066DD82 /* MiniBlocksTests */,
			);
		};
/* End PBXProject section */

/* Begin PBXResourcesBuildPhase section */
		35391BAA278BC5A800B22954 /* Resources */ = {
			isa = PBXResourcesBuildPhase;
			buildActionMask = 2147483647;
			files = (
				35391BEB278BC5FB00B22954 /* TextureStone.png in Resources */,
				35391BBB278BC5A900B22954 /* LaunchScreen.storyboard in Resources */,
				35391BEF278BC5FB00B22954 /* TextureWood.png in Resources */,
				35391BF0278BC5FB00B22954 /* TextureBedrock.png in Resources */,
				35391BB8278BC5A900B22954 /* Assets.xcassets in Resources */,
				35391BEA278BC5FB00B22954 /* TextureLeaves.png in Resources */,
				35391BEE278BC5FB00B22954 /* TextureSand.png in Resources */,
				35391BED278BC5FB00B22954 /* TextureGrass.png in Resources */,
				35391BE9278BC5FB00B22954 /* MiniBlocksScene.scn in Resources */,
				35391BEC278BC5FB00B22954 /* TextureWater.png in Resources */,
			);
			runOnlyForDeploymentPostprocessing = 0;
		};
		35E7F3E427867ED10067F0F7 /* Resources */ = {
			isa = PBXResourcesBuildPhase;
			buildActionMask = 2147483647;
			files = (
				35D8D9EC278B3D5A0056ACAA /* TextureWood.png in Resources */,
				35391BA7278BBAA400B22954 /* TextureBedrock.png in Resources */,
				35E7F40D278682C60067F0F7 /* TextureGrass.png in Resources */,
				3584BE292789BFE40037D0E0 /* TextureStone.png in Resources */,
				3584BE282789BFE40037D0E0 /* TextureSand.png in Resources */,
				35E7F40C278682C60067F0F7 /* MiniBlocksScene.scn in Resources */,
				35D8D9EE278B3F470056ACAA /* TextureLeaves.png in Resources */,
				35E7F3F027867ED20067F0F7 /* Assets.xcassets in Resources */,
				3584BE2B2789C1330037D0E0 /* TextureWater.png in Resources */,
			);
			runOnlyForDeploymentPostprocessing = 0;
		};
		35EA352927889DA10066DD82 /* Resources */ = {
			isa = PBXResourcesBuildPhase;
			buildActionMask = 2147483647;
			files = (
			);
			runOnlyForDeploymentPostprocessing = 0;
		};
/* End PBXResourcesBuildPhase section */

/* Begin PBXSourcesBuildPhase section */
		35391BA8278BC5A800B22954 /* Sources */ = {
			isa = PBXSourcesBuildPhase;
			buildActionMask = 2147483647;
			files = (
				35391BDA278BC5EE00B22954 /* SpriteNodeComponent.swift in Sources */,
				35391BDF278BC5EE00B22954 /* WorldAssociationComponent.swift in Sources */,
				35391BE1278BC5F400B22954 /* WorldEntity.swift in Sources */,
				35391BC5278BC5D800B22954 /* Box.swift in Sources */,
				35391BCE278BC5E200B22954 /* BlockType.swift in Sources */,
				35391BC8278BC5D800B22954 /* ChunkConstants.swift in Sources */,
				35391BC3278BC5D800B22954 /* MathUtils.swift in Sources */,
				35391BD3278BC5E200B22954 /* WorldGeneratorType.swift in Sources */,
				35391BE0278BC5EE00B22954 /* WorldRetainComponent.swift in Sources */,
				35391BDE278BC5EE00B22954 /* WorldLoadComponent.swift in Sources */,
				35391BCC278BC5E200B22954 /* NatureWorldGenerator.swift in Sources */,
				35391BF5278BC8ED00B22954 /* CompatibilityLayer.swift in Sources */,
				35391BD8278BC5EE00B22954 /* GravityComponent.swift in Sources */,
				35391BD6278BC5E200B22954 /* WorldGenerator.swift in Sources */,
				35391BD5278BC5E200B22954 /* OceanWorldGenerator.swift in Sources */,
				35391BDC278BC5EE00B22954 /* WorldComponent.swift in Sources */,
				35391BCB278BC5D800B22954 /* CoreGraphicsUtils.swift in Sources */,
				35391BD0278BC5E200B22954 /* EmptyWorldGenerator.swift in Sources */,
				35391BC2278BC5D800B22954 /* GridIterator2.swift in Sources */,
				35391BD4278BC5E200B22954 /* FlatWorldGenerator.swift in Sources */,
				35391BE7278BC5F700B22954 /* KeyCodes.swift in Sources */,
				35391BF2278BC79A00B22954 /* SceneDelegate.swift in Sources */,
				35391BD9278BC5EE00B22954 /* SceneNodeComponent.swift in Sources */,
				35391BC0278BC5D800B22954 /* GridPos3.swift in Sources */,
				35391BC4278BC5D800B22954 /* GridPos2.swift in Sources */,
				35391BCA278BC5D800B22954 /* Pos2.swift in Sources */,
				35391BD2278BC5E200B22954 /* WavyHillsWorldGenerator.swift in Sources */,
				35391BD1278BC5E200B22954 /* World.swift in Sources */,
				35391BD7278BC5EE00B22954 /* LookAtBlockComponent.swift in Sources */,
				35391BCD278BC5E200B22954 /* Block.swift in Sources */,
				35391BC9278BC5D800B22954 /* ChunkPos.swift in Sources */,
				35391BC6278BC5D800B22954 /* Throttler.swift in Sources */,
				35391BE3278BC5F400B22954 /* PlayerEntity.swift in Sources */,
				35391BE2278BC5F400B22954 /* AmbientLightEntity.swift in Sources */,
				35391BE6278BC5F700B22954 /* MiniBlocksSceneView.swift in Sources */,
				35391BAF278BC5A800B22954 /* AppDelegate.swift in Sources */,
				35391BDB278BC5EE00B22954 /* HeightAboveGroundComponent.swift in Sources */,
				35391BBF278BC5D800B22954 /* ChunkRegion.swift in Sources */,
				35391BDD278BC5EE00B22954 /* PlayerControlComponent.swift in Sources */,
				35391BCF278BC5E200B22954 /* Strip.swift in Sources */,
				35391BE5278BC5F400B22954 /* CrosshairHUDEntity.swift in Sources */,
				35391BE4278BC5F400B22954 /* SunEntity.swift in Sources */,
				35391BC7278BC5D800B22954 /* SceneKitUtils.swift in Sources */,
				35391BC1278BC5D800B22954 /* Pos3.swift in Sources */,
				35391BE8278BC5F700B22954 /* MiniBlocksViewController.swift in Sources */,
			);
			runOnlyForDeploymentPostprocessing = 0;
		};
		35E7F3E227867ED10067F0F7 /* Sources */ = {
			isa = PBXSourcesBuildPhase;
			buildActionMask = 2147483647;
			files = (
				35E7F416278688180067F0F7 /* KeyCodes.swift in Sources */,
				35A0C28627873D1100FA8570 /* GridPos3.swift in Sources */,
				35EA353E2788A57C0066DD82 /* WorldAssociationComponent.swift in Sources */,
				35EA354E2788B3870066DD82 /* Pos3.swift in Sources */,
				35A0C2A3278757A700FA8570 /* GridPos2.swift in Sources */,
				35EA35382788A09E0066DD82 /* MathUtils.swift in Sources */,
				352D7A482787BF1C008FB939 /* MiniBlocksSceneView.swift in Sources */,
				35EA35442788A6380066DD82 /* EmptyWorldGenerator.swift in Sources */,
				35A0C28C27873F1400FA8570 /* SceneNodeComponent.swift in Sources */,
				35EA352427889B560066DD82 /* ChunkConstants.swift in Sources */,
				35EA354C2788B1D30066DD82 /* Pos2.swift in Sources */,
				35391BF4278BC8ED00B22954 /* CompatibilityLayer.swift in Sources */,
				35EA351C278895D60066DD82 /* WorldRetainComponent.swift in Sources */,
				35EA35422788A6190066DD82 /* FlatWorldGenerator.swift in Sources */,
				35A0C28A27873DB300FA8570 /* WorldEntity.swift in Sources */,
				35A0C2902787475600FA8570 /* PlayerEntity.swift in Sources */,
				3584BE312789D3710037D0E0 /* NatureWorldGenerator.swift in Sources */,
				35E7F3EA27867ED10067F0F7 /* AppDelegate.swift in Sources */,
				35A0C29F278756EC00FA8570 /* BlockType.swift in Sources */,
				352D7A422787B89B008FB939 /* SpriteNodeComponent.swift in Sources */,
				35EA354A2788A8B00066DD82 /* ChunkRegion.swift in Sources */,
				35A0C294278748EA00FA8570 /* PlayerControlComponent.swift in Sources */,
				35A0C28827873D2900FA8570 /* Box.swift in Sources */,
				352D7A402787B211008FB939 /* LookAtBlockComponent.swift in Sources */,
				35E7F410278682D40067F0F7 /* MiniBlocksViewController.swift in Sources */,
				35EA352627889CBE0066DD82 /* GridIterator2.swift in Sources */,
				35D9E8A3278888190058F0E6 /* AmbientLightEntity.swift in Sources */,
				35A0C298278753AE00FA8570 /* Throttler.swift in Sources */,
				35A0C296278752E900FA8570 /* GravityComponent.swift in Sources */,
				35A0C2A727875C7300FA8570 /* WorldComponent.swift in Sources */,
				3546255827878798000489E8 /* SceneKitUtils.swift in Sources */,
				35EA3518278895750066DD82 /* WorldLoadComponent.swift in Sources */,
				35A0C29D278756BE00FA8570 /* Block.swift in Sources */,
				35A0C2A5278757EB00FA8570 /* Strip.swift in Sources */,
				35A0C2A927875EC400FA8570 /* HeightAboveGroundComponent.swift in Sources */,
				35EA35462788A69A0066DD82 /* WavyHillsWorldGenerator.swift in Sources */,
				35EA35502788B7850066DD82 /* WorldGeneratorType.swift in Sources */,
				35D9E8A1278887960058F0E6 /* SunEntity.swift in Sources */,
				35EA352227889B200066DD82 /* ChunkPos.swift in Sources */,
				35A0C29B2787569600FA8570 /* World.swift in Sources */,
				3584BE2D2789C1990037D0E0 /* OceanWorldGenerator.swift in Sources */,
				352D7A462787BD70008FB939 /* CoreGraphicsUtils.swift in Sources */,
				35EA35402788A5AF0066DD82 /* WorldGenerator.swift in Sources */,
				35E7F412278683950067F0F7 /* main.swift in Sources */,
				352D7A442787B90A008FB939 /* CrosshairHUDEntity.swift in Sources */,
			);
			runOnlyForDeploymentPostprocessing = 0;
		};
		35EA352727889DA10066DD82 /* Sources */ = {
			isa = PBXSourcesBuildPhase;
			buildActionMask = 2147483647;
			files = (
				35EA353C2788A2520066DD82 /* ChunkPosTests.swift in Sources */,
				35EA353627889DD30066DD82 /* GridIterator2Tests.swift in Sources */,
				35EA353A2788A1BF0066DD82 /* MathUtilsTests.swift in Sources */,
			);
			runOnlyForDeploymentPostprocessing = 0;
		};
/* End PBXSourcesBuildPhase section */

/* Begin PBXTargetDependency section */
		35EA353027889DA10066DD82 /* PBXTargetDependency */ = {
			isa = PBXTargetDependency;
			target = 35E7F3E527867ED10067F0F7 /* MiniBlocks */;
			targetProxy = 35EA352F27889DA10066DD82 /* PBXContainerItemProxy */;
		};
/* End PBXTargetDependency section */

/* Begin PBXVariantGroup section */
		35391BB9278BC5A900B22954 /* LaunchScreen.storyboard */ = {
			isa = PBXVariantGroup;
			children = (
				35391BBA278BC5A900B22954 /* Base */,
			);
			name = LaunchScreen.storyboard;
			sourceTree = "<group>";
		};
/* End PBXVariantGroup section */

/* Begin XCBuildConfiguration section */
		35391BBD278BC5A900B22954 /* Debug */ = {
			isa = XCBuildConfiguration;
			buildSettings = {
				ASSETCATALOG_COMPILER_APPICON_NAME = AppIcon;
				ASSETCATALOG_COMPILER_GLOBAL_ACCENT_COLOR_NAME = AccentColor;
				CODE_SIGN_STYLE = Automatic;
				CURRENT_PROJECT_VERSION = 1;
				DEVELOPMENT_TEAM = SS8V8UGLY8;
				GENERATE_INFOPLIST_FILE = YES;
				INFOPLIST_KEY_UIApplicationSupportsIndirectInputEvents = YES;
				INFOPLIST_KEY_UILaunchStoryboardName = LaunchScreen;
				INFOPLIST_KEY_UIStatusBarHidden = YES;
				INFOPLIST_KEY_UISupportedInterfaceOrientations = "UIInterfaceOrientationLandscapeLeft UIInterfaceOrientationLandscapeRight";
				INFOPLIST_KEY_UISupportedInterfaceOrientations_iPad = "UIInterfaceOrientationPortrait UIInterfaceOrientationPortraitUpsideDown UIInterfaceOrientationLandscapeLeft UIInterfaceOrientationLandscapeRight";
				INFOPLIST_KEY_UISupportedInterfaceOrientations_iPhone = "UIInterfaceOrientationPortrait UIInterfaceOrientationLandscapeLeft UIInterfaceOrientationLandscapeRight";
				IPHONEOS_DEPLOYMENT_TARGET = 15.2;
				LD_RUNPATH_SEARCH_PATHS = (
					"$(inherited)",
					"@executable_path/Frameworks",
				);
				MARKETING_VERSION = 1.0;
				PRODUCT_BUNDLE_IDENTIFIER = com.fwcd.MiniBlocksToGo;
				PRODUCT_NAME = MiniBlocks;
				SDKROOT = iphoneos;
				SWIFT_EMIT_LOC_STRINGS = YES;
				SWIFT_VERSION = 5.0;
				TARGETED_DEVICE_FAMILY = "1,2";
			};
			name = Debug;
		};
		35391BBE278BC5A900B22954 /* Release */ = {
			isa = XCBuildConfiguration;
			buildSettings = {
				ASSETCATALOG_COMPILER_APPICON_NAME = AppIcon;
				ASSETCATALOG_COMPILER_GLOBAL_ACCENT_COLOR_NAME = AccentColor;
				CODE_SIGN_STYLE = Automatic;
				CURRENT_PROJECT_VERSION = 1;
				DEVELOPMENT_TEAM = SS8V8UGLY8;
				GENERATE_INFOPLIST_FILE = YES;
				INFOPLIST_KEY_UIApplicationSupportsIndirectInputEvents = YES;
				INFOPLIST_KEY_UILaunchStoryboardName = LaunchScreen;
				INFOPLIST_KEY_UIStatusBarHidden = YES;
				INFOPLIST_KEY_UISupportedInterfaceOrientations = "UIInterfaceOrientationLandscapeLeft UIInterfaceOrientationLandscapeRight";
				INFOPLIST_KEY_UISupportedInterfaceOrientations_iPad = "UIInterfaceOrientationPortrait UIInterfaceOrientationPortraitUpsideDown UIInterfaceOrientationLandscapeLeft UIInterfaceOrientationLandscapeRight";
				INFOPLIST_KEY_UISupportedInterfaceOrientations_iPhone = "UIInterfaceOrientationPortrait UIInterfaceOrientationLandscapeLeft UIInterfaceOrientationLandscapeRight";
				IPHONEOS_DEPLOYMENT_TARGET = 15.2;
				LD_RUNPATH_SEARCH_PATHS = (
					"$(inherited)",
					"@executable_path/Frameworks",
				);
				MARKETING_VERSION = 1.0;
				PRODUCT_BUNDLE_IDENTIFIER = com.fwcd.MiniBlocksToGo;
				PRODUCT_NAME = MiniBlocks;
				SDKROOT = iphoneos;
				SWIFT_EMIT_LOC_STRINGS = YES;
				SWIFT_VERSION = 5.0;
				TARGETED_DEVICE_FAMILY = "1,2";
				VALIDATE_PRODUCT = YES;
			};
			name = Release;
		};
		35E7F3F527867ED20067F0F7 /* Debug */ = {
			isa = XCBuildConfiguration;
			buildSettings = {
				ALWAYS_SEARCH_USER_PATHS = NO;
				CLANG_ANALYZER_NONNULL = YES;
				CLANG_ANALYZER_NUMBER_OBJECT_CONVERSION = YES_AGGRESSIVE;
				CLANG_CXX_LANGUAGE_STANDARD = "gnu++17";
				CLANG_CXX_LIBRARY = "libc++";
				CLANG_ENABLE_MODULES = YES;
				CLANG_ENABLE_OBJC_ARC = YES;
				CLANG_ENABLE_OBJC_WEAK = YES;
				CLANG_WARN_BLOCK_CAPTURE_AUTORELEASING = YES;
				CLANG_WARN_BOOL_CONVERSION = YES;
				CLANG_WARN_COMMA = YES;
				CLANG_WARN_CONSTANT_CONVERSION = YES;
				CLANG_WARN_DEPRECATED_OBJC_IMPLEMENTATIONS = YES;
				CLANG_WARN_DIRECT_OBJC_ISA_USAGE = YES_ERROR;
				CLANG_WARN_DOCUMENTATION_COMMENTS = YES;
				CLANG_WARN_EMPTY_BODY = YES;
				CLANG_WARN_ENUM_CONVERSION = YES;
				CLANG_WARN_INFINITE_RECURSION = YES;
				CLANG_WARN_INT_CONVERSION = YES;
				CLANG_WARN_NON_LITERAL_NULL_CONVERSION = YES;
				CLANG_WARN_OBJC_IMPLICIT_RETAIN_SELF = YES;
				CLANG_WARN_OBJC_LITERAL_CONVERSION = YES;
				CLANG_WARN_OBJC_ROOT_CLASS = YES_ERROR;
				CLANG_WARN_QUOTED_INCLUDE_IN_FRAMEWORK_HEADER = YES;
				CLANG_WARN_RANGE_LOOP_ANALYSIS = YES;
				CLANG_WARN_STRICT_PROTOTYPES = YES;
				CLANG_WARN_SUSPICIOUS_MOVE = YES;
				CLANG_WARN_UNGUARDED_AVAILABILITY = YES_AGGRESSIVE;
				CLANG_WARN_UNREACHABLE_CODE = YES;
				CLANG_WARN__DUPLICATE_METHOD_MATCH = YES;
				COPY_PHASE_STRIP = NO;
				DEBUG_INFORMATION_FORMAT = dwarf;
				ENABLE_STRICT_OBJC_MSGSEND = YES;
				ENABLE_TESTABILITY = YES;
				GCC_C_LANGUAGE_STANDARD = gnu11;
				GCC_DYNAMIC_NO_PIC = NO;
				GCC_NO_COMMON_BLOCKS = YES;
				GCC_OPTIMIZATION_LEVEL = 0;
				GCC_PREPROCESSOR_DEFINITIONS = (
					"DEBUG=1",
					"$(inherited)",
				);
				GCC_WARN_64_TO_32_BIT_CONVERSION = YES;
				GCC_WARN_ABOUT_RETURN_TYPE = YES_ERROR;
				GCC_WARN_UNDECLARED_SELECTOR = YES;
				GCC_WARN_UNINITIALIZED_AUTOS = YES_AGGRESSIVE;
				GCC_WARN_UNUSED_FUNCTION = YES;
				GCC_WARN_UNUSED_VARIABLE = YES;
				MACOSX_DEPLOYMENT_TARGET = 12.1;
				MTL_ENABLE_DEBUG_INFO = INCLUDE_SOURCE;
				MTL_FAST_MATH = YES;
				ONLY_ACTIVE_ARCH = YES;
				SDKROOT = macosx;
				SWIFT_ACTIVE_COMPILATION_CONDITIONS = DEBUG;
				SWIFT_OPTIMIZATION_LEVEL = "-Onone";
			};
			name = Debug;
		};
		35E7F3F627867ED20067F0F7 /* Release */ = {
			isa = XCBuildConfiguration;
			buildSettings = {
				ALWAYS_SEARCH_USER_PATHS = NO;
				CLANG_ANALYZER_NONNULL = YES;
				CLANG_ANALYZER_NUMBER_OBJECT_CONVERSION = YES_AGGRESSIVE;
				CLANG_CXX_LANGUAGE_STANDARD = "gnu++17";
				CLANG_CXX_LIBRARY = "libc++";
				CLANG_ENABLE_MODULES = YES;
				CLANG_ENABLE_OBJC_ARC = YES;
				CLANG_ENABLE_OBJC_WEAK = YES;
				CLANG_WARN_BLOCK_CAPTURE_AUTORELEASING = YES;
				CLANG_WARN_BOOL_CONVERSION = YES;
				CLANG_WARN_COMMA = YES;
				CLANG_WARN_CONSTANT_CONVERSION = YES;
				CLANG_WARN_DEPRECATED_OBJC_IMPLEMENTATIONS = YES;
				CLANG_WARN_DIRECT_OBJC_ISA_USAGE = YES_ERROR;
				CLANG_WARN_DOCUMENTATION_COMMENTS = YES;
				CLANG_WARN_EMPTY_BODY = YES;
				CLANG_WARN_ENUM_CONVERSION = YES;
				CLANG_WARN_INFINITE_RECURSION = YES;
				CLANG_WARN_INT_CONVERSION = YES;
				CLANG_WARN_NON_LITERAL_NULL_CONVERSION = YES;
				CLANG_WARN_OBJC_IMPLICIT_RETAIN_SELF = YES;
				CLANG_WARN_OBJC_LITERAL_CONVERSION = YES;
				CLANG_WARN_OBJC_ROOT_CLASS = YES_ERROR;
				CLANG_WARN_QUOTED_INCLUDE_IN_FRAMEWORK_HEADER = YES;
				CLANG_WARN_RANGE_LOOP_ANALYSIS = YES;
				CLANG_WARN_STRICT_PROTOTYPES = YES;
				CLANG_WARN_SUSPICIOUS_MOVE = YES;
				CLANG_WARN_UNGUARDED_AVAILABILITY = YES_AGGRESSIVE;
				CLANG_WARN_UNREACHABLE_CODE = YES;
				CLANG_WARN__DUPLICATE_METHOD_MATCH = YES;
				COPY_PHASE_STRIP = NO;
				DEBUG_INFORMATION_FORMAT = "dwarf-with-dsym";
				ENABLE_NS_ASSERTIONS = NO;
				ENABLE_STRICT_OBJC_MSGSEND = YES;
				GCC_C_LANGUAGE_STANDARD = gnu11;
				GCC_NO_COMMON_BLOCKS = YES;
				GCC_WARN_64_TO_32_BIT_CONVERSION = YES;
				GCC_WARN_ABOUT_RETURN_TYPE = YES_ERROR;
				GCC_WARN_UNDECLARED_SELECTOR = YES;
				GCC_WARN_UNINITIALIZED_AUTOS = YES_AGGRESSIVE;
				GCC_WARN_UNUSED_FUNCTION = YES;
				GCC_WARN_UNUSED_VARIABLE = YES;
				MACOSX_DEPLOYMENT_TARGET = 12.1;
				MTL_ENABLE_DEBUG_INFO = NO;
				MTL_FAST_MATH = YES;
				SDKROOT = macosx;
				SWIFT_COMPILATION_MODE = wholemodule;
				SWIFT_OPTIMIZATION_LEVEL = "-O";
			};
			name = Release;
		};
		35E7F3F827867ED20067F0F7 /* Debug */ = {
			isa = XCBuildConfiguration;
			buildSettings = {
				ASSETCATALOG_COMPILER_APPICON_NAME = AppIcon;
				ASSETCATALOG_COMPILER_GLOBAL_ACCENT_COLOR_NAME = AccentColor;
				CODE_SIGN_ENTITLEMENTS = MiniBlocks/MiniBlocks.entitlements;
				CODE_SIGN_STYLE = Automatic;
				COMBINE_HIDPI_IMAGES = YES;
				CURRENT_PROJECT_VERSION = 1;
				DEVELOPMENT_TEAM = SS8V8UGLY8;
				ENABLE_HARDENED_RUNTIME = YES;
				GENERATE_INFOPLIST_FILE = YES;
				INFOPLIST_KEY_NSHumanReadableCopyright = "";
				INFOPLIST_KEY_NSPrincipalClass = NSApplication;
				LD_RUNPATH_SEARCH_PATHS = (
					"$(inherited)",
					"@executable_path/../Frameworks",
				);
				MARKETING_VERSION = 1.0;
				PRODUCT_BUNDLE_IDENTIFIER = com.fwcd.MiniBlocks;
				PRODUCT_NAME = "$(TARGET_NAME)";
				SWIFT_EMIT_LOC_STRINGS = YES;
				SWIFT_VERSION = 5.0;
			};
			name = Debug;
		};
		35E7F3F927867ED20067F0F7 /* Release */ = {
			isa = XCBuildConfiguration;
			buildSettings = {
				ASSETCATALOG_COMPILER_APPICON_NAME = AppIcon;
				ASSETCATALOG_COMPILER_GLOBAL_ACCENT_COLOR_NAME = AccentColor;
				CODE_SIGN_ENTITLEMENTS = MiniBlocks/MiniBlocks.entitlements;
				CODE_SIGN_STYLE = Automatic;
				COMBINE_HIDPI_IMAGES = YES;
				CURRENT_PROJECT_VERSION = 1;
				DEVELOPMENT_TEAM = SS8V8UGLY8;
				ENABLE_HARDENED_RUNTIME = YES;
				GENERATE_INFOPLIST_FILE = YES;
				INFOPLIST_KEY_NSHumanReadableCopyright = "";
				INFOPLIST_KEY_NSPrincipalClass = NSApplication;
				LD_RUNPATH_SEARCH_PATHS = (
					"$(inherited)",
					"@executable_path/../Frameworks",
				);
				MARKETING_VERSION = 1.0;
				PRODUCT_BUNDLE_IDENTIFIER = com.fwcd.MiniBlocks;
				PRODUCT_NAME = "$(TARGET_NAME)";
				SWIFT_EMIT_LOC_STRINGS = YES;
				SWIFT_VERSION = 5.0;
			};
			name = Release;
		};
		35EA353227889DA10066DD82 /* Debug */ = {
			isa = XCBuildConfiguration;
			buildSettings = {
				BUNDLE_LOADER = "$(TEST_HOST)";
				CODE_SIGN_STYLE = Automatic;
				CURRENT_PROJECT_VERSION = 1;
				DEVELOPMENT_TEAM = SS8V8UGLY8;
				GENERATE_INFOPLIST_FILE = YES;
				MARKETING_VERSION = 1.0;
				PRODUCT_BUNDLE_IDENTIFIER = com.fwcd.MiniBlocksTests;
				PRODUCT_NAME = "$(TARGET_NAME)";
				SWIFT_EMIT_LOC_STRINGS = NO;
				SWIFT_VERSION = 5.0;
				TEST_HOST = "$(BUILT_PRODUCTS_DIR)/MiniBlocks.app/Contents/MacOS/MiniBlocks";
			};
			name = Debug;
		};
		35EA353327889DA10066DD82 /* Release */ = {
			isa = XCBuildConfiguration;
			buildSettings = {
				BUNDLE_LOADER = "$(TEST_HOST)";
				CODE_SIGN_STYLE = Automatic;
				CURRENT_PROJECT_VERSION = 1;
				DEVELOPMENT_TEAM = SS8V8UGLY8;
				GENERATE_INFOPLIST_FILE = YES;
				MARKETING_VERSION = 1.0;
				PRODUCT_BUNDLE_IDENTIFIER = com.fwcd.MiniBlocksTests;
				PRODUCT_NAME = "$(TARGET_NAME)";
				SWIFT_EMIT_LOC_STRINGS = NO;
				SWIFT_VERSION = 5.0;
				TEST_HOST = "$(BUILT_PRODUCTS_DIR)/MiniBlocks.app/Contents/MacOS/MiniBlocks";
			};
			name = Release;
		};
/* End XCBuildConfiguration section */

/* Begin XCConfigurationList section */
		35391BBC278BC5A900B22954 /* Build configuration list for PBXNativeTarget "MiniBlocksToGo" */ = {
			isa = XCConfigurationList;
			buildConfigurations = (
				35391BBD278BC5A900B22954 /* Debug */,
				35391BBE278BC5A900B22954 /* Release */,
			);
			defaultConfigurationIsVisible = 0;
			defaultConfigurationName = Release;
		};
		35E7F3E127867ED10067F0F7 /* Build configuration list for PBXProject "MiniBlocks" */ = {
			isa = XCConfigurationList;
			buildConfigurations = (
				35E7F3F527867ED20067F0F7 /* Debug */,
				35E7F3F627867ED20067F0F7 /* Release */,
			);
			defaultConfigurationIsVisible = 0;
			defaultConfigurationName = Release;
		};
		35E7F3F727867ED20067F0F7 /* Build configuration list for PBXNativeTarget "MiniBlocks" */ = {
			isa = XCConfigurationList;
			buildConfigurations = (
				35E7F3F827867ED20067F0F7 /* Debug */,
				35E7F3F927867ED20067F0F7 /* Release */,
			);
			defaultConfigurationIsVisible = 0;
			defaultConfigurationName = Release;
		};
		35EA353127889DA10066DD82 /* Build configuration list for PBXNativeTarget "MiniBlocksTests" */ = {
			isa = XCConfigurationList;
			buildConfigurations = (
				35EA353227889DA10066DD82 /* Debug */,
				35EA353327889DA10066DD82 /* Release */,
			);
			defaultConfigurationIsVisible = 0;
			defaultConfigurationName = Release;
		};
/* End XCConfigurationList section */
	};
	rootObject = 35E7F3DE27867ED10067F0F7 /* Project object */;
}
